{
  "version": 4,
  "terraform_version": "1.1.7",
  "serial": 2708,
  "lineage": "89561d0b-1a61-e900-2508-2443c9716a76",
  "outputs": {
    "DnsName": {
      "value": "busybee-ALB-1785266080.us-east-1.elb.amazonaws.com",
      "type": "string"
    },
    "default_security_group_id": {
      "value": "sg-0e0c5775d4d2c0076",
      "type": "string"
    },
    "dhcp_options_id": {
      "value": "dopt-05751353b2ae3fe33",
      "type": "string"
    },
    "nacl_id": {
      "value": "acl-0e0815d65d5c9feee",
      "type": "string"
    },
    "route_table_id": {
      "value": "rtb-0c45182be89b1de98",
      "type": "string"
    },
    "tenancy": {
      "value": "default",
      "type": "string"
    },
    "vpc_id": {
      "value": "vpc-029243fde226ae0f1",
      "type": "string"
    }
  },
  "resources": [
    {
      "module": "module.compute",
      "mode": "data",
      "type": "aws_ami",
      "name": "linux2",
      "provider": "provider[\"registry.terraform.io/hashicorp/aws\"].source",
      "instances": [
        {
          "schema_version": 0,
          "attributes": {
            "architecture": "x86_64",
            "arn": "arn:aws:ec2:us-east-1::image/ami-0c4e4b4eb2e11d1d4",
            "block_device_mappings": [
              {
                "device_name": "/dev/xvda",
                "ebs": {
                  "delete_on_termination": "true",
                  "encrypted": "false",
                  "iops": "0",
                  "snapshot_id": "snap-079f0214a68e0b6db",
                  "throughput": "0",
                  "volume_size": "8",
                  "volume_type": "gp2"
                },
                "no_device": "",
                "virtual_name": ""
              }
            ],
            "boot_mode": "",
            "creation_date": "2022-10-13T21:02:22.000Z",
            "deprecation_time": "2024-10-13T21:02:22.000Z",
            "description": "Amazon Linux 2 AMI 2.0.20221004.0 x86_64 HVM gp2",
            "ena_support": true,
            "executable_users": null,
            "filter": [
              {
                "name": "name",
                "values": [
                  "amzn2-ami-hvm-2.0.*"
                ]
              },
              {
                "name": "virtualization-type",
                "values": [
                  "hvm"
                ]
              }
            ],
            "hypervisor": "xen",
            "id": "ami-0c4e4b4eb2e11d1d4",
            "image_id": "ami-0c4e4b4eb2e11d1d4",
            "image_location": "amazon/amzn2-ami-hvm-2.0.20221004.0-x86_64-gp2",
            "image_owner_alias": "amazon",
            "image_type": "machine",
            "imds_support": "",
            "include_deprecated": false,
            "kernel_id": "",
            "most_recent": true,
            "name": "amzn2-ami-hvm-2.0.20221004.0-x86_64-gp2",
            "name_regex": null,
            "owner_id": "137112412989",
            "owners": [
              "amazon"
            ],
            "platform": "",
            "platform_details": "Linux/UNIX",
            "product_codes": [],
            "public": true,
            "ramdisk_id": "",
            "root_device_name": "/dev/xvda",
            "root_device_type": "ebs",
            "root_snapshot_id": "snap-079f0214a68e0b6db",
            "sriov_net_support": "simple",
            "state": "available",
            "state_reason": {
              "code": "UNSET",
              "message": "UNSET"
            },
            "tags": {},
            "timeouts": null,
            "tpm_support": "",
            "usage_operation": "RunInstances",
            "virtualization_type": "hvm"
          },
          "sensitive_attributes": []
        }
      ]
    },
    {
      "module": "module.compute",
      "mode": "managed",
      "type": "aws_instance",
      "name": "BastionHostA",
      "provider": "provider[\"registry.terraform.io/hashicorp/aws\"].source",
      "instances": [
        {
          "schema_version": 1,
          "attributes": {
            "ami": "ami-0c4e4b4eb2e11d1d4",
            "arn": "arn:aws:ec2:us-east-1:764364320071:instance/i-013dcf7f94268c874",
            "associate_public_ip_address": true,
            "availability_zone": "us-east-1a",
            "capacity_reservation_specification": [
              {
                "capacity_reservation_preference": "open",
                "capacity_reservation_target": []
              }
            ],
            "cpu_core_count": 1,
            "cpu_threads_per_core": 2,
            "credit_specification": [
              {
                "cpu_credits": "unlimited"
              }
            ],
            "disable_api_stop": false,
            "disable_api_termination": false,
            "ebs_block_device": [],
            "ebs_optimized": false,
            "enclave_options": [
              {
                "enabled": false
              }
            ],
            "ephemeral_block_device": [],
            "get_password_data": false,
            "hibernation": false,
            "host_id": null,
            "host_resource_group_arn": null,
            "iam_instance_profile": "",
            "id": "i-013dcf7f94268c874",
            "instance_initiated_shutdown_behavior": "stop",
            "instance_state": "running",
            "instance_type": "t3.micro",
            "ipv6_address_count": 0,
            "ipv6_addresses": [],
            "key_name": "myLabKeyPair",
            "launch_template": [],
            "maintenance_options": [
              {
                "auto_recovery": "default"
              }
            ],
            "metadata_options": [
              {
                "http_endpoint": "enabled",
                "http_put_response_hop_limit": 1,
                "http_tokens": "optional",
                "instance_metadata_tags": "disabled"
              }
            ],
            "monitoring": false,
            "network_interface": [],
            "outpost_arn": "",
            "password_data": "",
            "placement_group": "",
            "placement_partition_number": null,
            "primary_network_interface_id": "eni-0f351fd81eeeedfee",
            "private_dns": "ip-172-16-1-101.ec2.internal",
            "private_dns_name_options": [
              {
                "enable_resource_name_dns_a_record": false,
                "enable_resource_name_dns_aaaa_record": false,
                "hostname_type": "ip-name"
              }
            ],
            "private_ip": "172.16.1.101",
            "public_dns": "ec2-52-90-206-108.compute-1.amazonaws.com",
            "public_ip": "52.90.206.108",
            "root_block_device": [
              {
                "delete_on_termination": true,
                "device_name": "/dev/xvda",
                "encrypted": false,
                "iops": 100,
                "kms_key_id": "",
                "tags": null,
                "throughput": 0,
                "volume_id": "vol-0082b1a5f0f28b87c",
                "volume_size": 8,
                "volume_type": "gp2"
              }
            ],
            "secondary_private_ips": [],
            "security_groups": [],
            "source_dest_check": true,
            "subnet_id": "subnet-06d2e4f5aa32bf154",
            "tags": {
              "Name": "BastionHostA"
            },
            "tags_all": {
              "Name": "BastionHostA"
            },
            "tenancy": "default",
            "timeouts": null,
            "user_data": null,
            "user_data_base64": null,
            "user_data_replace_on_change": false,
            "volume_tags": null,
            "vpc_security_group_ids": [
              "sg-0d582161f9f7b9ff9"
            ]
          },
          "sensitive_attributes": [],
          "private": "eyJlMmJmYjczMC1lY2FhLTExZTYtOGY4OC0zNDM2M2JjN2M0YzAiOnsiY3JlYXRlIjo2MDAwMDAwMDAwMDAsImRlbGV0ZSI6MTIwMDAwMDAwMDAwMCwidXBkYXRlIjo2MDAwMDAwMDAwMDB9LCJzY2hlbWFfdmVyc2lvbiI6IjEifQ==",
          "dependencies": [
            "module.compute.aws_key_pair.myKeyPair",
            "module.compute.data.aws_ami.linux2",
            "module.compute.tls_private_key.tls_connector",
            "module.network.aws_subnet.publicA",
            "module.network.aws_vpc.main",
            "module.security.aws_security_group.BastionSG"
          ]
        }
      ]
    },
    {
      "module": "module.compute",
      "mode": "managed",
      "type": "aws_instance",
      "name": "BastionHostB",
      "provider": "provider[\"registry.terraform.io/hashicorp/aws\"].source",
      "instances": [
        {
          "schema_version": 1,
          "attributes": {
            "ami": "ami-0c4e4b4eb2e11d1d4",
            "arn": "arn:aws:ec2:us-east-1:764364320071:instance/i-04fab66cf83ae403a",
            "associate_public_ip_address": true,
            "availability_zone": "us-east-1b",
            "capacity_reservation_specification": [
              {
                "capacity_reservation_preference": "open",
                "capacity_reservation_target": []
              }
            ],
            "cpu_core_count": 1,
            "cpu_threads_per_core": 2,
            "credit_specification": [
              {
                "cpu_credits": "unlimited"
              }
            ],
            "disable_api_stop": false,
            "disable_api_termination": false,
            "ebs_block_device": [],
            "ebs_optimized": false,
            "enclave_options": [
              {
                "enabled": false
              }
            ],
            "ephemeral_block_device": [],
            "get_password_data": false,
            "hibernation": false,
            "host_id": null,
            "host_resource_group_arn": null,
            "iam_instance_profile": "",
            "id": "i-04fab66cf83ae403a",
            "instance_initiated_shutdown_behavior": "stop",
            "instance_state": "running",
            "instance_type": "t3.micro",
            "ipv6_address_count": 0,
            "ipv6_addresses": [],
            "key_name": "myLabKeyPair",
            "launch_template": [],
            "maintenance_options": [
              {
                "auto_recovery": "default"
              }
            ],
            "metadata_options": [
              {
                "http_endpoint": "enabled",
                "http_put_response_hop_limit": 1,
                "http_tokens": "optional",
                "instance_metadata_tags": "disabled"
              }
            ],
            "monitoring": false,
            "network_interface": [],
            "outpost_arn": "",
            "password_data": "",
            "placement_group": "",
            "placement_partition_number": null,
            "primary_network_interface_id": "eni-0830471d5fce22d15",
            "private_dns": "ip-172-16-2-51.ec2.internal",
            "private_dns_name_options": [
              {
                "enable_resource_name_dns_a_record": false,
                "enable_resource_name_dns_aaaa_record": false,
                "hostname_type": "ip-name"
              }
            ],
            "private_ip": "172.16.2.51",
            "public_dns": "ec2-44-204-108-161.compute-1.amazonaws.com",
            "public_ip": "44.204.108.161",
            "root_block_device": [
              {
                "delete_on_termination": true,
                "device_name": "/dev/xvda",
                "encrypted": false,
                "iops": 100,
                "kms_key_id": "",
                "tags": null,
                "throughput": 0,
                "volume_id": "vol-0b56df848522fb41e",
                "volume_size": 8,
                "volume_type": "gp2"
              }
            ],
            "secondary_private_ips": [],
            "security_groups": [],
            "source_dest_check": true,
            "subnet_id": "subnet-0e25a80da807847f0",
            "tags": {
              "Name": "BastionHostB"
            },
            "tags_all": {
              "Name": "BastionHostB"
            },
            "tenancy": "default",
            "timeouts": null,
            "user_data": null,
            "user_data_base64": null,
            "user_data_replace_on_change": false,
            "volume_tags": null,
            "vpc_security_group_ids": [
              "sg-0d582161f9f7b9ff9"
            ]
          },
          "sensitive_attributes": [],
          "private": "eyJlMmJmYjczMC1lY2FhLTExZTYtOGY4OC0zNDM2M2JjN2M0YzAiOnsiY3JlYXRlIjo2MDAwMDAwMDAwMDAsImRlbGV0ZSI6MTIwMDAwMDAwMDAwMCwidXBkYXRlIjo2MDAwMDAwMDAwMDB9LCJzY2hlbWFfdmVyc2lvbiI6IjEifQ==",
          "dependencies": [
            "module.compute.aws_key_pair.myKeyPair",
            "module.compute.data.aws_ami.linux2",
            "module.compute.tls_private_key.tls_connector",
            "module.network.aws_subnet.publicB",
            "module.network.aws_vpc.main",
            "module.security.aws_security_group.BastionSG"
          ]
        }
      ]
    },
    {
      "module": "module.compute",
      "mode": "managed",
      "type": "aws_instance",
      "name": "BastionHostC",
      "provider": "provider[\"registry.terraform.io/hashicorp/aws\"].source",
      "instances": [
        {
          "schema_version": 1,
          "attributes": {
            "ami": "ami-0c4e4b4eb2e11d1d4",
            "arn": "arn:aws:ec2:us-east-1:764364320071:instance/i-0980676aa19e1c2db",
            "associate_public_ip_address": true,
            "availability_zone": "us-east-1c",
            "capacity_reservation_specification": [
              {
                "capacity_reservation_preference": "open",
                "capacity_reservation_target": []
              }
            ],
            "cpu_core_count": 1,
            "cpu_threads_per_core": 2,
            "credit_specification": [
              {
                "cpu_credits": "unlimited"
              }
            ],
            "disable_api_stop": false,
            "disable_api_termination": false,
            "ebs_block_device": [],
            "ebs_optimized": false,
            "enclave_options": [
              {
                "enabled": false
              }
            ],
            "ephemeral_block_device": [],
            "get_password_data": false,
            "hibernation": false,
            "host_id": null,
            "host_resource_group_arn": null,
            "iam_instance_profile": "",
            "id": "i-0980676aa19e1c2db",
            "instance_initiated_shutdown_behavior": "stop",
            "instance_state": "running",
            "instance_type": "t3.micro",
            "ipv6_address_count": 0,
            "ipv6_addresses": [],
            "key_name": "myLabKeyPair",
            "launch_template": [],
            "maintenance_options": [
              {
                "auto_recovery": "default"
              }
            ],
            "metadata_options": [
              {
                "http_endpoint": "enabled",
                "http_put_response_hop_limit": 1,
                "http_tokens": "optional",
                "instance_metadata_tags": "disabled"
              }
            ],
            "monitoring": false,
            "network_interface": [],
            "outpost_arn": "",
            "password_data": "",
            "placement_group": "",
            "placement_partition_number": null,
            "primary_network_interface_id": "eni-09e659ba267753609",
            "private_dns": "ip-172-16-3-205.ec2.internal",
            "private_dns_name_options": [
              {
                "enable_resource_name_dns_a_record": false,
                "enable_resource_name_dns_aaaa_record": false,
                "hostname_type": "ip-name"
              }
            ],
            "private_ip": "172.16.3.205",
            "public_dns": "ec2-107-23-252-52.compute-1.amazonaws.com",
            "public_ip": "107.23.252.52",
            "root_block_device": [
              {
                "delete_on_termination": true,
                "device_name": "/dev/xvda",
                "encrypted": false,
                "iops": 100,
                "kms_key_id": "",
                "tags": null,
                "throughput": 0,
                "volume_id": "vol-0b41f65fc3bfd5671",
                "volume_size": 8,
                "volume_type": "gp2"
              }
            ],
            "secondary_private_ips": [],
            "security_groups": [],
            "source_dest_check": true,
            "subnet_id": "subnet-0d25e875a76d5dba8",
            "tags": {
              "Name": "BastionHostC"
            },
            "tags_all": {
              "Name": "BastionHostC"
            },
            "tenancy": "default",
            "timeouts": null,
            "user_data": null,
            "user_data_base64": null,
            "user_data_replace_on_change": false,
            "volume_tags": null,
            "vpc_security_group_ids": [
              "sg-0d582161f9f7b9ff9"
            ]
          },
          "sensitive_attributes": [],
          "private": "eyJlMmJmYjczMC1lY2FhLTExZTYtOGY4OC0zNDM2M2JjN2M0YzAiOnsiY3JlYXRlIjo2MDAwMDAwMDAwMDAsImRlbGV0ZSI6MTIwMDAwMDAwMDAwMCwidXBkYXRlIjo2MDAwMDAwMDAwMDB9LCJzY2hlbWFfdmVyc2lvbiI6IjEifQ==",
          "dependencies": [
            "module.compute.aws_key_pair.myKeyPair",
            "module.compute.data.aws_ami.linux2",
            "module.compute.tls_private_key.tls_connector",
            "module.network.aws_subnet.publicC",
            "module.network.aws_vpc.main",
            "module.security.aws_security_group.BastionSG"
          ]
        }
      ]
    },
    {
      "module": "module.compute",
      "mode": "managed",
      "type": "aws_key_pair",
      "name": "myKeyPair",
      "provider": "provider[\"registry.terraform.io/hashicorp/aws\"].source",
      "instances": [
        {
          "schema_version": 1,
          "attributes": {
            "arn": "arn:aws:ec2:us-east-1:764364320071:key-pair/myLabKeyPair",
            "fingerprint": "9d:88:29:9f:ea:33:17:50:ef:35:81:ac:26:41:74:b5",
            "id": "myLabKeyPair",
            "key_name": "myLabKeyPair",
            "key_name_prefix": "",
            "key_pair_id": "key-07502a98531ac5b4e",
            "key_type": "rsa",
            "public_key": "ssh-rsa AAAAB3NzaC1yc2EAAAADAQABAAACAQCT8UBEfQGB9pXVNgiVVfpcogzTn06k8yx3UB9ZBRFULFVqFVs9Ef/7TuAVeDCNWHHnkWjkSEKCfcSu2ATjH5RbLlQnnTEVkDhifSBit/F+Ufle/KQoZaHeNR2sIfpoYW3ugY2gh9zy73UnsgasWxhQNQP7bsJhCs5K1ZHdlhFhmz/h7A2t4hQzLRujzWmpxeAxKwEuJ9qC/pjE2tDWuRJxTgulk8U7EgqWFinmRRD+u0N0M4k+DfCzCFutbS9FAsyrFvwY2A3IggoTu9wbtxnCQZTwlgpyZlSVj97poEnEfG78QqOp69Z/Vc8/mhB/2ara4WtkdBGSDTYWrBGhSCCE7JR778rvMRB/n+Qvm+prsIuPN0OmgJJY75REdMvzIF+aQ/xTDFt3NSy85GOb2iUmXfoKpMcmtRR2jcsEkl+6TXQJuv+HuvCP6vcf4m0tTvEpzM8iqJ62XtYgiR2gerbIHDpFlQTdzOoe/dBytgoY3vh7GUz1sc/sDADoaMzWvvt5H1CmIMrU/S5V0xFIMGangHqx7+t2l8OFEAv+gNVobbQ3+ggnkgyjuJjPxm4mjJ7xiAlv7GgF3NbLJX6pbO0ZDC/m17xQYmhKfuZF3dYKkjCkt0dKVsWyNsvS9ir+A21iJmY+mr83HSCOU3USPuzQBKlT7UHhHN3qZc7Pmae29Q==",
            "tags": null,
            "tags_all": {}
          },
          "sensitive_attributes": [],
          "private": "eyJzY2hlbWFfdmVyc2lvbiI6IjEifQ==",
          "dependencies": [
            "module.compute.tls_private_key.tls_connector"
          ],
          "create_before_destroy": true
        }
      ]
    },
    {
      "module": "module.compute",
      "mode": "managed",
      "type": "local_file",
      "name": "myLabKeyPairFile",
      "provider": "provider[\"registry.terraform.io/hashicorp/local\"]",
      "instances": [
        {
          "schema_version": 0,
          "attributes": {
            "content": "-----BEGIN RSA PRIVATE KEY-----\nMIIJKAIBAAKCAgEAk/FARH0BgfaV1TYIlVX6XKIM059OpPMsd1AfWQURVCxVahVb\nPRH/+07gFXgwjVhx55Fo5EhCgn3ErtgE4x+UWy5UJ50xFZA4Yn0gYrfxflH5Xvyk\nKGWh3jUdrCH6aGFt7oGNoIfc8u91J7IGrFsYUDUD+27CYQrOStWR3ZYRYZs/4ewN\nreIUMy0bo81pqcXgMSsBLifagv6YxNrQ1rkScU4LpZPFOxIKlhYp5kUQ/rtDdDOJ\nPg3wswhbrW0vRQLMqxb8GNgNyIIKE7vcG7cZwkGU8JYKcmZUlY/e6aBJxHxu/EKj\nqevWf1XPP5oQf9mq2uFrZHQRkg02FqwRoUgghOyUe+/K7zEQf5/kL5vqa7CLjzdD\npoCSWO+URHTL8yBfmkP8UwxbdzUsvORjm9olJl36CqTHJrUUdo3LBJJfuk10Cbr/\nh7rwj+r3H+JtLU7xKczPIqietl7WIIkdoHq2yBw6RZUE3czqHv3QcrYKGN74exlM\n9bHP7AwA6GjM1r77eR9QpiDK1P0uVdMRSDBmp4B6se/rdpfDhRAL/oDVaG20N/oI\nJ5IMo7iYz8ZuJoye8YgJb+xoBdzWyyV+qWztGQwv5te8UGJoSn7mRd3WCpIwpLdH\nSlbFsjbL0vYq/gNtYiZmPpq/Nx0gjlN1Ej7s0ASpU+1B4Rzd6mXOz5mntvUCAwEA\nAQKCAgBuHF+jGg9nNarrWB4nWCjRjWNSlv2n075Cx4WtchIlviGMpXyVBbKqz1gF\nYsFwUmXk3ttdHVMzYHxlTi7FBRoci2zjVyHTVNZCp7LVBuddB5I9WnisAIjrpEkD\ndv6zdeCmZhKNatHOlt9xvhUtb1e3St4944AVTj+gfzjj3e/t3+k6M8EyrFQwiuBJ\nmHeOftKQhduJCOygFvKJgftx9al+X4JXqJZhktoCP1jMJJezoJliAYGiiCmgdxYV\nDHDkQmMm7CKSMyx/EhqB+Y6nqi4n4TwDnQkFgJhwAPb+l+iPr7XDV64MqJWrjKiG\nRBsHrXB3HNQbni/9rouVcFhm3BIm+2ITDCJKE0HNr0ltNK7vCgBoEoNro3I3HA2z\n84b0XkEF/xEAfTsZ1jW7XA4w1FKAwtOrTMgSErw7Ms0q9Umf85csrIo5eSqx94Ny\nmI+1empsw+TnWj4/uFWCKNKhSQ0JYgde1qWG5608OsgZdpUa+tYF0TrY/a9EQfLT\nb9NWUYS3h+OIELDrkxpq98md9X9tb1CUPQWnzZuUB1eFTMGHQlDHgpwtpJesbZeu\nKbGsF9z+OMNAEW1CG0hSBSvEf3LDPBywWz3Zn86al/WzDF7AZY9xNGfU2Uvd9NVB\nE89mPxCLTKmuUpf6bxeZo8wCv2gMfC7wckRAeJjTyzuqSqSTuQKCAQEAwOf1O6FA\n5sY3R5k94iCPYaeFFYb/qj/uO7/LBH79xwO9E3+h40ocYpRaRWJ4HRW4I+hMHIPi\nL+v0mlZXOkWgPQyCaQMUH2vzZjtiyoaOiRx2sk5Oo7VDhJaPfxwk4A3gw6dcn+Q1\nufOugiB3tG6bYgsVZni0Xp74twlbRpYvgL+cYJ9V/1x76JU/b3XiX3uoAd7Jpu2G\niP/87rPOZY9ylmT53ZHCQ2ZN7Bak7K2mrZvM57M2IMOKAquAFtjj8vhdTvdsCbhS\nS45FpT1Gr6sdI0YSng1GeLs4u8le/JKqr9PvfgVxb2FbubPFixDWsoG1thIUU/cK\ndcF0M9+BE2DQDwKCAQEAxFR6nwQKBZSahuxLXZYSdyMtBHb5k6tyDHKtmZmH+rRL\nx8oV14sZNmCpUP8en784imL0jjpkwuMCqiKzUHUZq1ktrmymJBkZlWepK7+KmQg7\nPe5HjxyDtPf6Q95579ZktgVD45CgHIOGGG4yijTQvH/k24VMkF/JTtIiZsXV9Wyn\nuUVV3EuykDSKcA2HIwEL3bfR60o44vGqewd8uCPAhPwp2HeyK1fOIo75dQnfE8Bt\nOL0hIrRN9WJnVmnZMWhmzp0g5vxbZQ9kSCJ3yQDNBLEz/3ZylDGsKiNOwllosfAo\naM5T3rgnPcCwlLgLahncMqGNf2zamFNDFkzdZtiEuwKCAQEAlwYCbAi2svWD2b4T\nQLGVDzMDcfMavcMHVCe3XXG+ZMx8foNxzmv7BQJ4GdIZj0utug7nZ3uo3TOxcBMg\nfzJ7XNAqWORcIK13BRaBJWVqudVa6AV+c5Q5o9frx+vUwsSarxKb5WHY3hf1C1M3\n5D6jz4I14t+k9l8nAMWGfCCgV/+rAco8nYteRpxx6WU1MOOyiKRO4y0aIq+m6YpD\nkCdZ4nxzUhAHMpUpdCfWPqVE1K4hIVSgj84GgkiaI0jyTQo8otH59zIi25wq0k7C\nxE0GptL5SFvETEjnBb2Fa9+3Wahm2xaP1E84bI5dnZ41N9Ns23oUCBhkTASEYQge\nGXm16QKCAQB8aXRS9EJNiv/pZC/WHFWTPa03WRWK6GgbT0iHP22WB07GSl9Q+Yp+\nlP52n1SOsqRnvZFv170maqizm825vJsJpDd4gs09rtIxhUEEwhpYI4k3E5oxLEai\nFUp4W7E1tMyZM/jzaiCsMQR20s4gGpvz96/VFEGSc8CjvDGkotWU8sfOdguU0DtV\nepYHr+rk2bLlS6kwyxYFalM4J2R3Y+CJ5Sm3TRKQuNGdwLB/5EOCxrvv6pnm3g9Q\n4ozNi8Hgt2H+qD/DYEOiZQCNXZo+u80vngNvbWXqVxfclAdCzVm0+JUC5UzspBHp\n5gOAGqjREZYiV5HNH/Pd91VZ+leK5sYlAoIBAG8zkeyKpbDaPXMexgT8MlSl8Orl\nMbnSVW0zfSX3U+81W1AMAYMwxEvDfuO/dnx9wVZ3aPkuK095whIeGIipDqOP9gm7\nZmG3IbhW6Ql3vTGaie92YoufJFEzUAlluVsKxBiHNhwIM1vT/BT9S97nAeqtEOSk\nOmWsdfR7B7pdfxcSPoAG4qNE7Btikph7RZXHfxrfNpxRljMCpo2IjyaLKjozmaKv\nuR7Ke/bH6gtT91xjFlYPE6xKkgOwI+QM2GBMxGlz9QI+i1sNj3y8NH6d8vJ8lXtM\n/D9ioxhoCDKdxX2YaSlcuJtMUe8VxJEKOYdzcW6nHIRPYWrAdDoTpWxb9Pw=\n-----END RSA PRIVATE KEY-----\n",
            "content_base64": null,
            "directory_permission": "0777",
            "file_permission": "0777",
            "filename": "myLabKeyPair.pem",
            "id": "43f0148840fb0b8c707ab086beb31e15419f85ea",
            "sensitive_content": null,
            "source": null
          },
          "sensitive_attributes": [
            [
              {
                "type": "get_attr",
                "value": "content"
              }
            ]
          ],
          "private": "bnVsbA==",
          "dependencies": [
            "module.compute.tls_private_key.tls_connector"
          ]
        }
      ]
    },
    {
      "module": "module.compute",
      "mode": "managed",
      "type": "tls_private_key",
      "name": "tls_connector",
      "provider": "provider[\"registry.terraform.io/hashicorp/tls\"]",
      "instances": [
        {
          "schema_version": 1,
          "attributes": {
            "algorithm": "RSA",
            "ecdsa_curve": "P224",
            "id": "b4838a869417ed4ed45f869580655aea0b463597",
            "private_key_openssh": "-----BEGIN OPENSSH PRIVATE KEY-----\nb3BlbnNzaC1rZXktdjEAAAAABG5vbmUAAAAEbm9uZQAAAAAAAAABAAACFwAAAAdz\nc2gtcnNhAAAAAwEAAQAAAgEAk/FARH0BgfaV1TYIlVX6XKIM059OpPMsd1AfWQUR\nVCxVahVbPRH/+07gFXgwjVhx55Fo5EhCgn3ErtgE4x+UWy5UJ50xFZA4Yn0gYrfx\nflH5XvykKGWh3jUdrCH6aGFt7oGNoIfc8u91J7IGrFsYUDUD+27CYQrOStWR3ZYR\nYZs/4ewNreIUMy0bo81pqcXgMSsBLifagv6YxNrQ1rkScU4LpZPFOxIKlhYp5kUQ\n/rtDdDOJPg3wswhbrW0vRQLMqxb8GNgNyIIKE7vcG7cZwkGU8JYKcmZUlY/e6aBJ\nxHxu/EKjqevWf1XPP5oQf9mq2uFrZHQRkg02FqwRoUgghOyUe+/K7zEQf5/kL5vq\na7CLjzdDpoCSWO+URHTL8yBfmkP8UwxbdzUsvORjm9olJl36CqTHJrUUdo3LBJJf\nuk10Cbr/h7rwj+r3H+JtLU7xKczPIqietl7WIIkdoHq2yBw6RZUE3czqHv3QcrYK\nGN74exlM9bHP7AwA6GjM1r77eR9QpiDK1P0uVdMRSDBmp4B6se/rdpfDhRAL/oDV\naG20N/oIJ5IMo7iYz8ZuJoye8YgJb+xoBdzWyyV+qWztGQwv5te8UGJoSn7mRd3W\nCpIwpLdHSlbFsjbL0vYq/gNtYiZmPpq/Nx0gjlN1Ej7s0ASpU+1B4Rzd6mXOz5mn\ntvUAAAc4rihLNa4oSzUAAAAHc3NoLXJzYQAAAgEAk/FARH0BgfaV1TYIlVX6XKIM\n059OpPMsd1AfWQURVCxVahVbPRH/+07gFXgwjVhx55Fo5EhCgn3ErtgE4x+UWy5U\nJ50xFZA4Yn0gYrfxflH5XvykKGWh3jUdrCH6aGFt7oGNoIfc8u91J7IGrFsYUDUD\n+27CYQrOStWR3ZYRYZs/4ewNreIUMy0bo81pqcXgMSsBLifagv6YxNrQ1rkScU4L\npZPFOxIKlhYp5kUQ/rtDdDOJPg3wswhbrW0vRQLMqxb8GNgNyIIKE7vcG7cZwkGU\n8JYKcmZUlY/e6aBJxHxu/EKjqevWf1XPP5oQf9mq2uFrZHQRkg02FqwRoUgghOyU\ne+/K7zEQf5/kL5vqa7CLjzdDpoCSWO+URHTL8yBfmkP8UwxbdzUsvORjm9olJl36\nCqTHJrUUdo3LBJJfuk10Cbr/h7rwj+r3H+JtLU7xKczPIqietl7WIIkdoHq2yBw6\nRZUE3czqHv3QcrYKGN74exlM9bHP7AwA6GjM1r77eR9QpiDK1P0uVdMRSDBmp4B6\nse/rdpfDhRAL/oDVaG20N/oIJ5IMo7iYz8ZuJoye8YgJb+xoBdzWyyV+qWztGQwv\n5te8UGJoSn7mRd3WCpIwpLdHSlbFsjbL0vYq/gNtYiZmPpq/Nx0gjlN1Ej7s0ASp\nU+1B4Rzd6mXOz5mntvUAAAADAQABAAACAG4cX6MaD2c1qutYHidYKNGNY1KW/afT\nvkLHha1yEiW+IYylfJUFsqrPWAViwXBSZeTe210dUzNgfGVOLsUFGhyLbONXIdNU\n1kKnstUG510Hkj1aeKwAiOukSQN2/rN14KZmEo1q0c6W33G+FS1vV7dK3j3jgBVO\nP6B/OOPd7+3f6TozwTKsVDCK4EmYd45+0pCF24kI7KAW8omB+3H1qX5fgleolmGS\n2gI/WMwkl7OgmWIBgaKIKaB3FhUMcORCYybsIpIzLH8SGoH5jqeqLifhPAOdCQWA\nmHAA9v6X6I+vtcNXrgyolauMqIZEGwetcHcc1BueL/2ui5VwWGbcEib7YhMMIkoT\nQc2vSW00ru8KAGgSg2ujcjccDbPzhvReQQX/EQB9OxnWNbtcDjDUUoDC06tMyBIS\nvDsyzSr1SZ/zlyysijl5KrH3g3KYj7V6amzD5OdaPj+4VYIo0qFJDQliB17WpYbn\nrTw6yBl2lRr61gXROtj9r0RB8tNv01ZRhLeH44gQsOuTGmr3yZ31f21vUJQ9BafN\nm5QHV4VMwYdCUMeCnC2kl6xtl64psawX3P44w0ARbUIbSFIFK8R/csM8HLBbPdmf\nzpqX9bMMXsBlj3E0Z9TZS9301UETz2Y/EItMqa5Sl/pvF5mjzAK/aAx8LvByREB4\nmNPLO6pKpJO5AAABAG8zkeyKpbDaPXMexgT8MlSl8OrlMbnSVW0zfSX3U+81W1AM\nAYMwxEvDfuO/dnx9wVZ3aPkuK095whIeGIipDqOP9gm7ZmG3IbhW6Ql3vTGaie92\nYoufJFEzUAlluVsKxBiHNhwIM1vT/BT9S97nAeqtEOSkOmWsdfR7B7pdfxcSPoAG\n4qNE7Btikph7RZXHfxrfNpxRljMCpo2IjyaLKjozmaKvuR7Ke/bH6gtT91xjFlYP\nE6xKkgOwI+QM2GBMxGlz9QI+i1sNj3y8NH6d8vJ8lXtM/D9ioxhoCDKdxX2YaSlc\nuJtMUe8VxJEKOYdzcW6nHIRPYWrAdDoTpWxb9PwAAAEBAMDn9TuhQObGN0eZPeIg\nj2GnhRWG/6o/7ju/ywR+/ccDvRN/oeNKHGKUWkVieB0VuCPoTByD4i/r9JpWVzpF\noD0MgmkDFB9r82Y7YsqGjokcdrJOTqO1Q4SWj38cJOAN4MOnXJ/kNbnzroIgd7Ru\nm2ILFWZ4tF6e+LcJW0aWL4C/nGCfVf9ce+iVP2914l97qAHeyabthoj//O6zzmWP\ncpZk+d2RwkNmTewWpOytpq2bzOezNiDDigKrgBbY4/L4XU73bAm4UkuORaU9Rq+r\nHSNGEp4NRni7OLvJXvySqq/T734FcW9hW7mzxYsQ1rKBtbYSFFP3CnXBdDPfgRNg\n0A8AAAEBAMRUep8ECgWUmobsS12WEncjLQR2+ZOrcgxyrZmZh/q0S8fKFdeLGTZg\nqVD/Hp+/OIpi9I46ZMLjAqois1B1GatZLa5spiQZGZVnqSu/ipkIOz3uR48cg7T3\n+kPeee/WZLYFQ+OQoByDhhhuMoo00Lx/5NuFTJBfyU7SImbF1fVsp7lFVdxLspA0\ninANhyMBC9230etKOOLxqnsHfLgjwIT8Kdh3sitXziKO+XUJ3xPAbTi9ISK0TfVi\nZ1Zp2TFoZs6dIOb8W2UPZEgid8kAzQSxM/92cpQxrCojTsJZaLHwKGjOU964Jz3A\nsJS4C2oZ3DKhjX9s2phTQxZM3WbYhLsAAAAAAQID\n-----END OPENSSH PRIVATE KEY-----\n",
            "private_key_pem": "-----BEGIN RSA PRIVATE KEY-----\nMIIJKAIBAAKCAgEAk/FARH0BgfaV1TYIlVX6XKIM059OpPMsd1AfWQURVCxVahVb\nPRH/+07gFXgwjVhx55Fo5EhCgn3ErtgE4x+UWy5UJ50xFZA4Yn0gYrfxflH5Xvyk\nKGWh3jUdrCH6aGFt7oGNoIfc8u91J7IGrFsYUDUD+27CYQrOStWR3ZYRYZs/4ewN\nreIUMy0bo81pqcXgMSsBLifagv6YxNrQ1rkScU4LpZPFOxIKlhYp5kUQ/rtDdDOJ\nPg3wswhbrW0vRQLMqxb8GNgNyIIKE7vcG7cZwkGU8JYKcmZUlY/e6aBJxHxu/EKj\nqevWf1XPP5oQf9mq2uFrZHQRkg02FqwRoUgghOyUe+/K7zEQf5/kL5vqa7CLjzdD\npoCSWO+URHTL8yBfmkP8UwxbdzUsvORjm9olJl36CqTHJrUUdo3LBJJfuk10Cbr/\nh7rwj+r3H+JtLU7xKczPIqietl7WIIkdoHq2yBw6RZUE3czqHv3QcrYKGN74exlM\n9bHP7AwA6GjM1r77eR9QpiDK1P0uVdMRSDBmp4B6se/rdpfDhRAL/oDVaG20N/oI\nJ5IMo7iYz8ZuJoye8YgJb+xoBdzWyyV+qWztGQwv5te8UGJoSn7mRd3WCpIwpLdH\nSlbFsjbL0vYq/gNtYiZmPpq/Nx0gjlN1Ej7s0ASpU+1B4Rzd6mXOz5mntvUCAwEA\nAQKCAgBuHF+jGg9nNarrWB4nWCjRjWNSlv2n075Cx4WtchIlviGMpXyVBbKqz1gF\nYsFwUmXk3ttdHVMzYHxlTi7FBRoci2zjVyHTVNZCp7LVBuddB5I9WnisAIjrpEkD\ndv6zdeCmZhKNatHOlt9xvhUtb1e3St4944AVTj+gfzjj3e/t3+k6M8EyrFQwiuBJ\nmHeOftKQhduJCOygFvKJgftx9al+X4JXqJZhktoCP1jMJJezoJliAYGiiCmgdxYV\nDHDkQmMm7CKSMyx/EhqB+Y6nqi4n4TwDnQkFgJhwAPb+l+iPr7XDV64MqJWrjKiG\nRBsHrXB3HNQbni/9rouVcFhm3BIm+2ITDCJKE0HNr0ltNK7vCgBoEoNro3I3HA2z\n84b0XkEF/xEAfTsZ1jW7XA4w1FKAwtOrTMgSErw7Ms0q9Umf85csrIo5eSqx94Ny\nmI+1empsw+TnWj4/uFWCKNKhSQ0JYgde1qWG5608OsgZdpUa+tYF0TrY/a9EQfLT\nb9NWUYS3h+OIELDrkxpq98md9X9tb1CUPQWnzZuUB1eFTMGHQlDHgpwtpJesbZeu\nKbGsF9z+OMNAEW1CG0hSBSvEf3LDPBywWz3Zn86al/WzDF7AZY9xNGfU2Uvd9NVB\nE89mPxCLTKmuUpf6bxeZo8wCv2gMfC7wckRAeJjTyzuqSqSTuQKCAQEAwOf1O6FA\n5sY3R5k94iCPYaeFFYb/qj/uO7/LBH79xwO9E3+h40ocYpRaRWJ4HRW4I+hMHIPi\nL+v0mlZXOkWgPQyCaQMUH2vzZjtiyoaOiRx2sk5Oo7VDhJaPfxwk4A3gw6dcn+Q1\nufOugiB3tG6bYgsVZni0Xp74twlbRpYvgL+cYJ9V/1x76JU/b3XiX3uoAd7Jpu2G\niP/87rPOZY9ylmT53ZHCQ2ZN7Bak7K2mrZvM57M2IMOKAquAFtjj8vhdTvdsCbhS\nS45FpT1Gr6sdI0YSng1GeLs4u8le/JKqr9PvfgVxb2FbubPFixDWsoG1thIUU/cK\ndcF0M9+BE2DQDwKCAQEAxFR6nwQKBZSahuxLXZYSdyMtBHb5k6tyDHKtmZmH+rRL\nx8oV14sZNmCpUP8en784imL0jjpkwuMCqiKzUHUZq1ktrmymJBkZlWepK7+KmQg7\nPe5HjxyDtPf6Q95579ZktgVD45CgHIOGGG4yijTQvH/k24VMkF/JTtIiZsXV9Wyn\nuUVV3EuykDSKcA2HIwEL3bfR60o44vGqewd8uCPAhPwp2HeyK1fOIo75dQnfE8Bt\nOL0hIrRN9WJnVmnZMWhmzp0g5vxbZQ9kSCJ3yQDNBLEz/3ZylDGsKiNOwllosfAo\naM5T3rgnPcCwlLgLahncMqGNf2zamFNDFkzdZtiEuwKCAQEAlwYCbAi2svWD2b4T\nQLGVDzMDcfMavcMHVCe3XXG+ZMx8foNxzmv7BQJ4GdIZj0utug7nZ3uo3TOxcBMg\nfzJ7XNAqWORcIK13BRaBJWVqudVa6AV+c5Q5o9frx+vUwsSarxKb5WHY3hf1C1M3\n5D6jz4I14t+k9l8nAMWGfCCgV/+rAco8nYteRpxx6WU1MOOyiKRO4y0aIq+m6YpD\nkCdZ4nxzUhAHMpUpdCfWPqVE1K4hIVSgj84GgkiaI0jyTQo8otH59zIi25wq0k7C\nxE0GptL5SFvETEjnBb2Fa9+3Wahm2xaP1E84bI5dnZ41N9Ns23oUCBhkTASEYQge\nGXm16QKCAQB8aXRS9EJNiv/pZC/WHFWTPa03WRWK6GgbT0iHP22WB07GSl9Q+Yp+\nlP52n1SOsqRnvZFv170maqizm825vJsJpDd4gs09rtIxhUEEwhpYI4k3E5oxLEai\nFUp4W7E1tMyZM/jzaiCsMQR20s4gGpvz96/VFEGSc8CjvDGkotWU8sfOdguU0DtV\nepYHr+rk2bLlS6kwyxYFalM4J2R3Y+CJ5Sm3TRKQuNGdwLB/5EOCxrvv6pnm3g9Q\n4ozNi8Hgt2H+qD/DYEOiZQCNXZo+u80vngNvbWXqVxfclAdCzVm0+JUC5UzspBHp\n5gOAGqjREZYiV5HNH/Pd91VZ+leK5sYlAoIBAG8zkeyKpbDaPXMexgT8MlSl8Orl\nMbnSVW0zfSX3U+81W1AMAYMwxEvDfuO/dnx9wVZ3aPkuK095whIeGIipDqOP9gm7\nZmG3IbhW6Ql3vTGaie92YoufJFEzUAlluVsKxBiHNhwIM1vT/BT9S97nAeqtEOSk\nOmWsdfR7B7pdfxcSPoAG4qNE7Btikph7RZXHfxrfNpxRljMCpo2IjyaLKjozmaKv\nuR7Ke/bH6gtT91xjFlYPE6xKkgOwI+QM2GBMxGlz9QI+i1sNj3y8NH6d8vJ8lXtM\n/D9ioxhoCDKdxX2YaSlcuJtMUe8VxJEKOYdzcW6nHIRPYWrAdDoTpWxb9Pw=\n-----END RSA PRIVATE KEY-----\n",
            "private_key_pem_pkcs8": "-----BEGIN PRIVATE KEY-----\nMIIJQgIBADANBgkqhkiG9w0BAQEFAASCCSwwggkoAgEAAoICAQCT8UBEfQGB9pXV\nNgiVVfpcogzTn06k8yx3UB9ZBRFULFVqFVs9Ef/7TuAVeDCNWHHnkWjkSEKCfcSu\n2ATjH5RbLlQnnTEVkDhifSBit/F+Ufle/KQoZaHeNR2sIfpoYW3ugY2gh9zy73Un\nsgasWxhQNQP7bsJhCs5K1ZHdlhFhmz/h7A2t4hQzLRujzWmpxeAxKwEuJ9qC/pjE\n2tDWuRJxTgulk8U7EgqWFinmRRD+u0N0M4k+DfCzCFutbS9FAsyrFvwY2A3IggoT\nu9wbtxnCQZTwlgpyZlSVj97poEnEfG78QqOp69Z/Vc8/mhB/2ara4WtkdBGSDTYW\nrBGhSCCE7JR778rvMRB/n+Qvm+prsIuPN0OmgJJY75REdMvzIF+aQ/xTDFt3NSy8\n5GOb2iUmXfoKpMcmtRR2jcsEkl+6TXQJuv+HuvCP6vcf4m0tTvEpzM8iqJ62XtYg\niR2gerbIHDpFlQTdzOoe/dBytgoY3vh7GUz1sc/sDADoaMzWvvt5H1CmIMrU/S5V\n0xFIMGangHqx7+t2l8OFEAv+gNVobbQ3+ggnkgyjuJjPxm4mjJ7xiAlv7GgF3NbL\nJX6pbO0ZDC/m17xQYmhKfuZF3dYKkjCkt0dKVsWyNsvS9ir+A21iJmY+mr83HSCO\nU3USPuzQBKlT7UHhHN3qZc7Pmae29QIDAQABAoICAG4cX6MaD2c1qutYHidYKNGN\nY1KW/afTvkLHha1yEiW+IYylfJUFsqrPWAViwXBSZeTe210dUzNgfGVOLsUFGhyL\nbONXIdNU1kKnstUG510Hkj1aeKwAiOukSQN2/rN14KZmEo1q0c6W33G+FS1vV7dK\n3j3jgBVOP6B/OOPd7+3f6TozwTKsVDCK4EmYd45+0pCF24kI7KAW8omB+3H1qX5f\ngleolmGS2gI/WMwkl7OgmWIBgaKIKaB3FhUMcORCYybsIpIzLH8SGoH5jqeqLifh\nPAOdCQWAmHAA9v6X6I+vtcNXrgyolauMqIZEGwetcHcc1BueL/2ui5VwWGbcEib7\nYhMMIkoTQc2vSW00ru8KAGgSg2ujcjccDbPzhvReQQX/EQB9OxnWNbtcDjDUUoDC\n06tMyBISvDsyzSr1SZ/zlyysijl5KrH3g3KYj7V6amzD5OdaPj+4VYIo0qFJDQli\nB17WpYbnrTw6yBl2lRr61gXROtj9r0RB8tNv01ZRhLeH44gQsOuTGmr3yZ31f21v\nUJQ9BafNm5QHV4VMwYdCUMeCnC2kl6xtl64psawX3P44w0ARbUIbSFIFK8R/csM8\nHLBbPdmfzpqX9bMMXsBlj3E0Z9TZS9301UETz2Y/EItMqa5Sl/pvF5mjzAK/aAx8\nLvByREB4mNPLO6pKpJO5AoIBAQDA5/U7oUDmxjdHmT3iII9hp4UVhv+qP+47v8sE\nfv3HA70Tf6HjShxilFpFYngdFbgj6Ewcg+Iv6/SaVlc6RaA9DIJpAxQfa/NmO2LK\nho6JHHayTk6jtUOElo9/HCTgDeDDp1yf5DW5866CIHe0bptiCxVmeLRenvi3CVtG\nli+Av5xgn1X/XHvolT9vdeJfe6gB3smm7YaI//zus85lj3KWZPndkcJDZk3sFqTs\nraatm8znszYgw4oCq4AW2OPy+F1O92wJuFJLjkWlPUavqx0jRhKeDUZ4uzi7yV78\nkqqv0+9+BXFvYVu5s8WLENaygbW2EhRT9wp1wXQz34ETYNAPAoIBAQDEVHqfBAoF\nlJqG7EtdlhJ3Iy0EdvmTq3IMcq2ZmYf6tEvHyhXXixk2YKlQ/x6fvziKYvSOOmTC\n4wKqIrNQdRmrWS2ubKYkGRmVZ6krv4qZCDs97kePHIO09/pD3nnv1mS2BUPjkKAc\ng4YYbjKKNNC8f+TbhUyQX8lO0iJmxdX1bKe5RVXcS7KQNIpwDYcjAQvdt9HrSjji\n8ap7B3y4I8CE/CnYd7IrV84ijvl1Cd8TwG04vSEitE31YmdWadkxaGbOnSDm/Ftl\nD2RIInfJAM0EsTP/dnKUMawqI07CWWix8ChozlPeuCc9wLCUuAtqGdwyoY1/bNqY\nU0MWTN1m2IS7AoIBAQCXBgJsCLay9YPZvhNAsZUPMwNx8xq9wwdUJ7ddcb5kzHx+\ng3HOa/sFAngZ0hmPS626Dudne6jdM7FwEyB/Mntc0CpY5FwgrXcFFoElZWq51Vro\nBX5zlDmj1+vH69TCxJqvEpvlYdjeF/ULUzfkPqPPgjXi36T2XycAxYZ8IKBX/6sB\nyjydi15GnHHpZTUw47KIpE7jLRoir6bpikOQJ1nifHNSEAcylSl0J9Y+pUTUriEh\nVKCPzgaCSJojSPJNCjyi0fn3MiLbnCrSTsLETQam0vlIW8RMSOcFvYVr37dZqGbb\nFo/UTzhsjl2dnjU302zbehQIGGRMBIRhCB4ZebXpAoIBAHxpdFL0Qk2K/+lkL9Yc\nVZM9rTdZFYroaBtPSIc/bZYHTsZKX1D5in6U/nafVI6ypGe9kW/XvSZqqLObzbm8\nmwmkN3iCzT2u0jGFQQTCGlgjiTcTmjEsRqIVSnhbsTW0zJkz+PNqIKwxBHbSziAa\nm/P3r9UUQZJzwKO8MaSi1ZTyx852C5TQO1V6lgev6uTZsuVLqTDLFgVqUzgnZHdj\n4InlKbdNEpC40Z3AsH/kQ4LGu+/qmebeD1DijM2LweC3Yf6oP8NgQ6JlAI1dmj67\nzS+eA29tZepXF9yUB0LNWbT4lQLlTOykEenmA4AaqNERliJXkc0f8933VVn6V4rm\nxiUCggEAbzOR7IqlsNo9cx7GBPwyVKXw6uUxudJVbTN9JfdT7zVbUAwBgzDES8N+\n4792fH3BVndo+S4rT3nCEh4YiKkOo4/2CbtmYbchuFbpCXe9MZqJ73Zii58kUTNQ\nCWW5WwrEGIc2HAgzW9P8FP1L3ucB6q0Q5KQ6Zax19HsHul1/FxI+gAbio0TsG2KS\nmHtFlcd/Gt82nFGWMwKmjYiPJosqOjOZoq+5Hsp79sfqC1P3XGMWVg8TrEqSA7Aj\n5AzYYEzEaXP1Aj6LWw2PfLw0fp3y8nyVe0z8P2KjGGgIMp3FfZhpKVy4m0xR7xXE\nkQo5h3NxbqcchE9hasB0OhOlbFv0/A==\n-----END PRIVATE KEY-----\n",
            "public_key_fingerprint_md5": "a3:2f:5e:4e:5c:d2:42:4d:af:f4:01:cd:2b:7c:e0:76",
            "public_key_fingerprint_sha256": "SHA256:DSxyL6jrvMFAUI0UF1siuUNMWQg06ZcBSX9qVDSYEVI",
            "public_key_openssh": "ssh-rsa AAAAB3NzaC1yc2EAAAADAQABAAACAQCT8UBEfQGB9pXVNgiVVfpcogzTn06k8yx3UB9ZBRFULFVqFVs9Ef/7TuAVeDCNWHHnkWjkSEKCfcSu2ATjH5RbLlQnnTEVkDhifSBit/F+Ufle/KQoZaHeNR2sIfpoYW3ugY2gh9zy73UnsgasWxhQNQP7bsJhCs5K1ZHdlhFhmz/h7A2t4hQzLRujzWmpxeAxKwEuJ9qC/pjE2tDWuRJxTgulk8U7EgqWFinmRRD+u0N0M4k+DfCzCFutbS9FAsyrFvwY2A3IggoTu9wbtxnCQZTwlgpyZlSVj97poEnEfG78QqOp69Z/Vc8/mhB/2ara4WtkdBGSDTYWrBGhSCCE7JR778rvMRB/n+Qvm+prsIuPN0OmgJJY75REdMvzIF+aQ/xTDFt3NSy85GOb2iUmXfoKpMcmtRR2jcsEkl+6TXQJuv+HuvCP6vcf4m0tTvEpzM8iqJ62XtYgiR2gerbIHDpFlQTdzOoe/dBytgoY3vh7GUz1sc/sDADoaMzWvvt5H1CmIMrU/S5V0xFIMGangHqx7+t2l8OFEAv+gNVobbQ3+ggnkgyjuJjPxm4mjJ7xiAlv7GgF3NbLJX6pbO0ZDC/m17xQYmhKfuZF3dYKkjCkt0dKVsWyNsvS9ir+A21iJmY+mr83HSCOU3USPuzQBKlT7UHhHN3qZc7Pmae29Q==\n",
            "public_key_pem": "-----BEGIN PUBLIC KEY-----\nMIICIjANBgkqhkiG9w0BAQEFAAOCAg8AMIICCgKCAgEAk/FARH0BgfaV1TYIlVX6\nXKIM059OpPMsd1AfWQURVCxVahVbPRH/+07gFXgwjVhx55Fo5EhCgn3ErtgE4x+U\nWy5UJ50xFZA4Yn0gYrfxflH5XvykKGWh3jUdrCH6aGFt7oGNoIfc8u91J7IGrFsY\nUDUD+27CYQrOStWR3ZYRYZs/4ewNreIUMy0bo81pqcXgMSsBLifagv6YxNrQ1rkS\ncU4LpZPFOxIKlhYp5kUQ/rtDdDOJPg3wswhbrW0vRQLMqxb8GNgNyIIKE7vcG7cZ\nwkGU8JYKcmZUlY/e6aBJxHxu/EKjqevWf1XPP5oQf9mq2uFrZHQRkg02FqwRoUgg\nhOyUe+/K7zEQf5/kL5vqa7CLjzdDpoCSWO+URHTL8yBfmkP8UwxbdzUsvORjm9ol\nJl36CqTHJrUUdo3LBJJfuk10Cbr/h7rwj+r3H+JtLU7xKczPIqietl7WIIkdoHq2\nyBw6RZUE3czqHv3QcrYKGN74exlM9bHP7AwA6GjM1r77eR9QpiDK1P0uVdMRSDBm\np4B6se/rdpfDhRAL/oDVaG20N/oIJ5IMo7iYz8ZuJoye8YgJb+xoBdzWyyV+qWzt\nGQwv5te8UGJoSn7mRd3WCpIwpLdHSlbFsjbL0vYq/gNtYiZmPpq/Nx0gjlN1Ej7s\n0ASpU+1B4Rzd6mXOz5mntvUCAwEAAQ==\n-----END PUBLIC KEY-----\n",
            "rsa_bits": 4096
          },
          "sensitive_attributes": [],
          "create_before_destroy": true
        }
      ]
    },
    {
      "module": "module.containers",
      "mode": "data",
      "type": "aws_ami",
      "name": "ecs_ami",
      "provider": "provider[\"registry.terraform.io/hashicorp/aws\"].source",
      "instances": [
        {
          "schema_version": 0,
          "attributes": {
            "architecture": "x86_64",
            "arn": "arn:aws:ec2:us-east-1::image/ami-04a338a858cf4334f",
            "block_device_mappings": [
              {
                "device_name": "/dev/xvda",
                "ebs": {
                  "delete_on_termination": "true",
                  "encrypted": "false",
                  "iops": "0",
                  "snapshot_id": "snap-0a7041fa913284fe9",
                  "throughput": "0",
                  "volume_size": "30",
                  "volume_type": "gp2"
                },
                "no_device": "",
                "virtual_name": ""
              }
            ],
            "boot_mode": "",
            "creation_date": "2022-11-01T21:41:03.000Z",
            "deprecation_time": "2024-11-01T21:41:03.000Z",
            "description": "Amazon Linux AMI 2.0.20221102 x86_64 ECS HVM GP2",
            "ena_support": true,
            "executable_users": null,
            "filter": [
              {
                "name": "architecture",
                "values": [
                  "x86_64"
                ]
              },
              {
                "name": "name",
                "values": [
                  "amzn2-ami-ecs-*"
                ]
              },
              {
                "name": "root-device-type",
                "values": [
                  "ebs"
                ]
              },
              {
                "name": "virtualization-type",
                "values": [
                  "hvm"
                ]
              }
            ],
            "hypervisor": "xen",
            "id": "ami-04a338a858cf4334f",
            "image_id": "ami-04a338a858cf4334f",
            "image_location": "amazon/amzn2-ami-ecs-gpu-hvm-2.0.20221102-x86_64-ebs",
            "image_owner_alias": "amazon",
            "image_type": "machine",
            "imds_support": "",
            "include_deprecated": false,
            "kernel_id": "",
            "most_recent": true,
            "name": "amzn2-ami-ecs-gpu-hvm-2.0.20221102-x86_64-ebs",
            "name_regex": null,
            "owner_id": "591542846629",
            "owners": [
              "amazon"
            ],
            "platform": "",
            "platform_details": "Linux/UNIX",
            "product_codes": [],
            "public": true,
            "ramdisk_id": "",
            "root_device_name": "/dev/xvda",
            "root_device_type": "ebs",
            "root_snapshot_id": "snap-0a7041fa913284fe9",
            "sriov_net_support": "simple",
            "state": "available",
            "state_reason": {
              "code": "UNSET",
              "message": "UNSET"
            },
            "tags": {},
            "timeouts": null,
            "tpm_support": "",
            "usage_operation": "RunInstances",
            "virtualization_type": "hvm"
          },
          "sensitive_attributes": []
        }
      ]
    },
    {
      "module": "module.containers",
      "mode": "data",
      "type": "aws_caller_identity",
      "name": "current",
      "provider": "provider[\"registry.terraform.io/hashicorp/aws\"].source",
      "instances": [
        {
          "schema_version": 0,
          "attributes": {
            "account_id": "764364320071",
            "arn": "arn:aws:iam::764364320071:user/matt",
            "id": "764364320071",
            "user_id": "AIDA3D55J5VDYBCJ3LEC4"
          },
          "sensitive_attributes": []
        }
      ]
    },
    {
      "module": "module.containers",
      "mode": "managed",
      "type": "aws_autoscaling_group",
      "name": "ecs-autoscaling-group",
      "provider": "provider[\"registry.terraform.io/hashicorp/aws\"].source",
      "instances": [
        {
          "schema_version": 0,
          "attributes": {
            "arn": "arn:aws:autoscaling:us-east-1:764364320071:autoScalingGroup:c59178c5-7542-49fb-92c8-6d8898a7d20b:autoScalingGroupName/ecs-autoscaling-group",
            "availability_zones": [
              "us-east-1a",
              "us-east-1b",
              "us-east-1c"
            ],
            "capacity_rebalance": false,
            "context": "",
            "default_cooldown": 300,
            "default_instance_warmup": 0,
            "desired_capacity": 1,
            "enabled_metrics": null,
            "force_delete": false,
            "force_delete_warm_pool": false,
            "health_check_grace_period": 300,
            "health_check_type": "ELB",
            "id": "ecs-autoscaling-group",
            "initial_lifecycle_hook": [],
            "instance_refresh": [],
            "launch_configuration": "ecs-launch-configuration",
            "launch_template": [],
            "load_balancers": null,
            "max_instance_lifetime": 0,
            "max_size": 3,
            "metrics_granularity": "1Minute",
            "min_elb_capacity": null,
            "min_size": 1,
            "mixed_instances_policy": [],
            "name": "ecs-autoscaling-group",
            "name_prefix": "",
            "placement_group": "",
            "protect_from_scale_in": false,
            "service_linked_role_arn": "arn:aws:iam::764364320071:role/aws-service-role/autoscaling.amazonaws.com/AWSServiceRoleForAutoScaling",
            "suspended_processes": null,
            "tag": [
              {
                "key": "Name",
                "propagate_at_launch": true,
                "value": "busybee-ECS"
              }
            ],
            "tags": null,
            "target_group_arns": [
              "arn:aws:elasticloadbalancing:us-east-1:764364320071:targetgroup/busybee-TG-blue/7575f48b157a6779",
              "arn:aws:elasticloadbalancing:us-east-1:764364320071:targetgroup/busybee-TG-green/e8d0d20a98d6ca2e"
            ],
            "termination_policies": null,
            "timeouts": null,
            "vpc_zone_identifier": [
              "subnet-049bbdc9fc34b6fc6",
              "subnet-0a492dc9f15fb40b2",
              "subnet-0edd9f005b1e3685f"
            ],
            "wait_for_capacity_timeout": "10m",
            "wait_for_elb_capacity": null,
            "warm_pool": []
          },
          "sensitive_attributes": [],
          "private": "eyJlMmJmYjczMC1lY2FhLTExZTYtOGY4OC0zNDM2M2JjN2M0YzAiOnsiZGVsZXRlIjo2MDAwMDAwMDAwMDAsInVwZGF0ZSI6NjAwMDAwMDAwMDAwfX0=",
          "dependencies": [
            "module.compute.aws_key_pair.myKeyPair",
            "module.compute.tls_private_key.tls_connector",
            "module.containers.aws_launch_configuration.ecs-launch-configuration",
            "module.containers.data.aws_ami.ecs_ami",
            "module.network.aws_lb_target_group.busybee-TG",
            "module.network.aws_subnet.appA",
            "module.network.aws_subnet.appB",
            "module.network.aws_subnet.appC",
            "module.network.aws_vpc.main",
            "module.security.aws_iam_instance_profile.ecsInstanceProfile",
            "module.security.aws_iam_role.ecsInstanceRole",
            "module.security.aws_security_group.AlbSG",
            "module.security.aws_security_group.BastionSG",
            "module.security.aws_security_group.EcsSG",
            "module.security.aws_security_group.dbSG",
            "module.security.aws_security_group.db_access_sg",
            "module.security.data.aws_iam_policy_document.assume_by_ec2"
          ]
        }
      ]
    },
    {
      "module": "module.containers",
      "mode": "managed",
      "type": "aws_ecr_lifecycle_policy",
      "name": "main",
      "provider": "provider[\"registry.terraform.io/hashicorp/aws\"].source",
      "instances": [
        {
          "schema_version": 0,
          "attributes": {
            "id": "ecs-busybee-home",
            "policy": "{\"rules\":[{\"action\":{\"type\":\"expire\"},\"description\":\"keep last 10 images\",\"rulePriority\":1,\"selection\":{\"countNumber\":10,\"countType\":\"imageCountMoreThan\",\"tagStatus\":\"any\"}}]}",
            "registry_id": "764364320071",
            "repository": "ecs-busybee-home"
          },
          "sensitive_attributes": [],
          "private": "bnVsbA==",
          "dependencies": [
            "module.containers.aws_ecr_repository.ecs-busybee-home"
          ]
        }
      ]
    },
    {
      "module": "module.containers",
      "mode": "managed",
      "type": "aws_ecr_repository",
      "name": "ecs-busybee-home",
      "provider": "provider[\"registry.terraform.io/hashicorp/aws\"].source",
      "instances": [
        {
          "schema_version": 0,
          "attributes": {
            "arn": "arn:aws:ecr:us-east-1:764364320071:repository/ecs-busybee-home",
            "encryption_configuration": [
              {
                "encryption_type": "AES256",
                "kms_key": ""
              }
            ],
            "force_delete": true,
            "id": "ecs-busybee-home",
            "image_scanning_configuration": [
              {
                "scan_on_push": false
              }
            ],
            "image_tag_mutability": "MUTABLE",
            "name": "ecs-busybee-home",
            "registry_id": "764364320071",
            "repository_url": "764364320071.dkr.ecr.us-east-1.amazonaws.com/ecs-busybee-home",
            "tags": null,
            "tags_all": {},
            "timeouts": null
          },
          "sensitive_attributes": [],
          "private": "eyJlMmJmYjczMC1lY2FhLTExZTYtOGY4OC0zNDM2M2JjN2M0YzAiOnsiZGVsZXRlIjoxMjAwMDAwMDAwMDAwfX0="
        }
      ]
    },
    {
      "module": "module.containers",
      "mode": "managed",
      "type": "aws_ecs_cluster",
      "name": "busybee-Cluster",
      "provider": "provider[\"registry.terraform.io/hashicorp/aws\"].source",
      "instances": [
        {
          "schema_version": 0,
          "attributes": {
            "arn": "arn:aws:ecs:us-east-1:764364320071:cluster/busybee-Cluster",
            "capacity_providers": [],
            "configuration": [],
            "default_capacity_provider_strategy": [],
            "id": "arn:aws:ecs:us-east-1:764364320071:cluster/busybee-Cluster",
            "name": "busybee-Cluster",
            "setting": [
              {
                "name": "containerInsights",
                "value": "disabled"
              }
            ],
            "tags": null,
            "tags_all": {}
          },
          "sensitive_attributes": [],
          "private": "bnVsbA=="
        }
      ]
    },
    {
      "module": "module.containers",
      "mode": "managed",
      "type": "aws_ecs_service",
      "name": "busybee-Home-Service",
      "provider": "provider[\"registry.terraform.io/hashicorp/aws\"].source",
      "instances": [
        {
          "schema_version": 0,
          "attributes": {
            "capacity_provider_strategy": [],
            "cluster": "arn:aws:ecs:us-east-1:764364320071:cluster/busybee-Cluster",
            "deployment_circuit_breaker": [],
            "deployment_controller": [
              {
                "type": "CODE_DEPLOY"
              }
            ],
            "deployment_maximum_percent": 200,
            "deployment_minimum_healthy_percent": 100,
            "desired_count": 1,
            "enable_ecs_managed_tags": false,
            "enable_execute_command": false,
            "force_new_deployment": null,
            "health_check_grace_period_seconds": 0,
            "iam_role": "aws-service-role",
            "id": "arn:aws:ecs:us-east-1:764364320071:service/busybee-Cluster/busybee-Home-Service",
            "launch_type": "EC2",
            "load_balancer": [
              {
                "container_name": "ecs-busybee-home",
                "container_port": 80,
                "elb_name": "",
                "target_group_arn": "arn:aws:elasticloadbalancing:us-east-1:764364320071:targetgroup/busybee-TG-green/e8d0d20a98d6ca2e"
              }
            ],
            "name": "busybee-Home-Service",
            "network_configuration": [],
            "ordered_placement_strategy": [
              {
                "field": "instanceId",
                "type": "spread"
              }
            ],
            "placement_constraints": [],
            "platform_version": "",
            "propagate_tags": "NONE",
            "scheduling_strategy": "REPLICA",
            "service_registries": [],
            "tags": null,
            "tags_all": {},
            "task_definition": "busybee-App-Task:33",
            "timeouts": null,
            "wait_for_steady_state": false
          },
          "sensitive_attributes": [],
          "private": "eyJlMmJmYjczMC1lY2FhLTExZTYtOGY4OC0zNDM2M2JjN2M0YzAiOnsiY3JlYXRlIjoxMjAwMDAwMDAwMDAwLCJkZWxldGUiOjEyMDAwMDAwMDAwMDAsInVwZGF0ZSI6MTIwMDAwMDAwMDAwMH19",
          "dependencies": [
            "module.containers.aws_ecs_cluster.busybee-Cluster",
            "module.containers.aws_ecs_task_definition.busybee-App-Task",
            "module.containers.null_resource.alb_exists",
            "module.network.aws_internet_gateway.MyIGW",
            "module.network.aws_lb.busybee-ALB",
            "module.network.aws_lb_target_group.busybee-TG",
            "module.network.aws_subnet.publicA",
            "module.network.aws_subnet.publicB",
            "module.network.aws_subnet.publicC",
            "module.network.aws_vpc.main",
            "module.security.aws_iam_role.ecsServiceRole",
            "module.security.aws_iam_role.ecsTaskRole",
            "module.security.aws_security_group.AlbSG",
            "module.security.data.aws_iam_policy_document.assume_by_ecs"
          ]
        }
      ]
    },
    {
      "module": "module.containers",
      "mode": "managed",
      "type": "aws_ecs_task_definition",
      "name": "busybee-App-Task",
      "provider": "provider[\"registry.terraform.io/hashicorp/aws\"].source",
      "instances": [
        {
          "schema_version": 1,
          "attributes": {
            "arn": "arn:aws:ecs:us-east-1:764364320071:task-definition/busybee-App-Task:33",
            "container_definitions": "[{\"cpu\":0,\"environment\":[],\"essential\":true,\"image\":\"764364320071.dkr.ecr.us-east-1.amazonaws.com/ecs-busybee-home\",\"mountPoints\":[],\"name\":\"ecs-busybee-home\",\"portMappings\":[{\"containerPort\":80,\"hostPort\":80,\"protocol\":\"tcp\"}],\"volumesFrom\":[]}]",
            "cpu": "128",
            "ephemeral_storage": [],
            "execution_role_arn": "arn:aws:iam::764364320071:role/ecsServiceRole",
            "family": "busybee-App-Task",
            "id": "busybee-App-Task",
            "inference_accelerator": [],
            "ipc_mode": "",
            "memory": "256",
            "network_mode": "bridge",
            "pid_mode": "",
            "placement_constraints": [],
            "proxy_configuration": [],
            "requires_compatibilities": [
              "EC2"
            ],
            "revision": 33,
            "runtime_platform": [],
            "skip_destroy": false,
            "tags": null,
            "tags_all": {},
            "task_role_arn": "arn:aws:iam::764364320071:role/ecsTaskRole",
            "volume": []
          },
          "sensitive_attributes": [],
          "private": "eyJzY2hlbWFfdmVyc2lvbiI6IjEifQ==",
          "dependencies": [
            "module.security.aws_iam_role.ecsServiceRole",
            "module.security.aws_iam_role.ecsTaskRole",
            "module.security.data.aws_iam_policy_document.assume_by_ecs"
          ]
        }
      ]
    },
    {
      "module": "module.containers",
      "mode": "managed",
      "type": "aws_launch_configuration",
      "name": "ecs-launch-configuration",
      "provider": "provider[\"registry.terraform.io/hashicorp/aws\"].source",
      "instances": [
        {
          "schema_version": 0,
          "attributes": {
            "arn": "arn:aws:autoscaling:us-east-1:764364320071:launchConfiguration:6feab37b-6475-410c-ad75-789cfbb0713f:launchConfigurationName/ecs-launch-configuration",
            "associate_public_ip_address": false,
            "ebs_block_device": [],
            "ebs_optimized": false,
            "enable_monitoring": true,
            "ephemeral_block_device": [],
            "iam_instance_profile": "ecsInstanceProfile",
            "id": "ecs-launch-configuration",
            "image_id": "ami-04a338a858cf4334f",
            "instance_type": "t3.micro",
            "key_name": "myLabKeyPair",
            "metadata_options": [],
            "name": "ecs-launch-configuration",
            "name_prefix": "",
            "placement_tenancy": "",
            "root_block_device": [
              {
                "delete_on_termination": true,
                "encrypted": false,
                "iops": 0,
                "throughput": 0,
                "volume_size": 50,
                "volume_type": "gp2"
              }
            ],
            "security_groups": [
              "sg-08bf8881cd7af82d0"
            ],
            "spot_price": "",
            "user_data": "813c13003c1d2719110648db502e8e6c0a9ec875",
            "user_data_base64": null,
            "vpc_classic_link_id": "",
            "vpc_classic_link_security_groups": null
          },
          "sensitive_attributes": [],
          "private": "bnVsbA==",
          "dependencies": [
            "module.compute.aws_key_pair.myKeyPair",
            "module.compute.tls_private_key.tls_connector",
            "module.containers.data.aws_ami.ecs_ami",
            "module.network.aws_vpc.main",
            "module.security.aws_iam_instance_profile.ecsInstanceProfile",
            "module.security.aws_iam_role.ecsInstanceRole",
            "module.security.aws_security_group.AlbSG",
            "module.security.aws_security_group.BastionSG",
            "module.security.aws_security_group.EcsSG",
            "module.security.aws_security_group.dbSG",
            "module.security.aws_security_group.db_access_sg",
            "module.security.data.aws_iam_policy_document.assume_by_ec2"
          ],
          "create_before_destroy": true
        }
      ]
    },
    {
      "module": "module.containers",
      "mode": "managed",
      "type": "null_resource",
      "name": "alb_exists",
      "provider": "provider[\"registry.terraform.io/hashicorp/null\"]",
      "instances": [
        {
          "schema_version": 0,
          "attributes": {
            "id": "8142251110603338826",
            "triggers": {
              "alb_name": "arn:aws:elasticloadbalancing:us-east-1:764364320071:loadbalancer/app/busybee-ALB/bfd7e155cc0fe026"
            }
          },
          "sensitive_attributes": [],
          "private": "bnVsbA==",
          "dependencies": [
            "module.network.aws_internet_gateway.MyIGW",
            "module.network.aws_lb.busybee-ALB",
            "module.network.aws_subnet.publicA",
            "module.network.aws_subnet.publicB",
            "module.network.aws_subnet.publicC",
            "module.network.aws_vpc.main",
            "module.security.aws_security_group.AlbSG"
          ]
        }
      ]
    },
    {
      "module": "module.database",
      "mode": "data",
      "type": "aws_secretsmanager_random_password",
      "name": "db",
      "provider": "provider[\"registry.terraform.io/hashicorp/aws\"].source",
      "instances": [
        {
          "schema_version": 0,
          "attributes": {
            "exclude_characters": null,
            "exclude_lowercase": null,
            "exclude_numbers": null,
            "exclude_punctuation": true,
            "exclude_uppercase": null,
            "id": "AdmfuDry7NwopuP1J4m2p8Y6rekZoODZ",
            "include_space": null,
            "password_length": 32,
            "random_password": "AdmfuDry7NwopuP1J4m2p8Y6rekZoODZ",
            "require_each_included_type": null
          },
          "sensitive_attributes": []
        }
      ]
    },
    {
      "module": "module.database",
      "mode": "managed",
      "type": "aws_db_instance",
      "name": "main",
      "provider": "provider[\"registry.terraform.io/hashicorp/aws\"].source",
      "instances": [
        {
          "schema_version": 1,
          "attributes": {
            "address": "busybee-coffee-mysql.cc7bpvv0rkvc.us-east-1.rds.amazonaws.com",
            "allocated_storage": 10,
            "allow_major_version_upgrade": null,
            "apply_immediately": null,
            "arn": "arn:aws:rds:us-east-1:764364320071:db:busybee-coffee-mysql",
            "auto_minor_version_upgrade": true,
            "availability_zone": "us-east-1c",
            "backup_retention_period": 0,
            "backup_window": "08:29-08:59",
            "ca_cert_identifier": "rds-ca-2019",
            "character_set_name": "",
            "copy_tags_to_snapshot": true,
            "custom_iam_instance_profile": "",
            "customer_owned_ip_enabled": false,
            "db_name": "",
            "db_subnet_group_name": "busybee-rds-subnet-group",
            "delete_automated_backups": true,
            "deletion_protection": false,
            "domain": "",
            "domain_iam_role_name": "",
            "enabled_cloudwatch_logs_exports": null,
            "endpoint": "busybee-coffee-mysql.cc7bpvv0rkvc.us-east-1.rds.amazonaws.com:3306",
            "engine": "mysql",
            "engine_version": "8.0.23",
            "engine_version_actual": "8.0.23",
            "final_snapshot_identifier": null,
            "hosted_zone_id": "Z2R2ITUGPM61AM",
            "iam_database_authentication_enabled": false,
            "id": "busybee-coffee-mysql",
            "identifier": "busybee-coffee-mysql",
            "identifier_prefix": "",
            "instance_class": "db.t3.micro",
            "iops": 0,
            "kms_key_id": "arn:aws:kms:us-east-1:764364320071:key/4995d714-a948-45a9-ac7e-1fa77c811961",
            "latest_restorable_time": "",
            "license_model": "general-public-license",
            "maintenance_window": "thu:07:32-thu:08:02",
            "max_allocated_storage": 0,
            "monitoring_interval": 0,
            "monitoring_role_arn": "",
            "multi_az": false,
            "name": "",
            "nchar_character_set_name": "",
            "network_type": "IPV4",
            "option_group_name": "default:mysql-8-0",
            "parameter_group_name": "default.mysql8.0",
            "password": "AdmfuDry7NwopuP1J4m2p8Y6rekZoODZ",
            "performance_insights_enabled": false,
            "performance_insights_kms_key_id": "",
            "performance_insights_retention_period": 0,
            "port": 3306,
            "publicly_accessible": false,
            "replica_mode": "",
            "replicas": [],
            "replicate_source_db": "",
            "resource_id": "db-UWGBILRTK5MNGHD7MPFRLVDOHQ",
            "restore_to_point_in_time": [],
            "s3_import": [],
            "security_group_names": null,
            "skip_final_snapshot": true,
            "snapshot_identifier": null,
            "status": "available",
            "storage_encrypted": true,
            "storage_type": "gp2",
            "tags": null,
            "tags_all": {},
            "timeouts": null,
            "timezone": "",
            "username": "admin",
            "vpc_security_group_ids": [
              "sg-0fc82b085df003100"
            ]
          },
          "sensitive_attributes": [],
          "private": "eyJlMmJmYjczMC1lY2FhLTExZTYtOGY4OC0zNDM2M2JjN2M0YzAiOnsiY3JlYXRlIjoyNDAwMDAwMDAwMDAwLCJkZWxldGUiOjM2MDAwMDAwMDAwMDAsInVwZGF0ZSI6NDgwMDAwMDAwMDAwMH0sInNjaGVtYV92ZXJzaW9uIjoiMSJ9",
          "dependencies": [
            "module.database.aws_db_subnet_group.rds_subnet_group",
            "module.database.aws_subnet.dbA",
            "module.database.aws_subnet.dbB",
            "module.database.aws_subnet.dbC",
            "module.database.data.aws_secretsmanager_random_password.db",
            "module.network.aws_vpc.main",
            "module.security.aws_security_group.dbSG",
            "module.security.aws_security_group.db_access_sg"
          ]
        }
      ]
    },
    {
      "module": "module.database",
      "mode": "managed",
      "type": "aws_db_parameter_group",
      "name": "main",
      "provider": "provider[\"registry.terraform.io/hashicorp/aws\"].source",
      "instances": [
        {
          "schema_version": 0,
          "attributes": {
            "arn": "arn:aws:rds:us-east-1:764364320071:pg:main",
            "description": "Managed by Terraform",
            "family": "mysql8.0",
            "id": "main",
            "name": "main",
            "name_prefix": null,
            "parameter": [
              {
                "apply_method": "immediate",
                "name": "character_set_client",
                "value": "utf8"
              },
              {
                "apply_method": "immediate",
                "name": "character_set_server",
                "value": "utf8"
              }
            ],
            "tags": null,
            "tags_all": {}
          },
          "sensitive_attributes": [],
          "private": "bnVsbA=="
        }
      ]
    },
    {
      "module": "module.database",
      "mode": "managed",
      "type": "aws_db_subnet_group",
      "name": "rds_subnet_group",
      "provider": "provider[\"registry.terraform.io/hashicorp/aws\"].source",
      "instances": [
        {
          "schema_version": 0,
          "attributes": {
            "arn": "arn:aws:rds:us-east-1:764364320071:subgrp:busybee-rds-subnet-group",
            "description": "Subnet Group for RDS instances",
            "id": "busybee-rds-subnet-group",
            "name": "busybee-rds-subnet-group",
            "name_prefix": "",
            "subnet_ids": [
              "subnet-03f8e1d9dffb82ebe",
              "subnet-09cddd3d432615f71",
              "subnet-0d2acec67f404d1c0"
            ],
            "supported_network_types": [
              "IPV4"
            ],
            "tags": {
              "Name": "busybee-rds-subnet-group"
            },
            "tags_all": {
              "Name": "busybee-rds-subnet-group"
            }
          },
          "sensitive_attributes": [],
          "private": "bnVsbA==",
          "dependencies": [
            "module.database.aws_subnet.dbA",
            "module.database.aws_subnet.dbB",
            "module.database.aws_subnet.dbC",
            "module.network.aws_vpc.main"
          ]
        }
      ]
    },
    {
      "module": "module.database",
      "mode": "managed",
      "type": "aws_subnet",
      "name": "dbA",
      "provider": "provider[\"registry.terraform.io/hashicorp/aws\"].source",
      "instances": [
        {
          "schema_version": 1,
          "attributes": {
            "arn": "arn:aws:ec2:us-east-1:764364320071:subnet/subnet-0d2acec67f404d1c0",
            "assign_ipv6_address_on_creation": false,
            "availability_zone": "us-east-1a",
            "availability_zone_id": "use1-az6",
            "cidr_block": "172.16.8.0/24",
            "customer_owned_ipv4_pool": "",
            "enable_dns64": false,
            "enable_resource_name_dns_a_record_on_launch": false,
            "enable_resource_name_dns_aaaa_record_on_launch": false,
            "id": "subnet-0d2acec67f404d1c0",
            "ipv6_cidr_block": "",
            "ipv6_cidr_block_association_id": "",
            "ipv6_native": false,
            "map_customer_owned_ip_on_launch": false,
            "map_public_ip_on_launch": false,
            "outpost_arn": "",
            "owner_id": "764364320071",
            "private_dns_hostname_type_on_launch": "ip-name",
            "tags": {
              "Name": "DbA"
            },
            "tags_all": {
              "Name": "DbA"
            },
            "timeouts": null,
            "vpc_id": "vpc-029243fde226ae0f1"
          },
          "sensitive_attributes": [],
          "private": "eyJlMmJmYjczMC1lY2FhLTExZTYtOGY4OC0zNDM2M2JjN2M0YzAiOnsiY3JlYXRlIjo2MDAwMDAwMDAwMDAsImRlbGV0ZSI6MTIwMDAwMDAwMDAwMH0sInNjaGVtYV92ZXJzaW9uIjoiMSJ9",
          "dependencies": [
            "module.network.aws_vpc.main"
          ]
        }
      ]
    },
    {
      "module": "module.database",
      "mode": "managed",
      "type": "aws_subnet",
      "name": "dbB",
      "provider": "provider[\"registry.terraform.io/hashicorp/aws\"].source",
      "instances": [
        {
          "schema_version": 1,
          "attributes": {
            "arn": "arn:aws:ec2:us-east-1:764364320071:subnet/subnet-03f8e1d9dffb82ebe",
            "assign_ipv6_address_on_creation": false,
            "availability_zone": "us-east-1b",
            "availability_zone_id": "use1-az1",
            "cidr_block": "172.16.9.0/24",
            "customer_owned_ipv4_pool": "",
            "enable_dns64": false,
            "enable_resource_name_dns_a_record_on_launch": false,
            "enable_resource_name_dns_aaaa_record_on_launch": false,
            "id": "subnet-03f8e1d9dffb82ebe",
            "ipv6_cidr_block": "",
            "ipv6_cidr_block_association_id": "",
            "ipv6_native": false,
            "map_customer_owned_ip_on_launch": false,
            "map_public_ip_on_launch": false,
            "outpost_arn": "",
            "owner_id": "764364320071",
            "private_dns_hostname_type_on_launch": "ip-name",
            "tags": {
              "Name": "DbB"
            },
            "tags_all": {
              "Name": "DbB"
            },
            "timeouts": null,
            "vpc_id": "vpc-029243fde226ae0f1"
          },
          "sensitive_attributes": [],
          "private": "eyJlMmJmYjczMC1lY2FhLTExZTYtOGY4OC0zNDM2M2JjN2M0YzAiOnsiY3JlYXRlIjo2MDAwMDAwMDAwMDAsImRlbGV0ZSI6MTIwMDAwMDAwMDAwMH0sInNjaGVtYV92ZXJzaW9uIjoiMSJ9",
          "dependencies": [
            "module.network.aws_vpc.main"
          ]
        }
      ]
    },
    {
      "module": "module.database",
      "mode": "managed",
      "type": "aws_subnet",
      "name": "dbC",
      "provider": "provider[\"registry.terraform.io/hashicorp/aws\"].source",
      "instances": [
        {
          "schema_version": 1,
          "attributes": {
            "arn": "arn:aws:ec2:us-east-1:764364320071:subnet/subnet-09cddd3d432615f71",
            "assign_ipv6_address_on_creation": false,
            "availability_zone": "us-east-1c",
            "availability_zone_id": "use1-az2",
            "cidr_block": "172.16.10.0/24",
            "customer_owned_ipv4_pool": "",
            "enable_dns64": false,
            "enable_resource_name_dns_a_record_on_launch": false,
            "enable_resource_name_dns_aaaa_record_on_launch": false,
            "id": "subnet-09cddd3d432615f71",
            "ipv6_cidr_block": "",
            "ipv6_cidr_block_association_id": "",
            "ipv6_native": false,
            "map_customer_owned_ip_on_launch": false,
            "map_public_ip_on_launch": false,
            "outpost_arn": "",
            "owner_id": "764364320071",
            "private_dns_hostname_type_on_launch": "ip-name",
            "tags": {
              "Name": "DbC"
            },
            "tags_all": {
              "Name": "DbC"
            },
            "timeouts": null,
            "vpc_id": "vpc-029243fde226ae0f1"
          },
          "sensitive_attributes": [],
          "private": "eyJlMmJmYjczMC1lY2FhLTExZTYtOGY4OC0zNDM2M2JjN2M0YzAiOnsiY3JlYXRlIjo2MDAwMDAwMDAwMDAsImRlbGV0ZSI6MTIwMDAwMDAwMDAwMH0sInNjaGVtYV92ZXJzaW9uIjoiMSJ9",
          "dependencies": [
            "module.network.aws_vpc.main"
          ]
        }
      ]
    },
    {
      "module": "module.destStorage",
      "mode": "managed",
      "type": "aws_kms_alias",
      "name": "dest",
      "provider": "provider[\"registry.terraform.io/hashicorp/aws\"].dest",
      "instances": [
        {
          "schema_version": 0,
          "attributes": {
            "arn": "arn:aws:kms:us-west-2:764364320071:alias/QIHxYdest",
            "id": "alias/QIHxYdest",
            "name": "alias/QIHxYdest",
            "name_prefix": "",
            "target_key_arn": "arn:aws:kms:us-west-2:764364320071:key/fab26102-fa9e-4c53-ba5e-3ff08c4424c5",
            "target_key_id": "fab26102-fa9e-4c53-ba5e-3ff08c4424c5"
          },
          "sensitive_attributes": [],
          "private": "bnVsbA==",
          "dependencies": [
            "module.destStorage.aws_kms_key.dest",
            "module.destStorage.random_string.prefix"
          ]
        }
      ]
    },
    {
      "module": "module.destStorage",
      "mode": "managed",
      "type": "aws_kms_key",
      "name": "dest",
      "provider": "provider[\"registry.terraform.io/hashicorp/aws\"].dest",
      "instances": [
        {
          "schema_version": 0,
          "attributes": {
            "arn": "arn:aws:kms:us-west-2:764364320071:key/fab26102-fa9e-4c53-ba5e-3ff08c4424c5",
            "bypass_policy_lockout_safety_check": false,
            "custom_key_store_id": "",
            "customer_master_key_spec": "SYMMETRIC_DEFAULT",
            "deletion_window_in_days": 7,
            "description": "",
            "enable_key_rotation": false,
            "id": "fab26102-fa9e-4c53-ba5e-3ff08c4424c5",
            "is_enabled": true,
            "key_id": "fab26102-fa9e-4c53-ba5e-3ff08c4424c5",
            "key_usage": "ENCRYPT_DECRYPT",
            "multi_region": false,
            "policy": "{\"Id\":\"key-default-1\",\"Statement\":[{\"Action\":\"kms:*\",\"Effect\":\"Allow\",\"Principal\":{\"AWS\":\"arn:aws:iam::764364320071:root\"},\"Resource\":\"*\",\"Sid\":\"Enable IAM User Permissions\"}],\"Version\":\"2012-10-17\"}",
            "tags": null,
            "tags_all": {}
          },
          "sensitive_attributes": [],
          "private": "bnVsbA=="
        }
      ]
    },
    {
      "module": "module.destStorage",
      "mode": "managed",
      "type": "aws_s3_bucket",
      "name": "busybee-destination-bucket",
      "provider": "provider[\"registry.terraform.io/hashicorp/aws\"].dest",
      "instances": [
        {
          "schema_version": 0,
          "attributes": {
            "acceleration_status": "",
            "acl": "private",
            "arn": "arn:aws:s3:::qihxy-busybee-project-prod-build",
            "bucket": "qihxy-busybee-project-prod-build",
            "bucket_domain_name": "qihxy-busybee-project-prod-build.s3.amazonaws.com",
            "bucket_prefix": null,
            "bucket_regional_domain_name": "qihxy-busybee-project-prod-build.s3.us-west-2.amazonaws.com",
            "cors_rule": [],
            "force_destroy": true,
            "grant": [
              {
                "id": "d24f42e8eafb724997762a944512417743207fbfd036da7736a1cec88063839c",
                "permissions": [
                  "FULL_CONTROL"
                ],
                "type": "CanonicalUser",
                "uri": ""
              }
            ],
            "hosted_zone_id": "Z3BJ6K6RIION7M",
            "id": "qihxy-busybee-project-prod-build",
            "lifecycle_rule": [],
            "logging": [],
            "object_lock_configuration": [],
            "object_lock_enabled": false,
            "policy": "",
            "region": "us-west-2",
            "replication_configuration": [],
            "request_payer": "BucketOwner",
            "server_side_encryption_configuration": [],
            "tags": null,
            "tags_all": {},
            "timeouts": null,
            "versioning": [
              {
                "enabled": true,
                "mfa_delete": false
              }
            ],
            "website": [],
            "website_domain": null,
            "website_endpoint": null
          },
          "sensitive_attributes": [],
          "private": "eyJlMmJmYjczMC1lY2FhLTExZTYtOGY4OC0zNDM2M2JjN2M0YzAiOnsiY3JlYXRlIjoxMjAwMDAwMDAwMDAwLCJkZWxldGUiOjM2MDAwMDAwMDAwMDAsInJlYWQiOjEyMDAwMDAwMDAwMDAsInVwZGF0ZSI6MTIwMDAwMDAwMDAwMH19",
          "dependencies": [
            "module.destStorage.aws_kms_key.dest",
            "module.destStorage.random_string.prefix"
          ]
        }
      ]
    },
    {
      "module": "module.destStorage",
      "mode": "managed",
      "type": "aws_s3_bucket",
      "name": "busybee-menu-backup",
      "provider": "provider[\"registry.terraform.io/hashicorp/aws\"].dest",
      "instances": [
        {
          "schema_version": 0,
          "attributes": {
            "acceleration_status": "",
            "acl": "private",
            "arn": "arn:aws:s3:::qihxy-busybee-menu-backup",
            "bucket": "qihxy-busybee-menu-backup",
            "bucket_domain_name": "qihxy-busybee-menu-backup.s3.amazonaws.com",
            "bucket_prefix": null,
            "bucket_regional_domain_name": "qihxy-busybee-menu-backup.s3.us-west-2.amazonaws.com",
            "cors_rule": [],
            "force_destroy": true,
            "grant": [
              {
                "id": "d24f42e8eafb724997762a944512417743207fbfd036da7736a1cec88063839c",
                "permissions": [
                  "FULL_CONTROL"
                ],
                "type": "CanonicalUser",
                "uri": ""
              }
            ],
            "hosted_zone_id": "Z3BJ6K6RIION7M",
            "id": "qihxy-busybee-menu-backup",
            "lifecycle_rule": [],
            "logging": [],
            "object_lock_configuration": [],
            "object_lock_enabled": false,
            "policy": "",
            "region": "us-west-2",
            "replication_configuration": [],
            "request_payer": "BucketOwner",
            "server_side_encryption_configuration": [],
            "tags": null,
            "tags_all": {},
            "timeouts": null,
            "versioning": [
              {
                "enabled": true,
                "mfa_delete": false
              }
            ],
            "website": [],
            "website_domain": null,
            "website_endpoint": null
          },
          "sensitive_attributes": [],
          "private": "eyJlMmJmYjczMC1lY2FhLTExZTYtOGY4OC0zNDM2M2JjN2M0YzAiOnsiY3JlYXRlIjoxMjAwMDAwMDAwMDAwLCJkZWxldGUiOjM2MDAwMDAwMDAwMDAsInJlYWQiOjEyMDAwMDAwMDAwMDAsInVwZGF0ZSI6MTIwMDAwMDAwMDAwMH19",
          "dependencies": [
            "module.destStorage.random_string.prefix"
          ]
        }
      ]
    },
    {
      "module": "module.destStorage",
      "mode": "managed",
      "type": "aws_s3_bucket_server_side_encryption_configuration",
      "name": "busybee-destination-bucket",
      "provider": "provider[\"registry.terraform.io/hashicorp/aws\"].dest",
      "instances": [
        {
          "schema_version": 0,
          "attributes": {
            "bucket": "qihxy-busybee-project-prod-build",
            "expected_bucket_owner": "",
            "id": "qihxy-busybee-project-prod-build",
            "rule": [
              {
                "apply_server_side_encryption_by_default": [
                  {
                    "kms_master_key_id": "arn:aws:kms:us-west-2:764364320071:key/fab26102-fa9e-4c53-ba5e-3ff08c4424c5",
                    "sse_algorithm": "aws:kms"
                  }
                ],
                "bucket_key_enabled": null
              }
            ]
          },
          "sensitive_attributes": [],
          "private": "bnVsbA==",
          "dependencies": [
            "module.destStorage.aws_kms_key.dest",
            "module.destStorage.aws_s3_bucket.busybee-destination-bucket",
            "module.destStorage.random_string.prefix"
          ]
        }
      ]
    },
    {
      "module": "module.destStorage",
      "mode": "managed",
      "type": "random_string",
      "name": "prefix",
      "provider": "provider[\"registry.terraform.io/hashicorp/random\"]",
      "instances": [
        {
          "schema_version": 2,
          "attributes": {
            "id": "QIHxY",
            "keepers": null,
            "length": 5,
            "lower": true,
            "min_lower": 0,
            "min_numeric": 0,
            "min_special": 0,
            "min_upper": 0,
            "number": true,
            "numeric": true,
            "override_special": null,
            "result": "QIHxY",
            "special": false,
            "upper": true
          },
          "sensitive_attributes": []
        }
      ]
    },
    {
      "module": "module.network",
      "mode": "managed",
      "type": "aws_eip",
      "name": "natEipA",
      "provider": "provider[\"registry.terraform.io/hashicorp/aws\"].source",
      "instances": [
        {
          "schema_version": 0,
          "attributes": {
            "address": null,
            "allocation_id": "eipalloc-0a33b76603235e8f9",
            "associate_with_private_ip": null,
            "association_id": "",
            "carrier_ip": "",
            "customer_owned_ip": "",
            "customer_owned_ipv4_pool": "",
            "domain": "vpc",
            "id": "eipalloc-0a33b76603235e8f9",
            "instance": "",
            "network_border_group": "us-east-1",
            "network_interface": "",
            "private_dns": null,
            "private_ip": "",
            "public_dns": "ec2-18-204-63-235.compute-1.amazonaws.com",
            "public_ip": "18.204.63.235",
            "public_ipv4_pool": "amazon",
            "tags": {
              "Name": "eipA_ForNat"
            },
            "tags_all": {
              "Name": "eipA_ForNat"
            },
            "timeouts": null,
            "vpc": true
          },
          "sensitive_attributes": [],
          "private": "eyJlMmJmYjczMC1lY2FhLTExZTYtOGY4OC0zNDM2M2JjN2M0YzAiOnsiZGVsZXRlIjoxODAwMDAwMDAwMDAsInJlYWQiOjkwMDAwMDAwMDAwMCwidXBkYXRlIjozMDAwMDAwMDAwMDB9fQ=="
        }
      ]
    },
    {
      "module": "module.network",
      "mode": "managed",
      "type": "aws_eip",
      "name": "natEipB",
      "provider": "provider[\"registry.terraform.io/hashicorp/aws\"].source",
      "instances": [
        {
          "schema_version": 0,
          "attributes": {
            "address": null,
            "allocation_id": "eipalloc-0ce6c99c913222add",
            "associate_with_private_ip": null,
            "association_id": "",
            "carrier_ip": "",
            "customer_owned_ip": "",
            "customer_owned_ipv4_pool": "",
            "domain": "vpc",
            "id": "eipalloc-0ce6c99c913222add",
            "instance": "",
            "network_border_group": "us-east-1",
            "network_interface": "",
            "private_dns": null,
            "private_ip": "",
            "public_dns": "ec2-44-206-81-156.compute-1.amazonaws.com",
            "public_ip": "44.206.81.156",
            "public_ipv4_pool": "amazon",
            "tags": {
              "Name": "eipB_ForNat"
            },
            "tags_all": {
              "Name": "eipB_ForNat"
            },
            "timeouts": null,
            "vpc": true
          },
          "sensitive_attributes": [],
          "private": "eyJlMmJmYjczMC1lY2FhLTExZTYtOGY4OC0zNDM2M2JjN2M0YzAiOnsiZGVsZXRlIjoxODAwMDAwMDAwMDAsInJlYWQiOjkwMDAwMDAwMDAwMCwidXBkYXRlIjozMDAwMDAwMDAwMDB9fQ=="
        }
      ]
    },
    {
      "module": "module.network",
      "mode": "managed",
      "type": "aws_eip",
      "name": "natEipC",
      "provider": "provider[\"registry.terraform.io/hashicorp/aws\"].source",
      "instances": [
        {
          "schema_version": 0,
          "attributes": {
            "address": null,
            "allocation_id": "eipalloc-098aa874066d36d44",
            "associate_with_private_ip": null,
            "association_id": "",
            "carrier_ip": "",
            "customer_owned_ip": "",
            "customer_owned_ipv4_pool": "",
            "domain": "vpc",
            "id": "eipalloc-098aa874066d36d44",
            "instance": "",
            "network_border_group": "us-east-1",
            "network_interface": "",
            "private_dns": null,
            "private_ip": "",
            "public_dns": "ec2-35-175-71-74.compute-1.amazonaws.com",
            "public_ip": "35.175.71.74",
            "public_ipv4_pool": "amazon",
            "tags": {
              "Name": "eipC_ForNat"
            },
            "tags_all": {
              "Name": "eipC_ForNat"
            },
            "timeouts": null,
            "vpc": true
          },
          "sensitive_attributes": [],
          "private": "eyJlMmJmYjczMC1lY2FhLTExZTYtOGY4OC0zNDM2M2JjN2M0YzAiOnsiZGVsZXRlIjoxODAwMDAwMDAwMDAsInJlYWQiOjkwMDAwMDAwMDAwMCwidXBkYXRlIjozMDAwMDAwMDAwMDB9fQ=="
        }
      ]
    },
    {
      "module": "module.network",
      "mode": "managed",
      "type": "aws_internet_gateway",
      "name": "MyIGW",
      "provider": "provider[\"registry.terraform.io/hashicorp/aws\"].source",
      "instances": [
        {
          "schema_version": 0,
          "attributes": {
            "arn": "arn:aws:ec2:us-east-1:764364320071:internet-gateway/igw-094a61afa6db65359",
            "id": "igw-094a61afa6db65359",
            "owner_id": "764364320071",
            "tags": {
              "Name": "MyIGW"
            },
            "tags_all": {
              "Name": "MyIGW"
            },
            "timeouts": null,
            "vpc_id": "vpc-029243fde226ae0f1"
          },
          "sensitive_attributes": [],
          "private": "eyJlMmJmYjczMC1lY2FhLTExZTYtOGY4OC0zNDM2M2JjN2M0YzAiOnsiY3JlYXRlIjoxMjAwMDAwMDAwMDAwLCJkZWxldGUiOjEyMDAwMDAwMDAwMDAsInVwZGF0ZSI6MTIwMDAwMDAwMDAwMH19",
          "dependencies": [
            "module.network.aws_vpc.main"
          ]
        }
      ]
    },
    {
      "module": "module.network",
      "mode": "managed",
      "type": "aws_lb",
      "name": "busybee-ALB",
      "provider": "provider[\"registry.terraform.io/hashicorp/aws\"].source",
      "instances": [
        {
          "schema_version": 0,
          "attributes": {
            "access_logs": [
              {
                "bucket": "",
                "enabled": false,
                "prefix": ""
              }
            ],
            "arn": "arn:aws:elasticloadbalancing:us-east-1:764364320071:loadbalancer/app/busybee-ALB/bfd7e155cc0fe026",
            "arn_suffix": "app/busybee-ALB/bfd7e155cc0fe026",
            "customer_owned_ipv4_pool": "",
            "desync_mitigation_mode": "defensive",
            "dns_name": "busybee-ALB-1785266080.us-east-1.elb.amazonaws.com",
            "drop_invalid_header_fields": false,
            "enable_cross_zone_load_balancing": null,
            "enable_deletion_protection": false,
            "enable_http2": true,
            "enable_waf_fail_open": false,
            "id": "arn:aws:elasticloadbalancing:us-east-1:764364320071:loadbalancer/app/busybee-ALB/bfd7e155cc0fe026",
            "idle_timeout": 60,
            "internal": false,
            "ip_address_type": "ipv4",
            "load_balancer_type": "application",
            "name": "busybee-ALB",
            "name_prefix": null,
            "preserve_host_header": false,
            "security_groups": [
              "sg-05b75e692ce7ec95b"
            ],
            "subnet_mapping": [
              {
                "allocation_id": "",
                "ipv6_address": "",
                "outpost_id": "",
                "private_ipv4_address": "",
                "subnet_id": "subnet-06d2e4f5aa32bf154"
              },
              {
                "allocation_id": "",
                "ipv6_address": "",
                "outpost_id": "",
                "private_ipv4_address": "",
                "subnet_id": "subnet-0d25e875a76d5dba8"
              },
              {
                "allocation_id": "",
                "ipv6_address": "",
                "outpost_id": "",
                "private_ipv4_address": "",
                "subnet_id": "subnet-0e25a80da807847f0"
              }
            ],
            "subnets": [
              "subnet-06d2e4f5aa32bf154",
              "subnet-0d25e875a76d5dba8",
              "subnet-0e25a80da807847f0"
            ],
            "tags": null,
            "tags_all": {},
            "timeouts": null,
            "vpc_id": "vpc-029243fde226ae0f1",
            "zone_id": "Z35SXDOTRQ7X7K"
          },
          "sensitive_attributes": [],
          "private": "eyJlMmJmYjczMC1lY2FhLTExZTYtOGY4OC0zNDM2M2JjN2M0YzAiOnsiY3JlYXRlIjo2MDAwMDAwMDAwMDAsImRlbGV0ZSI6NjAwMDAwMDAwMDAwLCJ1cGRhdGUiOjYwMDAwMDAwMDAwMH19",
          "dependencies": [
            "module.network.aws_internet_gateway.MyIGW",
            "module.network.aws_subnet.publicA",
            "module.network.aws_subnet.publicB",
            "module.network.aws_subnet.publicC",
            "module.network.aws_vpc.main",
            "module.security.aws_security_group.AlbSG"
          ]
        }
      ]
    },
    {
      "module": "module.network",
      "mode": "managed",
      "type": "aws_lb_listener",
      "name": "busybee-Listener",
      "provider": "provider[\"registry.terraform.io/hashicorp/aws\"].source",
      "instances": [
        {
          "schema_version": 0,
          "attributes": {
            "alpn_policy": null,
            "arn": "arn:aws:elasticloadbalancing:us-east-1:764364320071:listener/app/busybee-ALB/bfd7e155cc0fe026/347402ee297c4558",
            "certificate_arn": null,
            "default_action": [
              {
                "authenticate_cognito": [],
                "authenticate_oidc": [],
                "fixed_response": [],
                "forward": [],
                "order": 1,
                "redirect": [],
                "target_group_arn": "arn:aws:elasticloadbalancing:us-east-1:764364320071:targetgroup/busybee-TG-green/e8d0d20a98d6ca2e",
                "type": "forward"
              }
            ],
            "id": "arn:aws:elasticloadbalancing:us-east-1:764364320071:listener/app/busybee-ALB/bfd7e155cc0fe026/347402ee297c4558",
            "load_balancer_arn": "arn:aws:elasticloadbalancing:us-east-1:764364320071:loadbalancer/app/busybee-ALB/bfd7e155cc0fe026",
            "port": 80,
            "protocol": "HTTP",
            "ssl_policy": "",
            "tags": null,
            "tags_all": {},
            "timeouts": null
          },
          "sensitive_attributes": [],
          "private": "eyJlMmJmYjczMC1lY2FhLTExZTYtOGY4OC0zNDM2M2JjN2M0YzAiOnsicmVhZCI6NjAwMDAwMDAwMDAwfX0=",
          "dependencies": [
            "module.network.aws_internet_gateway.MyIGW",
            "module.network.aws_lb.busybee-ALB",
            "module.network.aws_lb_target_group.busybee-TG",
            "module.network.aws_subnet.publicA",
            "module.network.aws_subnet.publicB",
            "module.network.aws_subnet.publicC",
            "module.network.aws_vpc.main",
            "module.security.aws_security_group.AlbSG"
          ]
        }
      ]
    },
    {
      "module": "module.network",
      "mode": "managed",
      "type": "aws_lb_target_group",
      "name": "busybee-TG",
      "provider": "provider[\"registry.terraform.io/hashicorp/aws\"].source",
      "instances": [
        {
          "index_key": 0,
          "schema_version": 0,
          "attributes": {
            "arn": "arn:aws:elasticloadbalancing:us-east-1:764364320071:targetgroup/busybee-TG-green/e8d0d20a98d6ca2e",
            "arn_suffix": "targetgroup/busybee-TG-green/e8d0d20a98d6ca2e",
            "connection_termination": false,
            "deregistration_delay": "300",
            "health_check": [
              {
                "enabled": true,
                "healthy_threshold": 3,
                "interval": 300,
                "matcher": "200",
                "path": "/usr/share/nginx/html/",
                "port": "traffic-port",
                "protocol": "HTTP",
                "timeout": 5,
                "unhealthy_threshold": 3
              }
            ],
            "id": "arn:aws:elasticloadbalancing:us-east-1:764364320071:targetgroup/busybee-TG-green/e8d0d20a98d6ca2e",
            "ip_address_type": null,
            "lambda_multi_value_headers_enabled": false,
            "load_balancing_algorithm_type": "round_robin",
            "name": "busybee-TG-green",
            "name_prefix": null,
            "port": 80,
            "preserve_client_ip": null,
            "protocol": "HTTP",
            "protocol_version": "HTTP1",
            "proxy_protocol_v2": false,
            "slow_start": 0,
            "stickiness": [
              {
                "cookie_duration": 86400,
                "cookie_name": "",
                "enabled": false,
                "type": "lb_cookie"
              }
            ],
            "tags": null,
            "tags_all": {},
            "target_type": "instance",
            "vpc_id": "vpc-029243fde226ae0f1"
          },
          "sensitive_attributes": [],
          "private": "bnVsbA==",
          "dependencies": [
            "module.network.aws_vpc.main"
          ]
        },
        {
          "index_key": 1,
          "schema_version": 0,
          "attributes": {
            "arn": "arn:aws:elasticloadbalancing:us-east-1:764364320071:targetgroup/busybee-TG-blue/7575f48b157a6779",
            "arn_suffix": "targetgroup/busybee-TG-blue/7575f48b157a6779",
            "connection_termination": false,
            "deregistration_delay": "300",
            "health_check": [
              {
                "enabled": true,
                "healthy_threshold": 3,
                "interval": 300,
                "matcher": "200",
                "path": "/usr/share/nginx/html/",
                "port": "traffic-port",
                "protocol": "HTTP",
                "timeout": 5,
                "unhealthy_threshold": 3
              }
            ],
            "id": "arn:aws:elasticloadbalancing:us-east-1:764364320071:targetgroup/busybee-TG-blue/7575f48b157a6779",
            "ip_address_type": null,
            "lambda_multi_value_headers_enabled": false,
            "load_balancing_algorithm_type": "round_robin",
            "name": "busybee-TG-blue",
            "name_prefix": null,
            "port": 80,
            "preserve_client_ip": null,
            "protocol": "HTTP",
            "protocol_version": "HTTP1",
            "proxy_protocol_v2": false,
            "slow_start": 0,
            "stickiness": [
              {
                "cookie_duration": 86400,
                "cookie_name": "",
                "enabled": false,
                "type": "lb_cookie"
              }
            ],
            "tags": null,
            "tags_all": {},
            "target_type": "instance",
            "vpc_id": "vpc-029243fde226ae0f1"
          },
          "sensitive_attributes": [],
          "private": "bnVsbA==",
          "dependencies": [
            "module.network.aws_vpc.main"
          ]
        }
      ]
    },
    {
      "module": "module.network",
      "mode": "managed",
      "type": "aws_nat_gateway",
      "name": "natA",
      "provider": "provider[\"registry.terraform.io/hashicorp/aws\"].source",
      "instances": [
        {
          "schema_version": 0,
          "attributes": {
            "allocation_id": "eipalloc-0a33b76603235e8f9",
            "connectivity_type": "public",
            "id": "nat-00d44483a856621f9",
            "network_interface_id": "eni-02cd7623fc1c2abf6",
            "private_ip": "172.16.1.39",
            "public_ip": "18.204.63.235",
            "subnet_id": "subnet-06d2e4f5aa32bf154",
            "tags": {
              "Name": "natA"
            },
            "tags_all": {
              "Name": "natA"
            }
          },
          "sensitive_attributes": [],
          "private": "bnVsbA==",
          "dependencies": [
            "module.network.aws_eip.natEipA",
            "module.network.aws_subnet.publicA",
            "module.network.aws_vpc.main"
          ]
        }
      ]
    },
    {
      "module": "module.network",
      "mode": "managed",
      "type": "aws_nat_gateway",
      "name": "natB",
      "provider": "provider[\"registry.terraform.io/hashicorp/aws\"].source",
      "instances": [
        {
          "schema_version": 0,
          "attributes": {
            "allocation_id": "eipalloc-0ce6c99c913222add",
            "connectivity_type": "public",
            "id": "nat-0e890456ee4995ae3",
            "network_interface_id": "eni-0e0a480e65c50c32b",
            "private_ip": "172.16.2.230",
            "public_ip": "44.206.81.156",
            "subnet_id": "subnet-0e25a80da807847f0",
            "tags": {
              "Name": "natB"
            },
            "tags_all": {
              "Name": "natB"
            }
          },
          "sensitive_attributes": [],
          "private": "bnVsbA==",
          "dependencies": [
            "module.network.aws_eip.natEipB",
            "module.network.aws_subnet.publicB",
            "module.network.aws_vpc.main"
          ]
        }
      ]
    },
    {
      "module": "module.network",
      "mode": "managed",
      "type": "aws_nat_gateway",
      "name": "natC",
      "provider": "provider[\"registry.terraform.io/hashicorp/aws\"].source",
      "instances": [
        {
          "schema_version": 0,
          "attributes": {
            "allocation_id": "eipalloc-098aa874066d36d44",
            "connectivity_type": "public",
            "id": "nat-02252bad916b18a4c",
            "network_interface_id": "eni-0fe601e9ef99a1fcc",
            "private_ip": "172.16.3.177",
            "public_ip": "35.175.71.74",
            "subnet_id": "subnet-0d25e875a76d5dba8",
            "tags": {
              "Name": "natC"
            },
            "tags_all": {
              "Name": "natC"
            }
          },
          "sensitive_attributes": [],
          "private": "bnVsbA==",
          "dependencies": [
            "module.network.aws_eip.natEipC",
            "module.network.aws_subnet.publicC",
            "module.network.aws_vpc.main"
          ]
        }
      ]
    },
    {
      "module": "module.network",
      "mode": "managed",
      "type": "aws_route_table",
      "name": "MyPublicRoute",
      "provider": "provider[\"registry.terraform.io/hashicorp/aws\"].source",
      "instances": [
        {
          "schema_version": 0,
          "attributes": {
            "arn": "arn:aws:ec2:us-east-1:764364320071:route-table/rtb-0bff1a8a6f9c8c15e",
            "id": "rtb-0bff1a8a6f9c8c15e",
            "owner_id": "764364320071",
            "propagating_vgws": [],
            "route": [
              {
                "carrier_gateway_id": "",
                "cidr_block": "0.0.0.0/0",
                "core_network_arn": "",
                "destination_prefix_list_id": "",
                "egress_only_gateway_id": "",
                "gateway_id": "igw-094a61afa6db65359",
                "instance_id": "",
                "ipv6_cidr_block": "",
                "local_gateway_id": "",
                "nat_gateway_id": "",
                "network_interface_id": "",
                "transit_gateway_id": "",
                "vpc_endpoint_id": "",
                "vpc_peering_connection_id": ""
              }
            ],
            "tags": {
              "Name": "MyPublicRoute"
            },
            "tags_all": {
              "Name": "MyPublicRoute"
            },
            "timeouts": null,
            "vpc_id": "vpc-029243fde226ae0f1"
          },
          "sensitive_attributes": [],
          "private": "eyJlMmJmYjczMC1lY2FhLTExZTYtOGY4OC0zNDM2M2JjN2M0YzAiOnsiY3JlYXRlIjozMDAwMDAwMDAwMDAsImRlbGV0ZSI6MzAwMDAwMDAwMDAwLCJ1cGRhdGUiOjEyMDAwMDAwMDAwMH19",
          "dependencies": [
            "module.network.aws_internet_gateway.MyIGW",
            "module.network.aws_vpc.main"
          ]
        }
      ]
    },
    {
      "module": "module.network",
      "mode": "managed",
      "type": "aws_route_table",
      "name": "PrivateRouteA",
      "provider": "provider[\"registry.terraform.io/hashicorp/aws\"].source",
      "instances": [
        {
          "schema_version": 0,
          "attributes": {
            "arn": "arn:aws:ec2:us-east-1:764364320071:route-table/rtb-032dc41e1f4640950",
            "id": "rtb-032dc41e1f4640950",
            "owner_id": "764364320071",
            "propagating_vgws": [],
            "route": [
              {
                "carrier_gateway_id": "",
                "cidr_block": "0.0.0.0/0",
                "core_network_arn": "",
                "destination_prefix_list_id": "",
                "egress_only_gateway_id": "",
                "gateway_id": "nat-00d44483a856621f9",
                "instance_id": "",
                "ipv6_cidr_block": "",
                "local_gateway_id": "",
                "nat_gateway_id": "",
                "network_interface_id": "",
                "transit_gateway_id": "",
                "vpc_endpoint_id": "",
                "vpc_peering_connection_id": ""
              }
            ],
            "tags": {
              "Name": "PrivateRouteA"
            },
            "tags_all": {
              "Name": "PrivateRouteA"
            },
            "timeouts": null,
            "vpc_id": "vpc-029243fde226ae0f1"
          },
          "sensitive_attributes": [],
          "private": "eyJlMmJmYjczMC1lY2FhLTExZTYtOGY4OC0zNDM2M2JjN2M0YzAiOnsiY3JlYXRlIjozMDAwMDAwMDAwMDAsImRlbGV0ZSI6MzAwMDAwMDAwMDAwLCJ1cGRhdGUiOjEyMDAwMDAwMDAwMH19",
          "dependencies": [
            "module.network.aws_eip.natEipA",
            "module.network.aws_nat_gateway.natA",
            "module.network.aws_subnet.publicA",
            "module.network.aws_vpc.main"
          ]
        }
      ]
    },
    {
      "module": "module.network",
      "mode": "managed",
      "type": "aws_route_table",
      "name": "PrivateRouteB",
      "provider": "provider[\"registry.terraform.io/hashicorp/aws\"].source",
      "instances": [
        {
          "schema_version": 0,
          "attributes": {
            "arn": "arn:aws:ec2:us-east-1:764364320071:route-table/rtb-086ea1fcbd9e87961",
            "id": "rtb-086ea1fcbd9e87961",
            "owner_id": "764364320071",
            "propagating_vgws": [],
            "route": [
              {
                "carrier_gateway_id": "",
                "cidr_block": "0.0.0.0/0",
                "core_network_arn": "",
                "destination_prefix_list_id": "",
                "egress_only_gateway_id": "",
                "gateway_id": "nat-0e890456ee4995ae3",
                "instance_id": "",
                "ipv6_cidr_block": "",
                "local_gateway_id": "",
                "nat_gateway_id": "",
                "network_interface_id": "",
                "transit_gateway_id": "",
                "vpc_endpoint_id": "",
                "vpc_peering_connection_id": ""
              }
            ],
            "tags": {
              "Name": "PrivateRouteB"
            },
            "tags_all": {
              "Name": "PrivateRouteB"
            },
            "timeouts": null,
            "vpc_id": "vpc-029243fde226ae0f1"
          },
          "sensitive_attributes": [],
          "private": "eyJlMmJmYjczMC1lY2FhLTExZTYtOGY4OC0zNDM2M2JjN2M0YzAiOnsiY3JlYXRlIjozMDAwMDAwMDAwMDAsImRlbGV0ZSI6MzAwMDAwMDAwMDAwLCJ1cGRhdGUiOjEyMDAwMDAwMDAwMH19",
          "dependencies": [
            "module.network.aws_eip.natEipB",
            "module.network.aws_nat_gateway.natB",
            "module.network.aws_subnet.publicB",
            "module.network.aws_vpc.main"
          ]
        }
      ]
    },
    {
      "module": "module.network",
      "mode": "managed",
      "type": "aws_route_table",
      "name": "PrivateRouteC",
      "provider": "provider[\"registry.terraform.io/hashicorp/aws\"].source",
      "instances": [
        {
          "schema_version": 0,
          "attributes": {
            "arn": "arn:aws:ec2:us-east-1:764364320071:route-table/rtb-0e7ed11bce5be6380",
            "id": "rtb-0e7ed11bce5be6380",
            "owner_id": "764364320071",
            "propagating_vgws": [],
            "route": [
              {
                "carrier_gateway_id": "",
                "cidr_block": "0.0.0.0/0",
                "core_network_arn": "",
                "destination_prefix_list_id": "",
                "egress_only_gateway_id": "",
                "gateway_id": "nat-02252bad916b18a4c",
                "instance_id": "",
                "ipv6_cidr_block": "",
                "local_gateway_id": "",
                "nat_gateway_id": "",
                "network_interface_id": "",
                "transit_gateway_id": "",
                "vpc_endpoint_id": "",
                "vpc_peering_connection_id": ""
              }
            ],
            "tags": {
              "Name": "PrivateRouteC"
            },
            "tags_all": {
              "Name": "PrivateRouteC"
            },
            "timeouts": null,
            "vpc_id": "vpc-029243fde226ae0f1"
          },
          "sensitive_attributes": [],
          "private": "eyJlMmJmYjczMC1lY2FhLTExZTYtOGY4OC0zNDM2M2JjN2M0YzAiOnsiY3JlYXRlIjozMDAwMDAwMDAwMDAsImRlbGV0ZSI6MzAwMDAwMDAwMDAwLCJ1cGRhdGUiOjEyMDAwMDAwMDAwMH19",
          "dependencies": [
            "module.network.aws_eip.natEipC",
            "module.network.aws_nat_gateway.natC",
            "module.network.aws_subnet.publicC",
            "module.network.aws_vpc.main"
          ]
        }
      ]
    },
    {
      "module": "module.network",
      "mode": "managed",
      "type": "aws_route_table_association",
      "name": "privateAppA",
      "provider": "provider[\"registry.terraform.io/hashicorp/aws\"].source",
      "instances": [
        {
          "schema_version": 0,
          "attributes": {
            "gateway_id": "",
            "id": "rtbassoc-06d4292a648652f29",
            "route_table_id": "rtb-032dc41e1f4640950",
            "subnet_id": "subnet-0a492dc9f15fb40b2"
          },
          "sensitive_attributes": [],
          "private": "bnVsbA==",
          "dependencies": [
            "module.network.aws_eip.natEipA",
            "module.network.aws_nat_gateway.natA",
            "module.network.aws_route_table.PrivateRouteA",
            "module.network.aws_subnet.appA",
            "module.network.aws_subnet.publicA",
            "module.network.aws_vpc.main"
          ]
        }
      ]
    },
    {
      "module": "module.network",
      "mode": "managed",
      "type": "aws_route_table_association",
      "name": "privateAppB",
      "provider": "provider[\"registry.terraform.io/hashicorp/aws\"].source",
      "instances": [
        {
          "schema_version": 0,
          "attributes": {
            "gateway_id": "",
            "id": "rtbassoc-0687dc283b2c7af08",
            "route_table_id": "rtb-086ea1fcbd9e87961",
            "subnet_id": "subnet-049bbdc9fc34b6fc6"
          },
          "sensitive_attributes": [],
          "private": "bnVsbA==",
          "dependencies": [
            "module.network.aws_eip.natEipB",
            "module.network.aws_nat_gateway.natB",
            "module.network.aws_route_table.PrivateRouteB",
            "module.network.aws_subnet.appB",
            "module.network.aws_subnet.publicB",
            "module.network.aws_vpc.main"
          ]
        }
      ]
    },
    {
      "module": "module.network",
      "mode": "managed",
      "type": "aws_route_table_association",
      "name": "privateAppC",
      "provider": "provider[\"registry.terraform.io/hashicorp/aws\"].source",
      "instances": [
        {
          "schema_version": 0,
          "attributes": {
            "gateway_id": "",
            "id": "rtbassoc-041114f3346dac282",
            "route_table_id": "rtb-0e7ed11bce5be6380",
            "subnet_id": "subnet-0edd9f005b1e3685f"
          },
          "sensitive_attributes": [],
          "private": "bnVsbA==",
          "dependencies": [
            "module.network.aws_eip.natEipC",
            "module.network.aws_nat_gateway.natC",
            "module.network.aws_route_table.PrivateRouteC",
            "module.network.aws_subnet.appC",
            "module.network.aws_subnet.publicC",
            "module.network.aws_vpc.main"
          ]
        }
      ]
    },
    {
      "module": "module.network",
      "mode": "managed",
      "type": "aws_route_table_association",
      "name": "privateDbA",
      "provider": "provider[\"registry.terraform.io/hashicorp/aws\"].source",
      "instances": [
        {
          "schema_version": 0,
          "attributes": {
            "gateway_id": "",
            "id": "rtbassoc-090b9c75c87e2bcb9",
            "route_table_id": "rtb-032dc41e1f4640950",
            "subnet_id": "subnet-0d2acec67f404d1c0"
          },
          "sensitive_attributes": [],
          "private": "bnVsbA==",
          "dependencies": [
            "module.database.aws_subnet.dbA",
            "module.network.aws_eip.natEipA",
            "module.network.aws_nat_gateway.natA",
            "module.network.aws_route_table.PrivateRouteA",
            "module.network.aws_subnet.publicA",
            "module.network.aws_vpc.main"
          ]
        }
      ]
    },
    {
      "module": "module.network",
      "mode": "managed",
      "type": "aws_route_table_association",
      "name": "privateDbB",
      "provider": "provider[\"registry.terraform.io/hashicorp/aws\"].source",
      "instances": [
        {
          "schema_version": 0,
          "attributes": {
            "gateway_id": "",
            "id": "rtbassoc-0efb09c30d671be53",
            "route_table_id": "rtb-086ea1fcbd9e87961",
            "subnet_id": "subnet-03f8e1d9dffb82ebe"
          },
          "sensitive_attributes": [],
          "private": "bnVsbA==",
          "dependencies": [
            "module.database.aws_subnet.dbB",
            "module.network.aws_eip.natEipB",
            "module.network.aws_nat_gateway.natB",
            "module.network.aws_route_table.PrivateRouteB",
            "module.network.aws_subnet.publicB",
            "module.network.aws_vpc.main"
          ]
        }
      ]
    },
    {
      "module": "module.network",
      "mode": "managed",
      "type": "aws_route_table_association",
      "name": "privateDbC",
      "provider": "provider[\"registry.terraform.io/hashicorp/aws\"].source",
      "instances": [
        {
          "schema_version": 0,
          "attributes": {
            "gateway_id": "",
            "id": "rtbassoc-07a613b50651affe1",
            "route_table_id": "rtb-0e7ed11bce5be6380",
            "subnet_id": "subnet-09cddd3d432615f71"
          },
          "sensitive_attributes": [],
          "private": "bnVsbA==",
          "dependencies": [
            "module.database.aws_subnet.dbC",
            "module.network.aws_eip.natEipC",
            "module.network.aws_nat_gateway.natC",
            "module.network.aws_route_table.PrivateRouteC",
            "module.network.aws_subnet.publicC",
            "module.network.aws_vpc.main"
          ]
        }
      ]
    },
    {
      "module": "module.network",
      "mode": "managed",
      "type": "aws_route_table_association",
      "name": "publicSubnetA",
      "provider": "provider[\"registry.terraform.io/hashicorp/aws\"].source",
      "instances": [
        {
          "schema_version": 0,
          "attributes": {
            "gateway_id": "",
            "id": "rtbassoc-00bd31ce89a3e9ba1",
            "route_table_id": "rtb-0bff1a8a6f9c8c15e",
            "subnet_id": "subnet-06d2e4f5aa32bf154"
          },
          "sensitive_attributes": [],
          "private": "bnVsbA==",
          "dependencies": [
            "module.network.aws_internet_gateway.MyIGW",
            "module.network.aws_route_table.MyPublicRoute",
            "module.network.aws_subnet.publicA",
            "module.network.aws_vpc.main"
          ]
        }
      ]
    },
    {
      "module": "module.network",
      "mode": "managed",
      "type": "aws_route_table_association",
      "name": "publicSubnetB",
      "provider": "provider[\"registry.terraform.io/hashicorp/aws\"].source",
      "instances": [
        {
          "schema_version": 0,
          "attributes": {
            "gateway_id": "",
            "id": "rtbassoc-039200e7d85cf4f2b",
            "route_table_id": "rtb-0bff1a8a6f9c8c15e",
            "subnet_id": "subnet-0e25a80da807847f0"
          },
          "sensitive_attributes": [],
          "private": "bnVsbA==",
          "dependencies": [
            "module.network.aws_internet_gateway.MyIGW",
            "module.network.aws_route_table.MyPublicRoute",
            "module.network.aws_subnet.publicB",
            "module.network.aws_vpc.main"
          ]
        }
      ]
    },
    {
      "module": "module.network",
      "mode": "managed",
      "type": "aws_route_table_association",
      "name": "publicSubnetC",
      "provider": "provider[\"registry.terraform.io/hashicorp/aws\"].source",
      "instances": [
        {
          "schema_version": 0,
          "attributes": {
            "gateway_id": "",
            "id": "rtbassoc-0ad319278fca68971",
            "route_table_id": "rtb-0bff1a8a6f9c8c15e",
            "subnet_id": "subnet-0d25e875a76d5dba8"
          },
          "sensitive_attributes": [],
          "private": "bnVsbA==",
          "dependencies": [
            "module.network.aws_internet_gateway.MyIGW",
            "module.network.aws_route_table.MyPublicRoute",
            "module.network.aws_subnet.publicC",
            "module.network.aws_vpc.main"
          ]
        }
      ]
    },
    {
      "module": "module.network",
      "mode": "managed",
      "type": "aws_subnet",
      "name": "appA",
      "provider": "provider[\"registry.terraform.io/hashicorp/aws\"].source",
      "instances": [
        {
          "schema_version": 1,
          "attributes": {
            "arn": "arn:aws:ec2:us-east-1:764364320071:subnet/subnet-0a492dc9f15fb40b2",
            "assign_ipv6_address_on_creation": false,
            "availability_zone": "us-east-1a",
            "availability_zone_id": "use1-az6",
            "cidr_block": "172.16.4.0/24",
            "customer_owned_ipv4_pool": "",
            "enable_dns64": false,
            "enable_resource_name_dns_a_record_on_launch": false,
            "enable_resource_name_dns_aaaa_record_on_launch": false,
            "id": "subnet-0a492dc9f15fb40b2",
            "ipv6_cidr_block": "",
            "ipv6_cidr_block_association_id": "",
            "ipv6_native": false,
            "map_customer_owned_ip_on_launch": false,
            "map_public_ip_on_launch": false,
            "outpost_arn": "",
            "owner_id": "764364320071",
            "private_dns_hostname_type_on_launch": "ip-name",
            "tags": {
              "Name": "AppA"
            },
            "tags_all": {
              "Name": "AppA"
            },
            "timeouts": null,
            "vpc_id": "vpc-029243fde226ae0f1"
          },
          "sensitive_attributes": [],
          "private": "eyJlMmJmYjczMC1lY2FhLTExZTYtOGY4OC0zNDM2M2JjN2M0YzAiOnsiY3JlYXRlIjo2MDAwMDAwMDAwMDAsImRlbGV0ZSI6MTIwMDAwMDAwMDAwMH0sInNjaGVtYV92ZXJzaW9uIjoiMSJ9",
          "dependencies": [
            "module.network.aws_vpc.main"
          ]
        }
      ]
    },
    {
      "module": "module.network",
      "mode": "managed",
      "type": "aws_subnet",
      "name": "appB",
      "provider": "provider[\"registry.terraform.io/hashicorp/aws\"].source",
      "instances": [
        {
          "schema_version": 1,
          "attributes": {
            "arn": "arn:aws:ec2:us-east-1:764364320071:subnet/subnet-049bbdc9fc34b6fc6",
            "assign_ipv6_address_on_creation": false,
            "availability_zone": "us-east-1b",
            "availability_zone_id": "use1-az1",
            "cidr_block": "172.16.5.0/24",
            "customer_owned_ipv4_pool": "",
            "enable_dns64": false,
            "enable_resource_name_dns_a_record_on_launch": false,
            "enable_resource_name_dns_aaaa_record_on_launch": false,
            "id": "subnet-049bbdc9fc34b6fc6",
            "ipv6_cidr_block": "",
            "ipv6_cidr_block_association_id": "",
            "ipv6_native": false,
            "map_customer_owned_ip_on_launch": false,
            "map_public_ip_on_launch": false,
            "outpost_arn": "",
            "owner_id": "764364320071",
            "private_dns_hostname_type_on_launch": "ip-name",
            "tags": {
              "Name": "AppB"
            },
            "tags_all": {
              "Name": "AppB"
            },
            "timeouts": null,
            "vpc_id": "vpc-029243fde226ae0f1"
          },
          "sensitive_attributes": [],
          "private": "eyJlMmJmYjczMC1lY2FhLTExZTYtOGY4OC0zNDM2M2JjN2M0YzAiOnsiY3JlYXRlIjo2MDAwMDAwMDAwMDAsImRlbGV0ZSI6MTIwMDAwMDAwMDAwMH0sInNjaGVtYV92ZXJzaW9uIjoiMSJ9",
          "dependencies": [
            "module.network.aws_vpc.main"
          ]
        }
      ]
    },
    {
      "module": "module.network",
      "mode": "managed",
      "type": "aws_subnet",
      "name": "appC",
      "provider": "provider[\"registry.terraform.io/hashicorp/aws\"].source",
      "instances": [
        {
          "schema_version": 1,
          "attributes": {
            "arn": "arn:aws:ec2:us-east-1:764364320071:subnet/subnet-0edd9f005b1e3685f",
            "assign_ipv6_address_on_creation": false,
            "availability_zone": "us-east-1c",
            "availability_zone_id": "use1-az2",
            "cidr_block": "172.16.6.0/24",
            "customer_owned_ipv4_pool": "",
            "enable_dns64": false,
            "enable_resource_name_dns_a_record_on_launch": false,
            "enable_resource_name_dns_aaaa_record_on_launch": false,
            "id": "subnet-0edd9f005b1e3685f",
            "ipv6_cidr_block": "",
            "ipv6_cidr_block_association_id": "",
            "ipv6_native": false,
            "map_customer_owned_ip_on_launch": false,
            "map_public_ip_on_launch": false,
            "outpost_arn": "",
            "owner_id": "764364320071",
            "private_dns_hostname_type_on_launch": "ip-name",
            "tags": {
              "Name": "AppC"
            },
            "tags_all": {
              "Name": "AppC"
            },
            "timeouts": null,
            "vpc_id": "vpc-029243fde226ae0f1"
          },
          "sensitive_attributes": [],
          "private": "eyJlMmJmYjczMC1lY2FhLTExZTYtOGY4OC0zNDM2M2JjN2M0YzAiOnsiY3JlYXRlIjo2MDAwMDAwMDAwMDAsImRlbGV0ZSI6MTIwMDAwMDAwMDAwMH0sInNjaGVtYV92ZXJzaW9uIjoiMSJ9",
          "dependencies": [
            "module.network.aws_vpc.main"
          ]
        }
      ]
    },
    {
      "module": "module.network",
      "mode": "managed",
      "type": "aws_subnet",
      "name": "publicA",
      "provider": "provider[\"registry.terraform.io/hashicorp/aws\"].source",
      "instances": [
        {
          "schema_version": 1,
          "attributes": {
            "arn": "arn:aws:ec2:us-east-1:764364320071:subnet/subnet-06d2e4f5aa32bf154",
            "assign_ipv6_address_on_creation": false,
            "availability_zone": "us-east-1a",
            "availability_zone_id": "use1-az6",
            "cidr_block": "172.16.1.0/24",
            "customer_owned_ipv4_pool": "",
            "enable_dns64": false,
            "enable_resource_name_dns_a_record_on_launch": false,
            "enable_resource_name_dns_aaaa_record_on_launch": false,
            "id": "subnet-06d2e4f5aa32bf154",
            "ipv6_cidr_block": "",
            "ipv6_cidr_block_association_id": "",
            "ipv6_native": false,
            "map_customer_owned_ip_on_launch": false,
            "map_public_ip_on_launch": true,
            "outpost_arn": "",
            "owner_id": "764364320071",
            "private_dns_hostname_type_on_launch": "ip-name",
            "tags": {
              "Name": "publicA"
            },
            "tags_all": {
              "Name": "publicA"
            },
            "timeouts": null,
            "vpc_id": "vpc-029243fde226ae0f1"
          },
          "sensitive_attributes": [],
          "private": "eyJlMmJmYjczMC1lY2FhLTExZTYtOGY4OC0zNDM2M2JjN2M0YzAiOnsiY3JlYXRlIjo2MDAwMDAwMDAwMDAsImRlbGV0ZSI6MTIwMDAwMDAwMDAwMH0sInNjaGVtYV92ZXJzaW9uIjoiMSJ9",
          "dependencies": [
            "module.network.aws_vpc.main"
          ]
        }
      ]
    },
    {
      "module": "module.network",
      "mode": "managed",
      "type": "aws_subnet",
      "name": "publicB",
      "provider": "provider[\"registry.terraform.io/hashicorp/aws\"].source",
      "instances": [
        {
          "schema_version": 1,
          "attributes": {
            "arn": "arn:aws:ec2:us-east-1:764364320071:subnet/subnet-0e25a80da807847f0",
            "assign_ipv6_address_on_creation": false,
            "availability_zone": "us-east-1b",
            "availability_zone_id": "use1-az1",
            "cidr_block": "172.16.2.0/24",
            "customer_owned_ipv4_pool": "",
            "enable_dns64": false,
            "enable_resource_name_dns_a_record_on_launch": false,
            "enable_resource_name_dns_aaaa_record_on_launch": false,
            "id": "subnet-0e25a80da807847f0",
            "ipv6_cidr_block": "",
            "ipv6_cidr_block_association_id": "",
            "ipv6_native": false,
            "map_customer_owned_ip_on_launch": false,
            "map_public_ip_on_launch": true,
            "outpost_arn": "",
            "owner_id": "764364320071",
            "private_dns_hostname_type_on_launch": "ip-name",
            "tags": {
              "Name": "publicB"
            },
            "tags_all": {
              "Name": "publicB"
            },
            "timeouts": null,
            "vpc_id": "vpc-029243fde226ae0f1"
          },
          "sensitive_attributes": [],
          "private": "eyJlMmJmYjczMC1lY2FhLTExZTYtOGY4OC0zNDM2M2JjN2M0YzAiOnsiY3JlYXRlIjo2MDAwMDAwMDAwMDAsImRlbGV0ZSI6MTIwMDAwMDAwMDAwMH0sInNjaGVtYV92ZXJzaW9uIjoiMSJ9",
          "dependencies": [
            "module.network.aws_vpc.main"
          ]
        }
      ]
    },
    {
      "module": "module.network",
      "mode": "managed",
      "type": "aws_subnet",
      "name": "publicC",
      "provider": "provider[\"registry.terraform.io/hashicorp/aws\"].source",
      "instances": [
        {
          "schema_version": 1,
          "attributes": {
            "arn": "arn:aws:ec2:us-east-1:764364320071:subnet/subnet-0d25e875a76d5dba8",
            "assign_ipv6_address_on_creation": false,
            "availability_zone": "us-east-1c",
            "availability_zone_id": "use1-az2",
            "cidr_block": "172.16.3.0/24",
            "customer_owned_ipv4_pool": "",
            "enable_dns64": false,
            "enable_resource_name_dns_a_record_on_launch": false,
            "enable_resource_name_dns_aaaa_record_on_launch": false,
            "id": "subnet-0d25e875a76d5dba8",
            "ipv6_cidr_block": "",
            "ipv6_cidr_block_association_id": "",
            "ipv6_native": false,
            "map_customer_owned_ip_on_launch": false,
            "map_public_ip_on_launch": true,
            "outpost_arn": "",
            "owner_id": "764364320071",
            "private_dns_hostname_type_on_launch": "ip-name",
            "tags": {
              "Name": "publicC"
            },
            "tags_all": {
              "Name": "publicC"
            },
            "timeouts": null,
            "vpc_id": "vpc-029243fde226ae0f1"
          },
          "sensitive_attributes": [],
          "private": "eyJlMmJmYjczMC1lY2FhLTExZTYtOGY4OC0zNDM2M2JjN2M0YzAiOnsiY3JlYXRlIjo2MDAwMDAwMDAwMDAsImRlbGV0ZSI6MTIwMDAwMDAwMDAwMH0sInNjaGVtYV92ZXJzaW9uIjoiMSJ9",
          "dependencies": [
            "module.network.aws_vpc.main"
          ]
        }
      ]
    },
    {
      "module": "module.network",
      "mode": "managed",
      "type": "aws_vpc",
      "name": "main",
      "provider": "provider[\"registry.terraform.io/hashicorp/aws\"].source",
      "instances": [
        {
          "schema_version": 1,
          "attributes": {
            "arn": "arn:aws:ec2:us-east-1:764364320071:vpc/vpc-029243fde226ae0f1",
            "assign_generated_ipv6_cidr_block": false,
            "cidr_block": "172.16.0.0/16",
            "default_network_acl_id": "acl-0e0815d65d5c9feee",
            "default_route_table_id": "rtb-0c45182be89b1de98",
            "default_security_group_id": "sg-0e0c5775d4d2c0076",
            "dhcp_options_id": "dopt-05751353b2ae3fe33",
            "enable_classiclink": false,
            "enable_classiclink_dns_support": false,
            "enable_dns_hostnames": true,
            "enable_dns_support": true,
            "enable_network_address_usage_metrics": false,
            "id": "vpc-029243fde226ae0f1",
            "instance_tenancy": "default",
            "ipv4_ipam_pool_id": null,
            "ipv4_netmask_length": null,
            "ipv6_association_id": "",
            "ipv6_cidr_block": "",
            "ipv6_cidr_block_network_border_group": "",
            "ipv6_ipam_pool_id": "",
            "ipv6_netmask_length": 0,
            "main_route_table_id": "rtb-0c45182be89b1de98",
            "owner_id": "764364320071",
            "tags": {
              "Name": "busybeeVPC"
            },
            "tags_all": {
              "Name": "busybeeVPC"
            }
          },
          "sensitive_attributes": [],
          "private": "eyJzY2hlbWFfdmVyc2lvbiI6IjEifQ==",
          "create_before_destroy": true
        }
      ]
    },
    {
      "module": "module.security",
      "mode": "data",
      "type": "aws_iam_policy_document",
      "name": "assume_by_codebuild",
      "provider": "provider[\"registry.terraform.io/hashicorp/aws\"].source",
      "instances": [
        {
          "schema_version": 0,
          "attributes": {
            "id": "442947395",
            "json": "{\n  \"Version\": \"2012-10-17\",\n  \"Statement\": [\n    {\n      \"Sid\": \"\",\n      \"Effect\": \"Allow\",\n      \"Action\": \"sts:AssumeRole\",\n      \"Principal\": {\n        \"Service\": \"codebuild.amazonaws.com\"\n      }\n    }\n  ]\n}",
            "override_json": null,
            "override_policy_documents": null,
            "policy_id": null,
            "source_json": null,
            "source_policy_documents": null,
            "statement": [
              {
                "actions": [
                  "sts:AssumeRole"
                ],
                "condition": [],
                "effect": "Allow",
                "not_actions": [],
                "not_principals": [],
                "not_resources": [],
                "principals": [
                  {
                    "identifiers": [
                      "codebuild.amazonaws.com"
                    ],
                    "type": "Service"
                  }
                ],
                "resources": [],
                "sid": ""
              }
            ],
            "version": "2012-10-17"
          },
          "sensitive_attributes": []
        }
      ]
    },
    {
      "module": "module.security",
      "mode": "data",
      "type": "aws_iam_policy_document",
      "name": "assume_by_codedeploy",
      "provider": "provider[\"registry.terraform.io/hashicorp/aws\"].source",
      "instances": [
        {
          "schema_version": 0,
          "attributes": {
            "id": "2821546186",
            "json": "{\n  \"Version\": \"2012-10-17\",\n  \"Statement\": [\n    {\n      \"Sid\": \"\",\n      \"Effect\": \"Allow\",\n      \"Action\": \"sts:AssumeRole\",\n      \"Principal\": {\n        \"Service\": [\n          \"ecs-tasks.amazonaws.com\",\n          \"codedeploy.amazonaws.com\"\n        ]\n      }\n    }\n  ]\n}",
            "override_json": null,
            "override_policy_documents": null,
            "policy_id": null,
            "source_json": null,
            "source_policy_documents": null,
            "statement": [
              {
                "actions": [
                  "sts:AssumeRole"
                ],
                "condition": [],
                "effect": "Allow",
                "not_actions": [],
                "not_principals": [],
                "not_resources": [],
                "principals": [
                  {
                    "identifiers": [
                      "codedeploy.amazonaws.com",
                      "ecs-tasks.amazonaws.com"
                    ],
                    "type": "Service"
                  }
                ],
                "resources": [],
                "sid": ""
              }
            ],
            "version": "2012-10-17"
          },
          "sensitive_attributes": []
        }
      ]
    },
    {
      "module": "module.security",
      "mode": "data",
      "type": "aws_iam_policy_document",
      "name": "assume_by_ec2",
      "provider": "provider[\"registry.terraform.io/hashicorp/aws\"].source",
      "instances": [
        {
          "schema_version": 0,
          "attributes": {
            "id": "1903849331",
            "json": "{\n  \"Version\": \"2012-10-17\",\n  \"Statement\": [\n    {\n      \"Sid\": \"\",\n      \"Effect\": \"Allow\",\n      \"Action\": \"sts:AssumeRole\",\n      \"Principal\": {\n        \"Service\": \"ec2.amazonaws.com\"\n      }\n    }\n  ]\n}",
            "override_json": null,
            "override_policy_documents": null,
            "policy_id": null,
            "source_json": null,
            "source_policy_documents": null,
            "statement": [
              {
                "actions": [
                  "sts:AssumeRole"
                ],
                "condition": [],
                "effect": "Allow",
                "not_actions": [],
                "not_principals": [],
                "not_resources": [],
                "principals": [
                  {
                    "identifiers": [
                      "ec2.amazonaws.com"
                    ],
                    "type": "Service"
                  }
                ],
                "resources": [],
                "sid": ""
              }
            ],
            "version": "2012-10-17"
          },
          "sensitive_attributes": []
        }
      ]
    },
    {
      "module": "module.security",
      "mode": "data",
      "type": "aws_iam_policy_document",
      "name": "assume_by_ecs",
      "provider": "provider[\"registry.terraform.io/hashicorp/aws\"].source",
      "instances": [
        {
          "schema_version": 0,
          "attributes": {
            "id": "252836154",
            "json": "{\n  \"Version\": \"2012-10-17\",\n  \"Statement\": [\n    {\n      \"Sid\": \"\",\n      \"Effect\": \"Allow\",\n      \"Action\": \"sts:AssumeRole\",\n      \"Principal\": {\n        \"Service\": [\n          \"ecs.amazonaws.com\",\n          \"ecs-tasks.amazonaws.com\"\n        ]\n      }\n    }\n  ]\n}",
            "override_json": null,
            "override_policy_documents": null,
            "policy_id": null,
            "source_json": null,
            "source_policy_documents": null,
            "statement": [
              {
                "actions": [
                  "sts:AssumeRole"
                ],
                "condition": [],
                "effect": "Allow",
                "not_actions": [],
                "not_principals": [],
                "not_resources": [],
                "principals": [
                  {
                    "identifiers": [
                      "ecs-tasks.amazonaws.com",
                      "ecs.amazonaws.com"
                    ],
                    "type": "Service"
                  }
                ],
                "resources": [],
                "sid": ""
              }
            ],
            "version": "2012-10-17"
          },
          "sensitive_attributes": []
        }
      ]
    },
    {
      "module": "module.security",
      "mode": "data",
      "type": "aws_iam_policy_document",
      "name": "assume_by_ecs_tasks",
      "provider": "provider[\"registry.terraform.io/hashicorp/aws\"].source",
      "instances": [
        {
          "schema_version": 0,
          "attributes": {
            "id": "320642683",
            "json": "{\n  \"Version\": \"2012-10-17\",\n  \"Statement\": [\n    {\n      \"Sid\": \"\",\n      \"Effect\": \"Allow\",\n      \"Action\": \"sts:AssumeRole\",\n      \"Principal\": {\n        \"Service\": \"ecs-tasks.amazonaws.com\"\n      }\n    }\n  ]\n}",
            "override_json": null,
            "override_policy_documents": null,
            "policy_id": null,
            "source_json": null,
            "source_policy_documents": null,
            "statement": [
              {
                "actions": [
                  "sts:AssumeRole"
                ],
                "condition": [],
                "effect": "Allow",
                "not_actions": [],
                "not_principals": [],
                "not_resources": [],
                "principals": [
                  {
                    "identifiers": [
                      "ecs-tasks.amazonaws.com"
                    ],
                    "type": "Service"
                  }
                ],
                "resources": [],
                "sid": ""
              }
            ],
            "version": "2012-10-17"
          },
          "sensitive_attributes": []
        }
      ]
    },
    {
      "module": "module.security",
      "mode": "data",
      "type": "aws_iam_policy_document",
      "name": "assume_by_lambda",
      "provider": "provider[\"registry.terraform.io/hashicorp/aws\"].source",
      "instances": [
        {
          "schema_version": 0,
          "attributes": {
            "id": "3693445097",
            "json": "{\n  \"Version\": \"2012-10-17\",\n  \"Statement\": [\n    {\n      \"Sid\": \"\",\n      \"Effect\": \"Allow\",\n      \"Action\": \"sts:AssumeRole\",\n      \"Principal\": {\n        \"Service\": \"lambda.amazonaws.com\"\n      }\n    }\n  ]\n}",
            "override_json": null,
            "override_policy_documents": null,
            "policy_id": null,
            "source_json": null,
            "source_policy_documents": null,
            "statement": [
              {
                "actions": [
                  "sts:AssumeRole"
                ],
                "condition": [],
                "effect": "Allow",
                "not_actions": [],
                "not_principals": [],
                "not_resources": [],
                "principals": [
                  {
                    "identifiers": [
                      "lambda.amazonaws.com"
                    ],
                    "type": "Service"
                  }
                ],
                "resources": [],
                "sid": ""
              }
            ],
            "version": "2012-10-17"
          },
          "sensitive_attributes": []
        }
      ]
    },
    {
      "module": "module.security",
      "mode": "data",
      "type": "aws_iam_policy_document",
      "name": "assume_by_pipeline",
      "provider": "provider[\"registry.terraform.io/hashicorp/aws\"].source",
      "instances": [
        {
          "schema_version": 0,
          "attributes": {
            "id": "382154967",
            "json": "{\n  \"Version\": \"2012-10-17\",\n  \"Statement\": [\n    {\n      \"Sid\": \"\",\n      \"Effect\": \"Allow\",\n      \"Action\": \"sts:AssumeRole\",\n      \"Principal\": {\n        \"Service\": \"codepipeline.amazonaws.com\"\n      }\n    }\n  ]\n}",
            "override_json": null,
            "override_policy_documents": null,
            "policy_id": null,
            "source_json": null,
            "source_policy_documents": null,
            "statement": [
              {
                "actions": [
                  "sts:AssumeRole"
                ],
                "condition": [],
                "effect": "Allow",
                "not_actions": [],
                "not_principals": [],
                "not_resources": [],
                "principals": [
                  {
                    "identifiers": [
                      "codepipeline.amazonaws.com"
                    ],
                    "type": "Service"
                  }
                ],
                "resources": [],
                "sid": ""
              }
            ],
            "version": "2012-10-17"
          },
          "sensitive_attributes": []
        }
      ]
    },
    {
      "module": "module.security",
      "mode": "data",
      "type": "aws_iam_policy_document",
      "name": "assume_for_replication",
      "provider": "provider[\"registry.terraform.io/hashicorp/aws\"].source",
      "instances": [
        {
          "schema_version": 0,
          "attributes": {
            "id": "4003806384",
            "json": "{\n  \"Version\": \"2012-10-17\",\n  \"Statement\": [\n    {\n      \"Sid\": \"\",\n      \"Effect\": \"Allow\",\n      \"Action\": \"sts:AssumeRole\",\n      \"Principal\": {\n        \"Service\": \"s3.amazonaws.com\"\n      }\n    }\n  ]\n}",
            "override_json": null,
            "override_policy_documents": null,
            "policy_id": null,
            "source_json": null,
            "source_policy_documents": null,
            "statement": [
              {
                "actions": [
                  "sts:AssumeRole"
                ],
                "condition": [],
                "effect": "Allow",
                "not_actions": [],
                "not_principals": [],
                "not_resources": [],
                "principals": [
                  {
                    "identifiers": [
                      "s3.amazonaws.com"
                    ],
                    "type": "Service"
                  }
                ],
                "resources": [],
                "sid": ""
              }
            ],
            "version": "2012-10-17"
          },
          "sensitive_attributes": []
        }
      ]
    },
    {
      "module": "module.security",
      "mode": "data",
      "type": "aws_iam_policy_document",
      "name": "deploymentPermissionsDocument",
      "provider": "provider[\"registry.terraform.io/hashicorp/aws\"].source",
      "instances": [
        {
          "schema_version": 0,
          "attributes": {
            "id": "3070840977",
            "json": "{\n  \"Version\": \"2012-10-17\",\n  \"Statement\": [\n    {\n      \"Sid\": \"AllowECS\",\n      \"Effect\": \"Allow\",\n      \"Action\": [\n        \"ecs:UpdateServicePrimaryTaskSet\",\n        \"ecs:RegisterTaskDefinition\",\n        \"ecs:DescribeServices\",\n        \"ecs:DeleteTaskSet\",\n        \"ecs:CreateTaskSet\"\n      ],\n      \"Resource\": \"*\"\n    },\n    {\n      \"Sid\": \"AllowLoadBalancing\",\n      \"Effect\": \"Allow\",\n      \"Action\": [\n        \"elasticloadbalancing:ModifyRule\",\n        \"elasticloadbalancing:ModifyListener\",\n        \"elasticloadbalancing:DescribeTargetGroups\",\n        \"elasticloadbalancing:DescribeRules\",\n        \"elasticloadbalancing:DescribeListeners\"\n      ],\n      \"Resource\": \"*\"\n    },\n    {\n      \"Sid\": \"AllowS3\",\n      \"Effect\": \"Allow\",\n      \"Action\": \"s3:*\",\n      \"Resource\": [\n        \"arn:aws:s3:::pydhl-busybee-project-prod-build/*\",\n        \"arn:aws:s3:::pydhl-busybee-project-prod-build\"\n      ]\n    },\n    {\n      \"Sid\": \"AllowCodeDeploy\",\n      \"Effect\": \"Allow\",\n      \"Action\": [\n        \"codedeploy:RegisterApplicationRevision\",\n        \"codedeploy:GetDeploymentConfig\",\n        \"codedeploy:GetDeployment\",\n        \"codedeploy:GetApplicationRevision\",\n        \"codedeploy:GetApplication\",\n        \"codedeploy:CreateDeployment\"\n      ],\n      \"Resource\": \"*\"\n    },\n    {\n      \"Sid\": \"AllowPassRole\",\n      \"Effect\": \"Allow\",\n      \"Action\": \"iam:PassRole\",\n      \"Resource\": [\n        \"arn:aws:iam::764364320071:role/ecsTaskRole\",\n        \"arn:aws:iam::764364320071:role/ecsServiceRole\",\n        \"arn:aws:iam::764364320071:role/codeDeployServiceRole\",\n        \"arn:aws:ecs:us-east-1:764364320071:cluster/busybee-Cluster\"\n      ]\n    }\n  ]\n}",
            "override_json": null,
            "override_policy_documents": null,
            "policy_id": null,
            "source_json": null,
            "source_policy_documents": null,
            "statement": [
              {
                "actions": [
                  "ecs:CreateTaskSet",
                  "ecs:DeleteTaskSet",
                  "ecs:DescribeServices",
                  "ecs:RegisterTaskDefinition",
                  "ecs:UpdateServicePrimaryTaskSet"
                ],
                "condition": [],
                "effect": "Allow",
                "not_actions": [],
                "not_principals": [],
                "not_resources": [],
                "principals": [],
                "resources": [
                  "*"
                ],
                "sid": "AllowECS"
              },
              {
                "actions": [
                  "elasticloadbalancing:DescribeListeners",
                  "elasticloadbalancing:DescribeRules",
                  "elasticloadbalancing:DescribeTargetGroups",
                  "elasticloadbalancing:ModifyListener",
                  "elasticloadbalancing:ModifyRule"
                ],
                "condition": [],
                "effect": "Allow",
                "not_actions": [],
                "not_principals": [],
                "not_resources": [],
                "principals": [],
                "resources": [
                  "*"
                ],
                "sid": "AllowLoadBalancing"
              },
              {
                "actions": [
                  "s3:*"
                ],
                "condition": [],
                "effect": "Allow",
                "not_actions": [],
                "not_principals": [],
                "not_resources": [],
                "principals": [],
                "resources": [
                  "arn:aws:s3:::pydhl-busybee-project-prod-build",
                  "arn:aws:s3:::pydhl-busybee-project-prod-build/*"
                ],
                "sid": "AllowS3"
              },
              {
                "actions": [
                  "codedeploy:CreateDeployment",
                  "codedeploy:GetApplication",
                  "codedeploy:GetApplicationRevision",
                  "codedeploy:GetDeployment",
                  "codedeploy:GetDeploymentConfig",
                  "codedeploy:RegisterApplicationRevision"
                ],
                "condition": [],
                "effect": "Allow",
                "not_actions": [],
                "not_principals": [],
                "not_resources": [],
                "principals": [],
                "resources": [
                  "*"
                ],
                "sid": "AllowCodeDeploy"
              },
              {
                "actions": [
                  "iam:PassRole"
                ],
                "condition": [],
                "effect": "Allow",
                "not_actions": [],
                "not_principals": [],
                "not_resources": [],
                "principals": [],
                "resources": [
                  "arn:aws:ecs:us-east-1:764364320071:cluster/busybee-Cluster",
                  "arn:aws:iam::764364320071:role/codeDeployServiceRole",
                  "arn:aws:iam::764364320071:role/ecsServiceRole",
                  "arn:aws:iam::764364320071:role/ecsTaskRole"
                ],
                "sid": "AllowPassRole"
              }
            ],
            "version": "2012-10-17"
          },
          "sensitive_attributes": []
        }
      ]
    },
    {
      "module": "module.security",
      "mode": "data",
      "type": "aws_iam_policy_document",
      "name": "dockerImagePermissionsDocument",
      "provider": "provider[\"registry.terraform.io/hashicorp/aws\"].source",
      "instances": [
        {
          "schema_version": 0,
          "attributes": {
            "id": "3733215232",
            "json": "{\n  \"Version\": \"2012-10-17\",\n  \"Statement\": [\n    {\n      \"Sid\": \"AllowUploadToECR\",\n      \"Effect\": \"Allow\",\n      \"Action\": \"ecr:*\",\n      \"Resource\": \"*\"\n    },\n    {\n      \"Sid\": \"AWSKMSUse\",\n      \"Effect\": \"Allow\",\n      \"Action\": [\n        \"kms:ReEncrypt*\",\n        \"kms:GenerateDataKey*\",\n        \"kms:Encrypt\",\n        \"kms:DescribeKey\",\n        \"kms:Decrypt\"\n      ],\n      \"Resource\": \"*\"\n    },\n    {\n      \"Sid\": \"AllowECSDescribeTaskDefinition\",\n      \"Effect\": \"Allow\",\n      \"Action\": \"ecs:DescribeTaskDefinition\",\n      \"Resource\": \"*\"\n    },\n    {\n      \"Sid\": \"AllowLogging\",\n      \"Effect\": \"Allow\",\n      \"Action\": [\n        \"logs:PutLogEvents\",\n        \"logs:CreateLogStream\",\n        \"logs:CreateLogGroup\"\n      ],\n      \"Resource\": \"*\"\n    },\n    {\n      \"Sid\": \"\",\n      \"Effect\": \"Allow\",\n      \"Action\": \"s3:*\",\n      \"Resource\": \"*\"\n    }\n  ]\n}",
            "override_json": null,
            "override_policy_documents": null,
            "policy_id": null,
            "source_json": null,
            "source_policy_documents": null,
            "statement": [
              {
                "actions": [
                  "ecr:*"
                ],
                "condition": [],
                "effect": "Allow",
                "not_actions": [],
                "not_principals": [],
                "not_resources": [],
                "principals": [],
                "resources": [
                  "*"
                ],
                "sid": "AllowUploadToECR"
              },
              {
                "actions": [
                  "kms:Decrypt",
                  "kms:DescribeKey",
                  "kms:Encrypt",
                  "kms:GenerateDataKey*",
                  "kms:ReEncrypt*"
                ],
                "condition": [],
                "effect": "Allow",
                "not_actions": [],
                "not_principals": [],
                "not_resources": [],
                "principals": [],
                "resources": [
                  "*"
                ],
                "sid": "AWSKMSUse"
              },
              {
                "actions": [
                  "ecs:DescribeTaskDefinition"
                ],
                "condition": [],
                "effect": "Allow",
                "not_actions": [],
                "not_principals": [],
                "not_resources": [],
                "principals": [],
                "resources": [
                  "*"
                ],
                "sid": "AllowECSDescribeTaskDefinition"
              },
              {
                "actions": [
                  "logs:CreateLogGroup",
                  "logs:CreateLogStream",
                  "logs:PutLogEvents"
                ],
                "condition": [],
                "effect": "Allow",
                "not_actions": [],
                "not_principals": [],
                "not_resources": [],
                "principals": [],
                "resources": [
                  "*"
                ],
                "sid": "AllowLogging"
              },
              {
                "actions": [
                  "s3:*"
                ],
                "condition": [],
                "effect": "Allow",
                "not_actions": [],
                "not_principals": [],
                "not_resources": [],
                "principals": [],
                "resources": [
                  "*"
                ],
                "sid": ""
              }
            ],
            "version": "2012-10-17"
          },
          "sensitive_attributes": []
        }
      ]
    },
    {
      "module": "module.security",
      "mode": "data",
      "type": "aws_iam_policy_document",
      "name": "ecr_policy_document",
      "provider": "provider[\"registry.terraform.io/hashicorp/aws\"].source",
      "instances": [
        {
          "schema_version": 0,
          "attributes": {
            "id": "611493189",
            "json": "{\n  \"Version\": \"2012-10-17\",\n  \"Statement\": [\n    {\n      \"Sid\": \"AllowDescribeCluster\",\n      \"Effect\": \"Allow\",\n      \"Action\": [\n        \"ecr:ListImages\",\n        \"ecr:GetRepositoryPolicy\",\n        \"ecr:GetLifecyclePolicyPreview\",\n        \"ecr:GetLifecyclePolicy\",\n        \"ecr:GetDownloadUrlForLayer\",\n        \"ecr:DescribeRepositories\",\n        \"ecr:DescribeImages\",\n        \"ecr:BatchGetImage\",\n        \"ecr:BatchCheckLayerAvailability\"\n      ],\n      \"Principal\": {\n        \"AWS\": [\n          \"arn:aws:iam::764364320071:role/codePipelineServiceRole\",\n          \"arn:aws:iam::764364320071:role/codeDeployServiceRole\",\n          \"arn:aws:iam::764364320071:role/codeBuildServiceRole\"\n        ]\n      }\n    }\n  ]\n}",
            "override_json": null,
            "override_policy_documents": null,
            "policy_id": null,
            "source_json": null,
            "source_policy_documents": null,
            "statement": [
              {
                "actions": [
                  "ecr:BatchCheckLayerAvailability",
                  "ecr:BatchGetImage",
                  "ecr:DescribeImages",
                  "ecr:DescribeRepositories",
                  "ecr:GetDownloadUrlForLayer",
                  "ecr:GetLifecyclePolicy",
                  "ecr:GetLifecyclePolicyPreview",
                  "ecr:GetRepositoryPolicy",
                  "ecr:ListImages"
                ],
                "condition": [],
                "effect": "Allow",
                "not_actions": [],
                "not_principals": [],
                "not_resources": [],
                "principals": [
                  {
                    "identifiers": [
                      "arn:aws:iam::764364320071:role/codeBuildServiceRole",
                      "arn:aws:iam::764364320071:role/codeDeployServiceRole",
                      "arn:aws:iam::764364320071:role/codePipelineServiceRole"
                    ],
                    "type": "AWS"
                  }
                ],
                "resources": [],
                "sid": "AllowDescribeCluster"
              }
            ],
            "version": "2012-10-17"
          },
          "sensitive_attributes": []
        }
      ]
    },
    {
      "module": "module.security",
      "mode": "data",
      "type": "aws_iam_policy_document",
      "name": "ecs_execution_role",
      "provider": "provider[\"registry.terraform.io/hashicorp/aws\"].source",
      "instances": [
        {
          "schema_version": 0,
          "attributes": {
            "id": "1346663939",
            "json": "{\n  \"Version\": \"2012-10-17\",\n  \"Statement\": [\n    {\n      \"Sid\": \"AllowECRPull\",\n      \"Effect\": \"Allow\",\n      \"Action\": [\n        \"ecr:GetDownloadUrlForLayer\",\n        \"ecr:BatchGetImage\",\n        \"ecr:BatchCheckLayerAvailability\"\n      ],\n      \"Resource\": \"arn:aws:ecr:us-east-1:764364320071:repository/ecs-busybee-home\"\n    },\n    {\n      \"Sid\": \"AllowECRAuth\",\n      \"Effect\": \"Allow\",\n      \"Action\": \"ecr:GetAuthorizationToken\",\n      \"Resource\": \"*\"\n    },\n    {\n      \"Sid\": \"AllowLogging\",\n      \"Effect\": \"Allow\",\n      \"Action\": [\n        \"logs:PutLogEvents\",\n        \"logs:CreateLogStream\"\n      ],\n      \"Resource\": \"*\"\n    }\n  ]\n}",
            "override_json": null,
            "override_policy_documents": null,
            "policy_id": null,
            "source_json": null,
            "source_policy_documents": null,
            "statement": [
              {
                "actions": [
                  "ecr:BatchCheckLayerAvailability",
                  "ecr:BatchGetImage",
                  "ecr:GetDownloadUrlForLayer"
                ],
                "condition": [],
                "effect": "Allow",
                "not_actions": [],
                "not_principals": [],
                "not_resources": [],
                "principals": [],
                "resources": [
                  "arn:aws:ecr:us-east-1:764364320071:repository/ecs-busybee-home"
                ],
                "sid": "AllowECRPull"
              },
              {
                "actions": [
                  "ecr:GetAuthorizationToken"
                ],
                "condition": [],
                "effect": "Allow",
                "not_actions": [],
                "not_principals": [],
                "not_resources": [],
                "principals": [],
                "resources": [
                  "*"
                ],
                "sid": "AllowECRAuth"
              },
              {
                "actions": [
                  "logs:CreateLogStream",
                  "logs:PutLogEvents"
                ],
                "condition": [],
                "effect": "Allow",
                "not_actions": [],
                "not_principals": [],
                "not_resources": [],
                "principals": [],
                "resources": [
                  "*"
                ],
                "sid": "AllowLogging"
              }
            ],
            "version": "2012-10-17"
          },
          "sensitive_attributes": []
        }
      ]
    },
    {
      "module": "module.security",
      "mode": "data",
      "type": "aws_iam_policy_document",
      "name": "ecs_task_role",
      "provider": "provider[\"registry.terraform.io/hashicorp/aws\"].source",
      "instances": [
        {
          "schema_version": 0,
          "attributes": {
            "id": "3605873543",
            "json": "{\n  \"Version\": \"2012-10-17\",\n  \"Statement\": [\n    {\n      \"Sid\": \"AllowEcrReadAccess\",\n      \"Effect\": \"Allow\",\n      \"Action\": \"ecs:DescribeClusters\",\n      \"Resource\": \"arn:aws:ecs:us-east-1:764364320071:cluster/busybee-Cluster\"\n    }\n  ]\n}",
            "override_json": null,
            "override_policy_documents": null,
            "policy_id": null,
            "source_json": null,
            "source_policy_documents": null,
            "statement": [
              {
                "actions": [
                  "ecs:DescribeClusters"
                ],
                "condition": [],
                "effect": "Allow",
                "not_actions": [],
                "not_principals": [],
                "not_resources": [],
                "principals": [],
                "resources": [
                  "arn:aws:ecs:us-east-1:764364320071:cluster/busybee-Cluster"
                ],
                "sid": "AllowEcrReadAccess"
              }
            ],
            "version": "2012-10-17"
          },
          "sensitive_attributes": []
        }
      ]
    },
    {
      "module": "module.security",
      "mode": "data",
      "type": "aws_iam_policy_document",
      "name": "lambdaPolicyDocument",
      "provider": "provider[\"registry.terraform.io/hashicorp/aws\"].source",
      "instances": [
        {
          "schema_version": 0,
          "attributes": {
            "id": "2050176103",
            "json": "{\n  \"Version\": \"2012-10-17\",\n  \"Statement\": [\n    {\n      \"Sid\": \"InvokeLambda\",\n      \"Effect\": \"Allow\",\n      \"Action\": \"lambda:InvokeFunction\",\n      \"Resource\": \"*\"\n    },\n    {\n      \"Sid\": \"HandleStreamData\",\n      \"Effect\": \"Allow\",\n      \"Action\": [\n        \"logs:PutLogEvents\",\n        \"logs:CreateLogStream\",\n        \"logs:CreateLogGroup\",\n        \"dynamodb:ListStreams\",\n        \"dynamodb:GetShardIterator\",\n        \"dynamodb:GetRecords\",\n        \"dynamodb:DescribeStream\",\n        \"cloudwatch:PutMetricData\"\n      ],\n      \"Resource\": \"*\"\n    },\n    {\n      \"Sid\": \"ReplicationPermissions\",\n      \"Effect\": \"Allow\",\n      \"Action\": [\n        \"s3:ReplicateObject\",\n        \"s3:ReplicateDelete\"\n      ],\n      \"Resource\": \"arn:aws:s3:::qihxy-busybee-project-prod-build/*\"\n    },\n    {\n      \"Sid\": \"PushToFirehose\",\n      \"Effect\": \"Allow\",\n      \"Action\": [\n        \"firehose:UpdateDestination\",\n        \"firehose:PutRecordBatch\",\n        \"firehose:PutRecord\",\n        \"firehose:ListDeliveryStreams\",\n        \"firehose:DescribeDeliveryStream\"\n      ],\n      \"Resource\": \"*\"\n    },\n    {\n      \"Sid\": \"AllowDecrypt\",\n      \"Effect\": \"Allow\",\n      \"Action\": \"kms:Decrypt\",\n      \"Resource\": \"arn:aws:kms:us-east-1:764364320071:key/024e480b-4061-4c1f-833a-df3b0ef568cb\",\n      \"Condition\": {\n        \"StringLike\": {\n          \"kms:EncryptionContext:aws:s3:arn\": \"arn:aws:s3:::pydhl-busybee-project-prod-build\",\n          \"kms:ViaService\": \"s3.us-east-1.amazonaws.com\"\n        }\n      }\n    },\n    {\n      \"Sid\": \"AllowEncrypt\",\n      \"Effect\": \"Allow\",\n      \"Action\": \"kms:Encrypt\",\n      \"Resource\": \"arn:aws:kms:us-west-2:764364320071:key/fab26102-fa9e-4c53-ba5e-3ff08c4424c5\"\n    },\n    {\n      \"Sid\": \"\",\n      \"Effect\": \"Allow\",\n      \"Action\": \"s3:*\",\n      \"Resource\": \"*\"\n    }\n  ]\n}",
            "override_json": null,
            "override_policy_documents": null,
            "policy_id": null,
            "source_json": null,
            "source_policy_documents": null,
            "statement": [
              {
                "actions": [
                  "lambda:InvokeFunction"
                ],
                "condition": [],
                "effect": "Allow",
                "not_actions": [],
                "not_principals": [],
                "not_resources": [],
                "principals": [],
                "resources": [
                  "*"
                ],
                "sid": "InvokeLambda"
              },
              {
                "actions": [
                  "cloudwatch:PutMetricData",
                  "dynamodb:DescribeStream",
                  "dynamodb:GetRecords",
                  "dynamodb:GetShardIterator",
                  "dynamodb:ListStreams",
                  "logs:CreateLogGroup",
                  "logs:CreateLogStream",
                  "logs:PutLogEvents"
                ],
                "condition": [],
                "effect": "Allow",
                "not_actions": [],
                "not_principals": [],
                "not_resources": [],
                "principals": [],
                "resources": [
                  "*"
                ],
                "sid": "HandleStreamData"
              },
              {
                "actions": [
                  "s3:ReplicateDelete",
                  "s3:ReplicateObject"
                ],
                "condition": [],
                "effect": "Allow",
                "not_actions": [],
                "not_principals": [],
                "not_resources": [],
                "principals": [],
                "resources": [
                  "arn:aws:s3:::qihxy-busybee-project-prod-build/*"
                ],
                "sid": "ReplicationPermissions"
              },
              {
                "actions": [
                  "firehose:DescribeDeliveryStream",
                  "firehose:ListDeliveryStreams",
                  "firehose:PutRecord",
                  "firehose:PutRecordBatch",
                  "firehose:UpdateDestination"
                ],
                "condition": [],
                "effect": "Allow",
                "not_actions": [],
                "not_principals": [],
                "not_resources": [],
                "principals": [],
                "resources": [
                  "*"
                ],
                "sid": "PushToFirehose"
              },
              {
                "actions": [
                  "kms:Decrypt"
                ],
                "condition": [
                  {
                    "test": "StringLike",
                    "values": [
                      "arn:aws:s3:::pydhl-busybee-project-prod-build"
                    ],
                    "variable": "kms:EncryptionContext:aws:s3:arn"
                  },
                  {
                    "test": "StringLike",
                    "values": [
                      "s3.us-east-1.amazonaws.com"
                    ],
                    "variable": "kms:ViaService"
                  }
                ],
                "effect": "Allow",
                "not_actions": [],
                "not_principals": [],
                "not_resources": [],
                "principals": [],
                "resources": [
                  "arn:aws:kms:us-east-1:764364320071:key/024e480b-4061-4c1f-833a-df3b0ef568cb"
                ],
                "sid": "AllowDecrypt"
              },
              {
                "actions": [
                  "kms:Encrypt"
                ],
                "condition": [],
                "effect": "Allow",
                "not_actions": [],
                "not_principals": [],
                "not_resources": [],
                "principals": [],
                "resources": [
                  "arn:aws:kms:us-west-2:764364320071:key/fab26102-fa9e-4c53-ba5e-3ff08c4424c5"
                ],
                "sid": "AllowEncrypt"
              },
              {
                "actions": [
                  "s3:*"
                ],
                "condition": [],
                "effect": "Allow",
                "not_actions": [],
                "not_principals": [],
                "not_resources": [],
                "principals": [],
                "resources": [
                  "*"
                ],
                "sid": ""
              }
            ],
            "version": "2012-10-17"
          },
          "sensitive_attributes": []
        }
      ]
    },
    {
      "module": "module.security",
      "mode": "data",
      "type": "aws_iam_policy_document",
      "name": "pipelinePermissionsDocument",
      "provider": "provider[\"registry.terraform.io/hashicorp/aws\"].source",
      "instances": [
        {
          "schema_version": 0,
          "attributes": {
            "id": "298035629",
            "json": "{\n  \"Version\": \"2012-10-17\",\n  \"Statement\": [\n    {\n      \"Sid\": \"AllowPassRole\",\n      \"Effect\": \"Allow\",\n      \"Action\": \"iam:PassRole\",\n      \"Resource\": \"arn:aws:iam::764364320071:role/codeDeployServiceRole\"\n    },\n    {\n      \"Sid\": \"AllowECR\",\n      \"Effect\": \"Allow\",\n      \"Action\": \"ecr:DescribeImages\",\n      \"Resource\": \"*\"\n    },\n    {\n      \"Sid\": \"AllowS3\",\n      \"Effect\": \"Allow\",\n      \"Action\": [\n        \"s3:PutObject\",\n        \"s3:ListBucket\",\n        \"s3:GetObject\"\n      ],\n      \"Resource\": [\n        \"arn:aws:s3:::pydhl-busybee-project-prod-build/*\",\n        \"arn:aws:s3:::pydhl-busybee-project-prod-build\"\n      ]\n    },\n    {\n      \"Sid\": \"\",\n      \"Effect\": \"Allow\",\n      \"Action\": [\n        \"codecommit:UploadArchive\",\n        \"codecommit:ListRepositories\",\n        \"codecommit:GitPull\",\n        \"codecommit:GetUploadArchiveStatus\",\n        \"codecommit:GetCommit\",\n        \"codecommit:GetBranch\",\n        \"codecommit:CancelUploadArchive\"\n      ],\n      \"Resource\": \"*\"\n    },\n    {\n      \"Sid\": \"AllowCodeBuild\",\n      \"Effect\": \"Allow\",\n      \"Action\": [\n        \"codebuild:StartBuild\",\n        \"codebuild:BatchGetBuilds\"\n      ],\n      \"Resource\": \"arn:aws:codebuild:us-east-1:764364320071:project/busybeeProdBuild\"\n    },\n    {\n      \"Sid\": \"AllowCodeDeploy\",\n      \"Effect\": \"Allow\",\n      \"Action\": [\n        \"codedeploy:RegisterApplicationRevision\",\n        \"codedeploy:GetDeploymentConfig\",\n        \"codedeploy:GetDeployment\",\n        \"codedeploy:GetApplicationRevision\",\n        \"codedeploy:GetApplication\",\n        \"codedeploy:CreateDeployment\"\n      ],\n      \"Resource\": \"*\"\n    },\n    {\n      \"Sid\": \"AllowECS\",\n      \"Effect\": \"Allow\",\n      \"Action\": \"ecs:*\",\n      \"Resource\": \"*\"\n    },\n    {\n      \"Sid\": \"AllowResources\",\n      \"Effect\": \"Allow\",\n      \"Action\": [\n        \"sns:*\",\n        \"s3:*\",\n        \"iam:PassRole\",\n        \"elasticloadbalancing:*\",\n        \"ecs:*\",\n        \"ec2:*\",\n        \"cloudwatch:*\",\n        \"autoscaling:*\"\n      ],\n      \"Resource\": \"*\"\n    }\n  ]\n}",
            "override_json": null,
            "override_policy_documents": null,
            "policy_id": null,
            "source_json": null,
            "source_policy_documents": null,
            "statement": [
              {
                "actions": [
                  "iam:PassRole"
                ],
                "condition": [],
                "effect": "Allow",
                "not_actions": [],
                "not_principals": [],
                "not_resources": [],
                "principals": [],
                "resources": [
                  "arn:aws:iam::764364320071:role/codeDeployServiceRole"
                ],
                "sid": "AllowPassRole"
              },
              {
                "actions": [
                  "ecr:DescribeImages"
                ],
                "condition": [],
                "effect": "Allow",
                "not_actions": [],
                "not_principals": [],
                "not_resources": [],
                "principals": [],
                "resources": [
                  "*"
                ],
                "sid": "AllowECR"
              },
              {
                "actions": [
                  "s3:GetObject",
                  "s3:ListBucket",
                  "s3:PutObject"
                ],
                "condition": [],
                "effect": "Allow",
                "not_actions": [],
                "not_principals": [],
                "not_resources": [],
                "principals": [],
                "resources": [
                  "arn:aws:s3:::pydhl-busybee-project-prod-build",
                  "arn:aws:s3:::pydhl-busybee-project-prod-build/*"
                ],
                "sid": "AllowS3"
              },
              {
                "actions": [
                  "codecommit:CancelUploadArchive",
                  "codecommit:GetBranch",
                  "codecommit:GetCommit",
                  "codecommit:GetUploadArchiveStatus",
                  "codecommit:GitPull",
                  "codecommit:ListRepositories",
                  "codecommit:UploadArchive"
                ],
                "condition": [],
                "effect": "Allow",
                "not_actions": [],
                "not_principals": [],
                "not_resources": [],
                "principals": [],
                "resources": [
                  "*"
                ],
                "sid": ""
              },
              {
                "actions": [
                  "codebuild:BatchGetBuilds",
                  "codebuild:StartBuild"
                ],
                "condition": [],
                "effect": "Allow",
                "not_actions": [],
                "not_principals": [],
                "not_resources": [],
                "principals": [],
                "resources": [
                  "arn:aws:codebuild:us-east-1:764364320071:project/busybeeProdBuild"
                ],
                "sid": "AllowCodeBuild"
              },
              {
                "actions": [
                  "codedeploy:CreateDeployment",
                  "codedeploy:GetApplication",
                  "codedeploy:GetApplicationRevision",
                  "codedeploy:GetDeployment",
                  "codedeploy:GetDeploymentConfig",
                  "codedeploy:RegisterApplicationRevision"
                ],
                "condition": [],
                "effect": "Allow",
                "not_actions": [],
                "not_principals": [],
                "not_resources": [],
                "principals": [],
                "resources": [
                  "*"
                ],
                "sid": "AllowCodeDeploy"
              },
              {
                "actions": [
                  "ecs:*"
                ],
                "condition": [],
                "effect": "Allow",
                "not_actions": [],
                "not_principals": [],
                "not_resources": [],
                "principals": [],
                "resources": [
                  "*"
                ],
                "sid": "AllowECS"
              },
              {
                "actions": [
                  "autoscaling:*",
                  "cloudwatch:*",
                  "ec2:*",
                  "ecs:*",
                  "elasticloadbalancing:*",
                  "iam:PassRole",
                  "s3:*",
                  "sns:*"
                ],
                "condition": [],
                "effect": "Allow",
                "not_actions": [],
                "not_principals": [],
                "not_resources": [],
                "principals": [],
                "resources": [
                  "*"
                ],
                "sid": "AllowResources"
              }
            ],
            "version": "2012-10-17"
          },
          "sensitive_attributes": []
        }
      ]
    },
    {
      "module": "module.security",
      "mode": "data",
      "type": "aws_iam_policy_document",
      "name": "s3ReplicationPermissionsDocument",
      "provider": "provider[\"registry.terraform.io/hashicorp/aws\"].source",
      "instances": [
        {
          "schema_version": 0,
          "attributes": {
            "id": "4226445739",
            "json": "{\n  \"Version\": \"2012-10-17\",\n  \"Statement\": [\n    {\n      \"Sid\": \"ListingPermissions\",\n      \"Effect\": \"Allow\",\n      \"Action\": [\n        \"s3:ListBucket\",\n        \"s3:GetReplicationConfiguration\",\n        \"s3:GetBucketReplication\"\n      ],\n      \"Resource\": \"arn:aws:s3:::pydhl-busybee-project-prod-build\"\n    },\n    {\n      \"Sid\": \"ObjectPermissions\",\n      \"Effect\": \"Allow\",\n      \"Action\": [\n        \"s3:GetObjectVersionForReplication*\",\n        \"s3:GetObjectVersionAcl\",\n        \"s3:GetObjectVersion\"\n      ],\n      \"Resource\": \"arn:aws:s3:::pydhl-busybee-project-prod-build/*\"\n    },\n    {\n      \"Sid\": \"ReplicationPermissions\",\n      \"Effect\": \"Allow\",\n      \"Action\": [\n        \"s3:ReplicateObject\",\n        \"s3:ReplicateDelete\"\n      ],\n      \"Resource\": \"arn:aws:s3:::qihxy-busybee-project-prod-build/*\"\n    },\n    {\n      \"Sid\": \"AllowLogging\",\n      \"Effect\": \"Allow\",\n      \"Action\": [\n        \"logs:PutLogEvents\",\n        \"logs:CreateLogStream\",\n        \"logs:CreateLogGroup\"\n      ],\n      \"Resource\": \"*\"\n    },\n    {\n      \"Sid\": \"AllowDecrypt\",\n      \"Effect\": \"Allow\",\n      \"Action\": \"kms:Decrypt\",\n      \"Resource\": \"arn:aws:kms:us-east-1:764364320071:key/024e480b-4061-4c1f-833a-df3b0ef568cb\",\n      \"Condition\": {\n        \"StringLike\": {\n          \"kms:EncryptionContext:aws:s3:arn\": \"arn:aws:s3:::pydhl-busybee-project-prod-build\",\n          \"kms:ViaService\": \"s3.us-east-1.amazonaws.com\"\n        }\n      }\n    },\n    {\n      \"Sid\": \"AllowEncrypt\",\n      \"Effect\": \"Allow\",\n      \"Action\": \"kms:Encrypt\",\n      \"Resource\": \"arn:aws:kms:us-west-2:764364320071:key/fab26102-fa9e-4c53-ba5e-3ff08c4424c5\"\n    },\n    {\n      \"Sid\": \"\",\n      \"Effect\": \"Allow\",\n      \"Action\": \"s3:*\",\n      \"Resource\": \"*\"\n    }\n  ]\n}",
            "override_json": null,
            "override_policy_documents": null,
            "policy_id": null,
            "source_json": null,
            "source_policy_documents": null,
            "statement": [
              {
                "actions": [
                  "s3:GetBucketReplication",
                  "s3:GetReplicationConfiguration",
                  "s3:ListBucket"
                ],
                "condition": [],
                "effect": "Allow",
                "not_actions": [],
                "not_principals": [],
                "not_resources": [],
                "principals": [],
                "resources": [
                  "arn:aws:s3:::pydhl-busybee-project-prod-build"
                ],
                "sid": "ListingPermissions"
              },
              {
                "actions": [
                  "s3:GetObjectVersion",
                  "s3:GetObjectVersionAcl",
                  "s3:GetObjectVersionForReplication*"
                ],
                "condition": [],
                "effect": "Allow",
                "not_actions": [],
                "not_principals": [],
                "not_resources": [],
                "principals": [],
                "resources": [
                  "arn:aws:s3:::pydhl-busybee-project-prod-build/*"
                ],
                "sid": "ObjectPermissions"
              },
              {
                "actions": [
                  "s3:ReplicateDelete",
                  "s3:ReplicateObject"
                ],
                "condition": [],
                "effect": "Allow",
                "not_actions": [],
                "not_principals": [],
                "not_resources": [],
                "principals": [],
                "resources": [
                  "arn:aws:s3:::qihxy-busybee-project-prod-build/*"
                ],
                "sid": "ReplicationPermissions"
              },
              {
                "actions": [
                  "logs:CreateLogGroup",
                  "logs:CreateLogStream",
                  "logs:PutLogEvents"
                ],
                "condition": [],
                "effect": "Allow",
                "not_actions": [],
                "not_principals": [],
                "not_resources": [],
                "principals": [],
                "resources": [
                  "*"
                ],
                "sid": "AllowLogging"
              },
              {
                "actions": [
                  "kms:Decrypt"
                ],
                "condition": [
                  {
                    "test": "StringLike",
                    "values": [
                      "arn:aws:s3:::pydhl-busybee-project-prod-build"
                    ],
                    "variable": "kms:EncryptionContext:aws:s3:arn"
                  },
                  {
                    "test": "StringLike",
                    "values": [
                      "s3.us-east-1.amazonaws.com"
                    ],
                    "variable": "kms:ViaService"
                  }
                ],
                "effect": "Allow",
                "not_actions": [],
                "not_principals": [],
                "not_resources": [],
                "principals": [],
                "resources": [
                  "arn:aws:kms:us-east-1:764364320071:key/024e480b-4061-4c1f-833a-df3b0ef568cb"
                ],
                "sid": "AllowDecrypt"
              },
              {
                "actions": [
                  "kms:Encrypt"
                ],
                "condition": [],
                "effect": "Allow",
                "not_actions": [],
                "not_principals": [],
                "not_resources": [],
                "principals": [],
                "resources": [
                  "arn:aws:kms:us-west-2:764364320071:key/fab26102-fa9e-4c53-ba5e-3ff08c4424c5"
                ],
                "sid": "AllowEncrypt"
              },
              {
                "actions": [
                  "s3:*"
                ],
                "condition": [],
                "effect": "Allow",
                "not_actions": [],
                "not_principals": [],
                "not_resources": [],
                "principals": [],
                "resources": [
                  "*"
                ],
                "sid": ""
              }
            ],
            "version": "2012-10-17"
          },
          "sensitive_attributes": []
        }
      ]
    },
    {
      "module": "module.security",
      "mode": "managed",
      "type": "aws_ecr_repository_policy",
      "name": "ecr_repo_policy",
      "provider": "provider[\"registry.terraform.io/hashicorp/aws\"].source",
      "instances": [
        {
          "schema_version": 0,
          "attributes": {
            "id": "ecs-busybee-home",
            "policy": "{\"Statement\":[{\"Action\":[\"ecr:ListImages\",\"ecr:GetRepositoryPolicy\",\"ecr:GetLifecyclePolicyPreview\",\"ecr:GetLifecyclePolicy\",\"ecr:GetDownloadUrlForLayer\",\"ecr:DescribeRepositories\",\"ecr:DescribeImages\",\"ecr:BatchGetImage\",\"ecr:BatchCheckLayerAvailability\"],\"Effect\":\"Allow\",\"Principal\":{\"AWS\":[\"arn:aws:iam::764364320071:role/codePipelineServiceRole\",\"arn:aws:iam::764364320071:role/codeDeployServiceRole\",\"arn:aws:iam::764364320071:role/codeBuildServiceRole\"]},\"Sid\":\"AllowDescribeCluster\"}],\"Version\":\"2012-10-17\"}",
            "registry_id": "764364320071",
            "repository": "ecs-busybee-home"
          },
          "sensitive_attributes": [],
          "private": "bnVsbA==",
          "dependencies": [
            "module.containers.aws_ecr_repository.ecs-busybee-home",
            "module.security.aws_iam_role.codeBuildServiceRole",
            "module.security.aws_iam_role.codeDeployServiceRole",
            "module.security.aws_iam_role.codePipelineServiceRole",
            "module.security.data.aws_iam_policy_document.assume_by_codebuild",
            "module.security.data.aws_iam_policy_document.assume_by_codedeploy",
            "module.security.data.aws_iam_policy_document.assume_by_pipeline",
            "module.security.data.aws_iam_policy_document.ecr_policy_document"
          ]
        }
      ]
    },
    {
      "module": "module.security",
      "mode": "managed",
      "type": "aws_iam_instance_profile",
      "name": "ecsInstanceProfile",
      "provider": "provider[\"registry.terraform.io/hashicorp/aws\"].source",
      "instances": [
        {
          "schema_version": 0,
          "attributes": {
            "arn": "arn:aws:iam::764364320071:instance-profile/ecsInstanceProfile",
            "create_date": "2022-11-12T19:28:57Z",
            "id": "ecsInstanceProfile",
            "name": "ecsInstanceProfile",
            "name_prefix": null,
            "path": "/",
            "role": "ecsInstanceRole",
            "tags": null,
            "tags_all": {},
            "unique_id": "AIPA3D55J5VDVLHOJBHVZ"
          },
          "sensitive_attributes": [],
          "private": "bnVsbA==",
          "dependencies": [
            "module.security.aws_iam_role.ecsInstanceRole",
            "module.security.data.aws_iam_policy_document.assume_by_ec2"
          ],
          "create_before_destroy": true
        }
      ]
    },
    {
      "module": "module.security",
      "mode": "managed",
      "type": "aws_iam_policy",
      "name": "codeDeployPolicy",
      "provider": "provider[\"registry.terraform.io/hashicorp/aws\"].source",
      "instances": [
        {
          "schema_version": 0,
          "attributes": {
            "arn": "arn:aws:iam::764364320071:policy/codeDeployPolicy",
            "description": "",
            "id": "arn:aws:iam::764364320071:policy/codeDeployPolicy",
            "name": "codeDeployPolicy",
            "name_prefix": null,
            "path": "/",
            "policy": "{\"Statement\":[{\"Action\":[\"ecs:UpdateServicePrimaryTaskSet\",\"ecs:RegisterTaskDefinition\",\"ecs:DescribeServices\",\"ecs:DeleteTaskSet\",\"ecs:CreateTaskSet\"],\"Effect\":\"Allow\",\"Resource\":\"*\",\"Sid\":\"AllowECS\"},{\"Action\":[\"elasticloadbalancing:ModifyRule\",\"elasticloadbalancing:ModifyListener\",\"elasticloadbalancing:DescribeTargetGroups\",\"elasticloadbalancing:DescribeRules\",\"elasticloadbalancing:DescribeListeners\"],\"Effect\":\"Allow\",\"Resource\":\"*\",\"Sid\":\"AllowLoadBalancing\"},{\"Action\":\"s3:*\",\"Effect\":\"Allow\",\"Resource\":[\"arn:aws:s3:::pydhl-busybee-project-prod-build/*\",\"arn:aws:s3:::pydhl-busybee-project-prod-build\"],\"Sid\":\"AllowS3\"},{\"Action\":[\"codedeploy:RegisterApplicationRevision\",\"codedeploy:GetDeploymentConfig\",\"codedeploy:GetDeployment\",\"codedeploy:GetApplicationRevision\",\"codedeploy:GetApplication\",\"codedeploy:CreateDeployment\"],\"Effect\":\"Allow\",\"Resource\":\"*\",\"Sid\":\"AllowCodeDeploy\"},{\"Action\":\"iam:PassRole\",\"Effect\":\"Allow\",\"Resource\":[\"arn:aws:iam::764364320071:role/ecsTaskRole\",\"arn:aws:iam::764364320071:role/ecsServiceRole\",\"arn:aws:iam::764364320071:role/codeDeployServiceRole\",\"arn:aws:ecs:us-east-1:764364320071:cluster/busybee-Cluster\"],\"Sid\":\"AllowPassRole\"}],\"Version\":\"2012-10-17\"}",
            "policy_id": "ANPA3D55J5VDYTM5BNDIB",
            "tags": null,
            "tags_all": {}
          },
          "sensitive_attributes": [],
          "private": "bnVsbA==",
          "dependencies": [
            "module.containers.aws_ecs_cluster.busybee-Cluster",
            "module.containers.aws_ecs_service.busybee-Home-Service",
            "module.containers.aws_ecs_task_definition.busybee-App-Task",
            "module.containers.null_resource.alb_exists",
            "module.network.aws_internet_gateway.MyIGW",
            "module.network.aws_lb.busybee-ALB",
            "module.network.aws_lb_target_group.busybee-TG",
            "module.network.aws_subnet.publicA",
            "module.network.aws_subnet.publicB",
            "module.network.aws_subnet.publicC",
            "module.network.aws_vpc.main",
            "module.security.aws_iam_role.codeDeployServiceRole",
            "module.security.aws_iam_role.ecsServiceRole",
            "module.security.aws_iam_role.ecsTaskRole",
            "module.security.aws_security_group.AlbSG",
            "module.security.data.aws_iam_policy_document.assume_by_codedeploy",
            "module.security.data.aws_iam_policy_document.assume_by_ecs",
            "module.security.data.aws_iam_policy_document.deploymentPermissionsDocument",
            "module.storage.aws_s3_bucket.busybee-project-prod-build",
            "module.storage.random_string.prefix"
          ]
        }
      ]
    },
    {
      "module": "module.security",
      "mode": "managed",
      "type": "aws_iam_policy",
      "name": "dockerImagePolicy",
      "provider": "provider[\"registry.terraform.io/hashicorp/aws\"].source",
      "instances": [
        {
          "schema_version": 0,
          "attributes": {
            "arn": "arn:aws:iam::764364320071:policy/dockerImagePolicy",
            "description": "",
            "id": "arn:aws:iam::764364320071:policy/dockerImagePolicy",
            "name": "dockerImagePolicy",
            "name_prefix": null,
            "path": "/",
            "policy": "{\"Statement\":[{\"Action\":\"ecr:*\",\"Effect\":\"Allow\",\"Resource\":\"*\",\"Sid\":\"AllowUploadToECR\"},{\"Action\":[\"kms:ReEncrypt*\",\"kms:GenerateDataKey*\",\"kms:Encrypt\",\"kms:DescribeKey\",\"kms:Decrypt\"],\"Effect\":\"Allow\",\"Resource\":\"*\",\"Sid\":\"AWSKMSUse\"},{\"Action\":\"ecs:DescribeTaskDefinition\",\"Effect\":\"Allow\",\"Resource\":\"*\",\"Sid\":\"AllowECSDescribeTaskDefinition\"},{\"Action\":[\"logs:PutLogEvents\",\"logs:CreateLogStream\",\"logs:CreateLogGroup\"],\"Effect\":\"Allow\",\"Resource\":\"*\",\"Sid\":\"AllowLogging\"},{\"Action\":\"s3:*\",\"Effect\":\"Allow\",\"Resource\":\"*\",\"Sid\":\"\"}],\"Version\":\"2012-10-17\"}",
            "policy_id": "ANPA3D55J5VDTRWREGESD",
            "tags": null,
            "tags_all": {}
          },
          "sensitive_attributes": [],
          "private": "bnVsbA==",
          "dependencies": [
            "module.security.data.aws_iam_policy_document.dockerImagePermissionsDocument"
          ]
        }
      ]
    },
    {
      "module": "module.security",
      "mode": "managed",
      "type": "aws_iam_policy",
      "name": "lambdaPolicy",
      "provider": "provider[\"registry.terraform.io/hashicorp/aws\"].source",
      "instances": [
        {
          "schema_version": 0,
          "attributes": {
            "arn": "arn:aws:iam::764364320071:policy/lambdaPolicy",
            "description": "",
            "id": "arn:aws:iam::764364320071:policy/lambdaPolicy",
            "name": "lambdaPolicy",
            "name_prefix": null,
            "path": "/",
            "policy": "{\"Statement\":[{\"Action\":\"lambda:InvokeFunction\",\"Effect\":\"Allow\",\"Resource\":\"*\",\"Sid\":\"InvokeLambda\"},{\"Action\":[\"logs:PutLogEvents\",\"logs:CreateLogStream\",\"logs:CreateLogGroup\",\"dynamodb:ListStreams\",\"dynamodb:GetShardIterator\",\"dynamodb:GetRecords\",\"dynamodb:DescribeStream\",\"cloudwatch:PutMetricData\"],\"Effect\":\"Allow\",\"Resource\":\"*\",\"Sid\":\"HandleStreamData\"},{\"Action\":[\"s3:ReplicateObject\",\"s3:ReplicateDelete\"],\"Effect\":\"Allow\",\"Resource\":\"arn:aws:s3:::qihxy-busybee-project-prod-build/*\",\"Sid\":\"ReplicationPermissions\"},{\"Action\":[\"firehose:UpdateDestination\",\"firehose:PutRecordBatch\",\"firehose:PutRecord\",\"firehose:ListDeliveryStreams\",\"firehose:DescribeDeliveryStream\"],\"Effect\":\"Allow\",\"Resource\":\"*\",\"Sid\":\"PushToFirehose\"},{\"Action\":\"kms:Decrypt\",\"Condition\":{\"StringLike\":{\"kms:EncryptionContext:aws:s3:arn\":\"arn:aws:s3:::pydhl-busybee-project-prod-build\",\"kms:ViaService\":\"s3.us-east-1.amazonaws.com\"}},\"Effect\":\"Allow\",\"Resource\":\"arn:aws:kms:us-east-1:764364320071:key/024e480b-4061-4c1f-833a-df3b0ef568cb\",\"Sid\":\"AllowDecrypt\"},{\"Action\":\"kms:Encrypt\",\"Effect\":\"Allow\",\"Resource\":\"arn:aws:kms:us-west-2:764364320071:key/fab26102-fa9e-4c53-ba5e-3ff08c4424c5\",\"Sid\":\"AllowEncrypt\"},{\"Action\":\"s3:*\",\"Effect\":\"Allow\",\"Resource\":\"*\",\"Sid\":\"\"}],\"Version\":\"2012-10-17\"}",
            "policy_id": "ANPA3D55J5VDY5NO4UDRV",
            "tags": null,
            "tags_all": {}
          },
          "sensitive_attributes": [],
          "private": "bnVsbA==",
          "dependencies": [
            "module.destStorage.aws_kms_key.dest",
            "module.destStorage.aws_s3_bucket.busybee-destination-bucket",
            "module.destStorage.random_string.prefix",
            "module.security.aws_kms_key.source",
            "module.security.data.aws_iam_policy_document.lambdaPolicyDocument",
            "module.storage.aws_s3_bucket.busybee-project-prod-build",
            "module.storage.random_string.prefix"
          ]
        }
      ]
    },
    {
      "module": "module.security",
      "mode": "managed",
      "type": "aws_iam_policy",
      "name": "pipelinePolicy",
      "provider": "provider[\"registry.terraform.io/hashicorp/aws\"].source",
      "instances": [
        {
          "schema_version": 0,
          "attributes": {
            "arn": "arn:aws:iam::764364320071:policy/pipelinePolicy",
            "description": "",
            "id": "arn:aws:iam::764364320071:policy/pipelinePolicy",
            "name": "pipelinePolicy",
            "name_prefix": null,
            "path": "/",
            "policy": "{\"Statement\":[{\"Action\":\"iam:PassRole\",\"Effect\":\"Allow\",\"Resource\":\"arn:aws:iam::764364320071:role/codeDeployServiceRole\",\"Sid\":\"AllowPassRole\"},{\"Action\":\"ecr:DescribeImages\",\"Effect\":\"Allow\",\"Resource\":\"*\",\"Sid\":\"AllowECR\"},{\"Action\":[\"s3:PutObject\",\"s3:ListBucket\",\"s3:GetObject\"],\"Effect\":\"Allow\",\"Resource\":[\"arn:aws:s3:::pydhl-busybee-project-prod-build/*\",\"arn:aws:s3:::pydhl-busybee-project-prod-build\"],\"Sid\":\"AllowS3\"},{\"Action\":[\"codecommit:UploadArchive\",\"codecommit:ListRepositories\",\"codecommit:GitPull\",\"codecommit:GetUploadArchiveStatus\",\"codecommit:GetCommit\",\"codecommit:GetBranch\",\"codecommit:CancelUploadArchive\"],\"Effect\":\"Allow\",\"Resource\":\"*\",\"Sid\":\"\"},{\"Action\":[\"codebuild:StartBuild\",\"codebuild:BatchGetBuilds\"],\"Effect\":\"Allow\",\"Resource\":\"arn:aws:codebuild:us-east-1:764364320071:project/busybeeProdBuild\",\"Sid\":\"AllowCodeBuild\"},{\"Action\":[\"codedeploy:RegisterApplicationRevision\",\"codedeploy:GetDeploymentConfig\",\"codedeploy:GetDeployment\",\"codedeploy:GetApplicationRevision\",\"codedeploy:GetApplication\",\"codedeploy:CreateDeployment\"],\"Effect\":\"Allow\",\"Resource\":\"*\",\"Sid\":\"AllowCodeDeploy\"},{\"Action\":\"ecs:*\",\"Effect\":\"Allow\",\"Resource\":\"*\",\"Sid\":\"AllowECS\"},{\"Action\":[\"sns:*\",\"s3:*\",\"iam:PassRole\",\"elasticloadbalancing:*\",\"ecs:*\",\"ec2:*\",\"cloudwatch:*\",\"autoscaling:*\"],\"Effect\":\"Allow\",\"Resource\":\"*\",\"Sid\":\"AllowResources\"}],\"Version\":\"2012-10-17\"}",
            "policy_id": "ANPA3D55J5VDT7NSXRI6L",
            "tags": null,
            "tags_all": {}
          },
          "sensitive_attributes": [],
          "private": "bnVsbA==",
          "dependencies": [
            "module.containers.aws_ecr_repository.ecs-busybee-home",
            "module.containers.aws_ecs_task_definition.busybee-App-Task",
            "module.network.aws_subnet.appA",
            "module.network.aws_subnet.appB",
            "module.network.aws_subnet.appC",
            "module.network.aws_vpc.main",
            "module.security.aws_iam_role.codeBuildServiceRole",
            "module.security.aws_iam_role.codeDeployServiceRole",
            "module.security.aws_iam_role.ecsServiceRole",
            "module.security.aws_iam_role.ecsTaskRole",
            "module.security.aws_security_group.AlbSG",
            "module.security.aws_security_group.BastionSG",
            "module.security.aws_security_group.EcsSG",
            "module.security.aws_security_group.dbSG",
            "module.security.aws_security_group.db_access_sg",
            "module.security.data.aws_iam_policy_document.assume_by_codebuild",
            "module.security.data.aws_iam_policy_document.assume_by_codedeploy",
            "module.security.data.aws_iam_policy_document.assume_by_ecs",
            "module.security.data.aws_iam_policy_document.pipelinePermissionsDocument",
            "module.storage.aws_s3_bucket.busybee-project-prod-build",
            "module.storage.random_string.prefix",
            "module.tools.aws_codebuild_project.busybeeProdBuild",
            "module.tools.data.aws_caller_identity.current"
          ]
        }
      ]
    },
    {
      "module": "module.security",
      "mode": "managed",
      "type": "aws_iam_policy",
      "name": "s3ReplicationPermissionsPolicy",
      "provider": "provider[\"registry.terraform.io/hashicorp/aws\"].source",
      "instances": [
        {
          "schema_version": 0,
          "attributes": {
            "arn": "arn:aws:iam::764364320071:policy/s3ReplicationPermissionsPolicy",
            "description": "",
            "id": "arn:aws:iam::764364320071:policy/s3ReplicationPermissionsPolicy",
            "name": "s3ReplicationPermissionsPolicy",
            "name_prefix": null,
            "path": "/",
            "policy": "{\"Statement\":[{\"Action\":[\"s3:ListBucket\",\"s3:GetReplicationConfiguration\",\"s3:GetBucketReplication\"],\"Effect\":\"Allow\",\"Resource\":\"arn:aws:s3:::pydhl-busybee-project-prod-build\",\"Sid\":\"ListingPermissions\"},{\"Action\":[\"s3:GetObjectVersionForReplication*\",\"s3:GetObjectVersionAcl\",\"s3:GetObjectVersion\"],\"Effect\":\"Allow\",\"Resource\":\"arn:aws:s3:::pydhl-busybee-project-prod-build/*\",\"Sid\":\"ObjectPermissions\"},{\"Action\":[\"s3:ReplicateObject\",\"s3:ReplicateDelete\"],\"Effect\":\"Allow\",\"Resource\":\"arn:aws:s3:::qihxy-busybee-project-prod-build/*\",\"Sid\":\"ReplicationPermissions\"},{\"Action\":[\"logs:PutLogEvents\",\"logs:CreateLogStream\",\"logs:CreateLogGroup\"],\"Effect\":\"Allow\",\"Resource\":\"*\",\"Sid\":\"AllowLogging\"},{\"Action\":\"kms:Decrypt\",\"Condition\":{\"StringLike\":{\"kms:EncryptionContext:aws:s3:arn\":\"arn:aws:s3:::pydhl-busybee-project-prod-build\",\"kms:ViaService\":\"s3.us-east-1.amazonaws.com\"}},\"Effect\":\"Allow\",\"Resource\":\"arn:aws:kms:us-east-1:764364320071:key/024e480b-4061-4c1f-833a-df3b0ef568cb\",\"Sid\":\"AllowDecrypt\"},{\"Action\":\"kms:Encrypt\",\"Effect\":\"Allow\",\"Resource\":\"arn:aws:kms:us-west-2:764364320071:key/fab26102-fa9e-4c53-ba5e-3ff08c4424c5\",\"Sid\":\"AllowEncrypt\"},{\"Action\":\"s3:*\",\"Effect\":\"Allow\",\"Resource\":\"*\",\"Sid\":\"\"}],\"Version\":\"2012-10-17\"}",
            "policy_id": "ANPA3D55J5VD6EFAE37MJ",
            "tags": null,
            "tags_all": {}
          },
          "sensitive_attributes": [],
          "private": "bnVsbA==",
          "dependencies": [
            "module.destStorage.aws_kms_key.dest",
            "module.destStorage.aws_s3_bucket.busybee-destination-bucket",
            "module.destStorage.random_string.prefix",
            "module.security.aws_kms_key.source",
            "module.security.data.aws_iam_policy_document.s3ReplicationPermissionsDocument",
            "module.storage.aws_s3_bucket.busybee-project-prod-build",
            "module.storage.random_string.prefix"
          ]
        }
      ]
    },
    {
      "module": "module.security",
      "mode": "managed",
      "type": "aws_iam_role",
      "name": "codeBuildServiceRole",
      "provider": "provider[\"registry.terraform.io/hashicorp/aws\"].source",
      "instances": [
        {
          "schema_version": 0,
          "attributes": {
            "arn": "arn:aws:iam::764364320071:role/codeBuildServiceRole",
            "assume_role_policy": "{\"Statement\":[{\"Action\":\"sts:AssumeRole\",\"Effect\":\"Allow\",\"Principal\":{\"Service\":\"codebuild.amazonaws.com\"},\"Sid\":\"\"}],\"Version\":\"2012-10-17\"}",
            "create_date": "2022-11-12T19:28:56Z",
            "description": "",
            "force_detach_policies": false,
            "id": "codeBuildServiceRole",
            "inline_policy": [],
            "managed_policy_arns": [],
            "max_session_duration": 3600,
            "name": "codeBuildServiceRole",
            "name_prefix": "",
            "path": "/",
            "permissions_boundary": null,
            "tags": null,
            "tags_all": {},
            "unique_id": "AROA3D55J5VD5QN5RV73D"
          },
          "sensitive_attributes": [],
          "private": "bnVsbA==",
          "dependencies": [
            "module.security.data.aws_iam_policy_document.assume_by_codebuild"
          ]
        }
      ]
    },
    {
      "module": "module.security",
      "mode": "managed",
      "type": "aws_iam_role",
      "name": "codeDeployServiceRole",
      "provider": "provider[\"registry.terraform.io/hashicorp/aws\"].source",
      "instances": [
        {
          "schema_version": 0,
          "attributes": {
            "arn": "arn:aws:iam::764364320071:role/codeDeployServiceRole",
            "assume_role_policy": "{\"Statement\":[{\"Action\":\"sts:AssumeRole\",\"Effect\":\"Allow\",\"Principal\":{\"Service\":[\"ecs-tasks.amazonaws.com\",\"codedeploy.amazonaws.com\"]},\"Sid\":\"\"}],\"Version\":\"2012-10-17\"}",
            "create_date": "2022-11-12T19:28:56Z",
            "description": "",
            "force_detach_policies": false,
            "id": "codeDeployServiceRole",
            "inline_policy": [],
            "managed_policy_arns": [],
            "max_session_duration": 3600,
            "name": "codeDeployServiceRole",
            "name_prefix": "",
            "path": "/",
            "permissions_boundary": null,
            "tags": null,
            "tags_all": {},
            "unique_id": "AROA3D55J5VDR34L6G3ER"
          },
          "sensitive_attributes": [],
          "private": "bnVsbA==",
          "dependencies": [
            "module.security.data.aws_iam_policy_document.assume_by_codedeploy"
          ]
        }
      ]
    },
    {
      "module": "module.security",
      "mode": "managed",
      "type": "aws_iam_role",
      "name": "codePipelineServiceRole",
      "provider": "provider[\"registry.terraform.io/hashicorp/aws\"].source",
      "instances": [
        {
          "schema_version": 0,
          "attributes": {
            "arn": "arn:aws:iam::764364320071:role/codePipelineServiceRole",
            "assume_role_policy": "{\"Statement\":[{\"Action\":\"sts:AssumeRole\",\"Effect\":\"Allow\",\"Principal\":{\"Service\":\"codepipeline.amazonaws.com\"},\"Sid\":\"\"}],\"Version\":\"2012-10-17\"}",
            "create_date": "2022-11-12T19:28:56Z",
            "description": "",
            "force_detach_policies": false,
            "id": "codePipelineServiceRole",
            "inline_policy": [],
            "managed_policy_arns": [],
            "max_session_duration": 3600,
            "name": "codePipelineServiceRole",
            "name_prefix": "",
            "path": "/",
            "permissions_boundary": null,
            "tags": null,
            "tags_all": {},
            "unique_id": "AROA3D55J5VD6A2W6XPDX"
          },
          "sensitive_attributes": [],
          "private": "bnVsbA==",
          "dependencies": [
            "module.security.data.aws_iam_policy_document.assume_by_pipeline"
          ]
        }
      ]
    },
    {
      "module": "module.security",
      "mode": "managed",
      "type": "aws_iam_role",
      "name": "ecsInstanceRole",
      "provider": "provider[\"registry.terraform.io/hashicorp/aws\"].source",
      "instances": [
        {
          "schema_version": 0,
          "attributes": {
            "arn": "arn:aws:iam::764364320071:role/ecsInstanceRole",
            "assume_role_policy": "{\"Statement\":[{\"Action\":\"sts:AssumeRole\",\"Effect\":\"Allow\",\"Principal\":{\"Service\":\"ec2.amazonaws.com\"},\"Sid\":\"\"}],\"Version\":\"2012-10-17\"}",
            "create_date": "2022-11-12T19:28:56Z",
            "description": "",
            "force_detach_policies": false,
            "id": "ecsInstanceRole",
            "inline_policy": [],
            "managed_policy_arns": [],
            "max_session_duration": 3600,
            "name": "ecsInstanceRole",
            "name_prefix": "",
            "path": "/",
            "permissions_boundary": null,
            "tags": null,
            "tags_all": {},
            "unique_id": "AROA3D55J5VDY27LFBDRO"
          },
          "sensitive_attributes": [],
          "private": "bnVsbA==",
          "dependencies": [
            "module.security.data.aws_iam_policy_document.assume_by_ec2"
          ],
          "create_before_destroy": true
        }
      ]
    },
    {
      "module": "module.security",
      "mode": "managed",
      "type": "aws_iam_role",
      "name": "ecsServiceRole",
      "provider": "provider[\"registry.terraform.io/hashicorp/aws\"].source",
      "instances": [
        {
          "schema_version": 0,
          "attributes": {
            "arn": "arn:aws:iam::764364320071:role/ecsServiceRole",
            "assume_role_policy": "{\"Statement\":[{\"Action\":\"sts:AssumeRole\",\"Effect\":\"Allow\",\"Principal\":{\"Service\":[\"ecs.amazonaws.com\",\"ecs-tasks.amazonaws.com\"]},\"Sid\":\"\"}],\"Version\":\"2012-10-17\"}",
            "create_date": "2022-11-12T19:28:56Z",
            "description": "",
            "force_detach_policies": false,
            "id": "ecsServiceRole",
            "inline_policy": [],
            "managed_policy_arns": [],
            "max_session_duration": 3600,
            "name": "ecsServiceRole",
            "name_prefix": "",
            "path": "/",
            "permissions_boundary": null,
            "tags": null,
            "tags_all": {},
            "unique_id": "AROA3D55J5VDXXFHMTVBC"
          },
          "sensitive_attributes": [],
          "private": "bnVsbA==",
          "dependencies": [
            "module.security.data.aws_iam_policy_document.assume_by_ecs"
          ]
        }
      ]
    },
    {
      "module": "module.security",
      "mode": "managed",
      "type": "aws_iam_role",
      "name": "ecsTaskRole",
      "provider": "provider[\"registry.terraform.io/hashicorp/aws\"].source",
      "instances": [
        {
          "schema_version": 0,
          "attributes": {
            "arn": "arn:aws:iam::764364320071:role/ecsTaskRole",
            "assume_role_policy": "{\"Statement\":[{\"Action\":\"sts:AssumeRole\",\"Effect\":\"Allow\",\"Principal\":{\"Service\":[\"ecs.amazonaws.com\",\"ecs-tasks.amazonaws.com\"]},\"Sid\":\"\"}],\"Version\":\"2012-10-17\"}",
            "create_date": "2022-11-12T19:28:56Z",
            "description": "",
            "force_detach_policies": false,
            "id": "ecsTaskRole",
            "inline_policy": [],
            "managed_policy_arns": [],
            "max_session_duration": 3600,
            "name": "ecsTaskRole",
            "name_prefix": "",
            "path": "/",
            "permissions_boundary": null,
            "tags": null,
            "tags_all": {},
            "unique_id": "AROA3D55J5VDY6IEECQ3M"
          },
          "sensitive_attributes": [],
          "private": "bnVsbA==",
          "dependencies": [
            "module.security.data.aws_iam_policy_document.assume_by_ecs"
          ]
        }
      ]
    },
    {
      "module": "module.security",
      "mode": "managed",
      "type": "aws_iam_role",
      "name": "iam_role_for_lambda",
      "provider": "provider[\"registry.terraform.io/hashicorp/aws\"].source",
      "instances": [
        {
          "schema_version": 0,
          "attributes": {
            "arn": "arn:aws:iam::764364320071:role/iam_role_for_lambda",
            "assume_role_policy": "{\"Statement\":[{\"Action\":\"sts:AssumeRole\",\"Effect\":\"Allow\",\"Principal\":{\"Service\":\"lambda.amazonaws.com\"},\"Sid\":\"\"}],\"Version\":\"2012-10-17\"}",
            "create_date": "2022-11-12T19:28:56Z",
            "description": "",
            "force_detach_policies": false,
            "id": "iam_role_for_lambda",
            "inline_policy": [],
            "managed_policy_arns": [],
            "max_session_duration": 3600,
            "name": "iam_role_for_lambda",
            "name_prefix": "",
            "path": "/",
            "permissions_boundary": null,
            "tags": null,
            "tags_all": {},
            "unique_id": "AROA3D55J5VD7ENSDQ4UT"
          },
          "sensitive_attributes": [],
          "private": "bnVsbA==",
          "dependencies": [
            "module.security.data.aws_iam_policy_document.assume_by_lambda"
          ]
        }
      ]
    },
    {
      "module": "module.security",
      "mode": "managed",
      "type": "aws_iam_role",
      "name": "s3ReplicationRole",
      "provider": "provider[\"registry.terraform.io/hashicorp/aws\"].source",
      "instances": [
        {
          "schema_version": 0,
          "attributes": {
            "arn": "arn:aws:iam::764364320071:role/s3ReplicationRole",
            "assume_role_policy": "{\"Statement\":[{\"Action\":\"sts:AssumeRole\",\"Effect\":\"Allow\",\"Principal\":{\"Service\":\"s3.amazonaws.com\"},\"Sid\":\"\"}],\"Version\":\"2012-10-17\"}",
            "create_date": "2022-11-12T19:28:56Z",
            "description": "",
            "force_detach_policies": false,
            "id": "s3ReplicationRole",
            "inline_policy": [],
            "managed_policy_arns": [],
            "max_session_duration": 3600,
            "name": "s3ReplicationRole",
            "name_prefix": "",
            "path": "/",
            "permissions_boundary": null,
            "tags": null,
            "tags_all": {},
            "unique_id": "AROA3D55J5VD4TBTRNWTD"
          },
          "sensitive_attributes": [],
          "private": "bnVsbA==",
          "dependencies": [
            "module.security.data.aws_iam_policy_document.assume_for_replication"
          ]
        }
      ]
    },
    {
      "module": "module.security",
      "mode": "managed",
      "type": "aws_iam_role_policy",
      "name": "executionServiceRolePolicy",
      "provider": "provider[\"registry.terraform.io/hashicorp/aws\"].source",
      "instances": [
        {
          "schema_version": 0,
          "attributes": {
            "id": "ecsServiceRole:terraform-20221112192857733800000003",
            "name": "terraform-20221112192857733800000003",
            "name_prefix": null,
            "policy": "{\n  \"Version\": \"2012-10-17\",\n  \"Statement\": [\n    {\n      \"Sid\": \"AllowECRPull\",\n      \"Effect\": \"Allow\",\n      \"Action\": [\n        \"ecr:GetDownloadUrlForLayer\",\n        \"ecr:BatchGetImage\",\n        \"ecr:BatchCheckLayerAvailability\"\n      ],\n      \"Resource\": \"arn:aws:ecr:us-east-1:764364320071:repository/ecs-busybee-home\"\n    },\n    {\n      \"Sid\": \"AllowECRAuth\",\n      \"Effect\": \"Allow\",\n      \"Action\": \"ecr:GetAuthorizationToken\",\n      \"Resource\": \"*\"\n    },\n    {\n      \"Sid\": \"AllowLogging\",\n      \"Effect\": \"Allow\",\n      \"Action\": [\n        \"logs:PutLogEvents\",\n        \"logs:CreateLogStream\"\n      ],\n      \"Resource\": \"*\"\n    }\n  ]\n}",
            "role": "ecsServiceRole"
          },
          "sensitive_attributes": [],
          "private": "bnVsbA==",
          "dependencies": [
            "module.containers.aws_ecr_repository.ecs-busybee-home",
            "module.security.aws_iam_role.ecsServiceRole",
            "module.security.data.aws_iam_policy_document.assume_by_ecs",
            "module.security.data.aws_iam_policy_document.ecs_execution_role"
          ]
        }
      ]
    },
    {
      "module": "module.security",
      "mode": "managed",
      "type": "aws_iam_role_policy",
      "name": "taskRolePolicy",
      "provider": "provider[\"registry.terraform.io/hashicorp/aws\"].source",
      "instances": [
        {
          "schema_version": 0,
          "attributes": {
            "id": "ecsTaskRole:terraform-20221112192907628700000008",
            "name": "terraform-20221112192907628700000008",
            "name_prefix": null,
            "policy": "{\n  \"Version\": \"2012-10-17\",\n  \"Statement\": [\n    {\n      \"Sid\": \"AllowEcrReadAccess\",\n      \"Effect\": \"Allow\",\n      \"Action\": \"ecs:DescribeClusters\",\n      \"Resource\": \"arn:aws:ecs:us-east-1:764364320071:cluster/busybee-Cluster\"\n    }\n  ]\n}",
            "role": "ecsTaskRole"
          },
          "sensitive_attributes": [],
          "private": "bnVsbA==",
          "dependencies": [
            "module.containers.aws_ecs_cluster.busybee-Cluster",
            "module.security.aws_iam_role.ecsTaskRole",
            "module.security.data.aws_iam_policy_document.assume_by_ecs",
            "module.security.data.aws_iam_policy_document.ecs_task_role"
          ]
        }
      ]
    },
    {
      "module": "module.security",
      "mode": "managed",
      "type": "aws_iam_role_policy_attachment",
      "name": "codeBuild-role-attachment",
      "provider": "provider[\"registry.terraform.io/hashicorp/aws\"].source",
      "instances": [
        {
          "schema_version": 0,
          "attributes": {
            "id": "codeBuildServiceRole-20221112192857641000000002",
            "policy_arn": "arn:aws:iam::764364320071:policy/dockerImagePolicy",
            "role": "codeBuildServiceRole"
          },
          "sensitive_attributes": [],
          "private": "bnVsbA==",
          "dependencies": [
            "module.security.aws_iam_policy.dockerImagePolicy",
            "module.security.aws_iam_role.codeBuildServiceRole",
            "module.security.data.aws_iam_policy_document.assume_by_codebuild",
            "module.security.data.aws_iam_policy_document.dockerImagePermissionsDocument"
          ]
        }
      ]
    },
    {
      "module": "module.security",
      "mode": "managed",
      "type": "aws_iam_role_policy_attachment",
      "name": "codeDeploy-role-attachment",
      "provider": "provider[\"registry.terraform.io/hashicorp/aws\"].source",
      "instances": [
        {
          "schema_version": 0,
          "attributes": {
            "id": "codeDeployServiceRole-2022111219312374070000000b",
            "policy_arn": "arn:aws:iam::764364320071:policy/codeDeployPolicy",
            "role": "codeDeployServiceRole"
          },
          "sensitive_attributes": [],
          "private": "bnVsbA==",
          "dependencies": [
            "module.containers.aws_ecs_cluster.busybee-Cluster",
            "module.containers.aws_ecs_service.busybee-Home-Service",
            "module.containers.aws_ecs_task_definition.busybee-App-Task",
            "module.containers.null_resource.alb_exists",
            "module.network.aws_internet_gateway.MyIGW",
            "module.network.aws_lb.busybee-ALB",
            "module.network.aws_lb_target_group.busybee-TG",
            "module.network.aws_subnet.publicA",
            "module.network.aws_subnet.publicB",
            "module.network.aws_subnet.publicC",
            "module.network.aws_vpc.main",
            "module.security.aws_iam_policy.codeDeployPolicy",
            "module.security.aws_iam_role.codeDeployServiceRole",
            "module.security.aws_iam_role.ecsServiceRole",
            "module.security.aws_iam_role.ecsTaskRole",
            "module.security.aws_security_group.AlbSG",
            "module.security.data.aws_iam_policy_document.assume_by_codedeploy",
            "module.security.data.aws_iam_policy_document.assume_by_ecs",
            "module.security.data.aws_iam_policy_document.deploymentPermissionsDocument",
            "module.storage.aws_s3_bucket.busybee-project-prod-build",
            "module.storage.random_string.prefix"
          ]
        }
      ]
    },
    {
      "module": "module.security",
      "mode": "managed",
      "type": "aws_iam_role_policy_attachment",
      "name": "codePipeline-role-attachment",
      "provider": "provider[\"registry.terraform.io/hashicorp/aws\"].source",
      "instances": [
        {
          "schema_version": 0,
          "attributes": {
            "id": "codePipelineServiceRole-20221112192919349900000009",
            "policy_arn": "arn:aws:iam::764364320071:policy/pipelinePolicy",
            "role": "codePipelineServiceRole"
          },
          "sensitive_attributes": [],
          "private": "bnVsbA==",
          "dependencies": [
            "module.containers.aws_ecr_repository.ecs-busybee-home",
            "module.containers.aws_ecs_task_definition.busybee-App-Task",
            "module.network.aws_subnet.appA",
            "module.network.aws_subnet.appB",
            "module.network.aws_subnet.appC",
            "module.network.aws_vpc.main",
            "module.security.aws_iam_policy.pipelinePolicy",
            "module.security.aws_iam_role.codeBuildServiceRole",
            "module.security.aws_iam_role.codeDeployServiceRole",
            "module.security.aws_iam_role.codePipelineServiceRole",
            "module.security.aws_iam_role.ecsServiceRole",
            "module.security.aws_iam_role.ecsTaskRole",
            "module.security.aws_security_group.AlbSG",
            "module.security.aws_security_group.BastionSG",
            "module.security.aws_security_group.EcsSG",
            "module.security.aws_security_group.dbSG",
            "module.security.aws_security_group.db_access_sg",
            "module.security.data.aws_iam_policy_document.assume_by_codebuild",
            "module.security.data.aws_iam_policy_document.assume_by_codedeploy",
            "module.security.data.aws_iam_policy_document.assume_by_ecs",
            "module.security.data.aws_iam_policy_document.assume_by_pipeline",
            "module.security.data.aws_iam_policy_document.pipelinePermissionsDocument",
            "module.storage.aws_s3_bucket.busybee-project-prod-build",
            "module.storage.random_string.prefix",
            "module.tools.aws_codebuild_project.busybeeProdBuild",
            "module.tools.data.aws_caller_identity.current"
          ]
        }
      ]
    },
    {
      "module": "module.security",
      "mode": "managed",
      "type": "aws_iam_role_policy_attachment",
      "name": "ecs-instance-role-attachment",
      "provider": "provider[\"registry.terraform.io/hashicorp/aws\"].source",
      "instances": [
        {
          "schema_version": 0,
          "attributes": {
            "id": "ecsInstanceRole-20221112192857533600000001",
            "policy_arn": "arn:aws:iam::aws:policy/service-role/AmazonEC2ContainerServiceforEC2Role",
            "role": "ecsInstanceRole"
          },
          "sensitive_attributes": [],
          "private": "bnVsbA==",
          "dependencies": [
            "module.security.aws_iam_role.ecsInstanceRole",
            "module.security.data.aws_iam_policy_document.assume_by_ec2"
          ]
        }
      ]
    },
    {
      "module": "module.security",
      "mode": "managed",
      "type": "aws_iam_role_policy_attachment",
      "name": "ecs-role-attachment",
      "provider": "provider[\"registry.terraform.io/hashicorp/aws\"].source",
      "instances": [
        {
          "schema_version": 0,
          "attributes": {
            "id": "ecsServiceRole-20221112192857797200000005",
            "policy_arn": "arn:aws:iam::aws:policy/service-role/AmazonEC2ContainerServiceRole",
            "role": "ecsServiceRole"
          },
          "sensitive_attributes": [],
          "private": "bnVsbA==",
          "dependencies": [
            "module.security.aws_iam_role.ecsServiceRole",
            "module.security.data.aws_iam_policy_document.assume_by_ecs"
          ]
        }
      ]
    },
    {
      "module": "module.security",
      "mode": "managed",
      "type": "aws_iam_role_policy_attachment",
      "name": "ecs-task-role-attachment",
      "provider": "provider[\"registry.terraform.io/hashicorp/aws\"].source",
      "instances": [
        {
          "schema_version": 0,
          "attributes": {
            "id": "ecsTaskRole-20221112192857744500000004",
            "policy_arn": "arn:aws:iam::aws:policy/service-role/AmazonECSTaskExecutionRolePolicy",
            "role": "ecsTaskRole"
          },
          "sensitive_attributes": [],
          "private": "bnVsbA==",
          "dependencies": [
            "module.security.aws_iam_role.ecsTaskRole",
            "module.security.data.aws_iam_policy_document.assume_by_ecs"
          ]
        }
      ]
    },
    {
      "module": "module.security",
      "mode": "managed",
      "type": "aws_iam_role_policy_attachment",
      "name": "lambdaRoleAttachment",
      "provider": "provider[\"registry.terraform.io/hashicorp/aws\"].source",
      "instances": [
        {
          "schema_version": 0,
          "attributes": {
            "id": "iam_role_for_lambda-20221112192902388600000007",
            "policy_arn": "arn:aws:iam::764364320071:policy/lambdaPolicy",
            "role": "iam_role_for_lambda"
          },
          "sensitive_attributes": [],
          "private": "bnVsbA==",
          "dependencies": [
            "module.destStorage.aws_kms_key.dest",
            "module.destStorage.aws_s3_bucket.busybee-destination-bucket",
            "module.destStorage.random_string.prefix",
            "module.security.aws_iam_policy.lambdaPolicy",
            "module.security.aws_iam_role.iam_role_for_lambda",
            "module.security.aws_kms_key.source",
            "module.security.data.aws_iam_policy_document.assume_by_lambda",
            "module.security.data.aws_iam_policy_document.lambdaPolicyDocument",
            "module.storage.aws_s3_bucket.busybee-project-prod-build",
            "module.storage.random_string.prefix"
          ]
        }
      ]
    },
    {
      "module": "module.security",
      "mode": "managed",
      "type": "aws_iam_role_policy_attachment",
      "name": "s3ReplicationRole-attachment",
      "provider": "provider[\"registry.terraform.io/hashicorp/aws\"].source",
      "instances": [
        {
          "schema_version": 0,
          "attributes": {
            "id": "s3ReplicationRole-20221112192902382000000006",
            "policy_arn": "arn:aws:iam::764364320071:policy/s3ReplicationPermissionsPolicy",
            "role": "s3ReplicationRole"
          },
          "sensitive_attributes": [],
          "private": "bnVsbA==",
          "dependencies": [
            "module.destStorage.aws_kms_key.dest",
            "module.destStorage.aws_s3_bucket.busybee-destination-bucket",
            "module.destStorage.random_string.prefix",
            "module.security.aws_iam_policy.s3ReplicationPermissionsPolicy",
            "module.security.aws_iam_role.s3ReplicationRole",
            "module.security.aws_kms_key.source",
            "module.security.data.aws_iam_policy_document.assume_for_replication",
            "module.security.data.aws_iam_policy_document.s3ReplicationPermissionsDocument",
            "module.storage.aws_s3_bucket.busybee-project-prod-build",
            "module.storage.random_string.prefix"
          ]
        }
      ]
    },
    {
      "module": "module.security",
      "mode": "managed",
      "type": "aws_kms_alias",
      "name": "source",
      "provider": "provider[\"registry.terraform.io/hashicorp/aws\"].source",
      "instances": [
        {
          "schema_version": 0,
          "attributes": {
            "arn": "arn:aws:kms:us-east-1:764364320071:alias/source",
            "id": "alias/source",
            "name": "alias/source",
            "name_prefix": "",
            "target_key_arn": "arn:aws:kms:us-east-1:764364320071:key/024e480b-4061-4c1f-833a-df3b0ef568cb",
            "target_key_id": "024e480b-4061-4c1f-833a-df3b0ef568cb"
          },
          "sensitive_attributes": [],
          "private": "bnVsbA==",
          "dependencies": [
            "module.security.aws_kms_key.source"
          ]
        }
      ]
    },
    {
      "module": "module.security",
      "mode": "managed",
      "type": "aws_kms_key",
      "name": "source",
      "provider": "provider[\"registry.terraform.io/hashicorp/aws\"].source",
      "instances": [
        {
          "schema_version": 0,
          "attributes": {
            "arn": "arn:aws:kms:us-east-1:764364320071:key/024e480b-4061-4c1f-833a-df3b0ef568cb",
            "bypass_policy_lockout_safety_check": false,
            "custom_key_store_id": "",
            "customer_master_key_spec": "SYMMETRIC_DEFAULT",
            "deletion_window_in_days": 7,
            "description": "",
            "enable_key_rotation": false,
            "id": "024e480b-4061-4c1f-833a-df3b0ef568cb",
            "is_enabled": true,
            "key_id": "024e480b-4061-4c1f-833a-df3b0ef568cb",
            "key_usage": "ENCRYPT_DECRYPT",
            "multi_region": false,
            "policy": "{\"Id\":\"key-default-1\",\"Statement\":[{\"Action\":\"kms:*\",\"Effect\":\"Allow\",\"Principal\":{\"AWS\":\"arn:aws:iam::764364320071:root\"},\"Resource\":\"*\",\"Sid\":\"Enable IAM User Permissions\"}],\"Version\":\"2012-10-17\"}",
            "tags": null,
            "tags_all": {}
          },
          "sensitive_attributes": [],
          "private": "bnVsbA=="
        }
      ]
    },
    {
      "module": "module.security",
      "mode": "managed",
      "type": "aws_security_group",
      "name": "AlbSG",
      "provider": "provider[\"registry.terraform.io/hashicorp/aws\"].source",
      "instances": [
        {
          "schema_version": 1,
          "attributes": {
            "arn": "arn:aws:ec2:us-east-1:764364320071:security-group/sg-05b75e692ce7ec95b",
            "description": "Allow ssh",
            "egress": [
              {
                "cidr_blocks": [
                  "0.0.0.0/0"
                ],
                "description": "",
                "from_port": 0,
                "ipv6_cidr_blocks": [
                  "::/0"
                ],
                "prefix_list_ids": [],
                "protocol": "-1",
                "security_groups": [],
                "self": false,
                "to_port": 0
              }
            ],
            "id": "sg-05b75e692ce7ec95b",
            "ingress": [
              {
                "cidr_blocks": [
                  "0.0.0.0/0"
                ],
                "description": "",
                "from_port": 443,
                "ipv6_cidr_blocks": [
                  "::/0"
                ],
                "prefix_list_ids": [],
                "protocol": "tcp",
                "security_groups": [],
                "self": false,
                "to_port": 443
              },
              {
                "cidr_blocks": [
                  "0.0.0.0/0"
                ],
                "description": "",
                "from_port": 80,
                "ipv6_cidr_blocks": [
                  "::/0"
                ],
                "prefix_list_ids": [],
                "protocol": "tcp",
                "security_groups": [],
                "self": false,
                "to_port": 80
              },
              {
                "cidr_blocks": [
                  "0.0.0.0/0"
                ],
                "description": "",
                "from_port": 8,
                "ipv6_cidr_blocks": [
                  "::/0"
                ],
                "prefix_list_ids": [],
                "protocol": "icmp",
                "security_groups": [],
                "self": false,
                "to_port": 0
              }
            ],
            "name": "AlbSG",
            "name_prefix": "",
            "owner_id": "764364320071",
            "revoke_rules_on_delete": false,
            "tags": {
              "Name": "AlbSG"
            },
            "tags_all": {
              "Name": "AlbSG"
            },
            "timeouts": null,
            "vpc_id": "vpc-029243fde226ae0f1"
          },
          "sensitive_attributes": [],
          "private": "eyJlMmJmYjczMC1lY2FhLTExZTYtOGY4OC0zNDM2M2JjN2M0YzAiOnsiY3JlYXRlIjo2MDAwMDAwMDAwMDAsImRlbGV0ZSI6OTAwMDAwMDAwMDAwfSwic2NoZW1hX3ZlcnNpb24iOiIxIn0=",
          "dependencies": [
            "module.network.aws_vpc.main"
          ],
          "create_before_destroy": true
        }
      ]
    },
    {
      "module": "module.security",
      "mode": "managed",
      "type": "aws_security_group",
      "name": "AppSG",
      "provider": "provider[\"registry.terraform.io/hashicorp/aws\"].source",
      "instances": [
        {
          "schema_version": 1,
          "attributes": {
            "arn": "arn:aws:ec2:us-east-1:764364320071:security-group/sg-007f768c38c554771",
            "description": "Allow ssh",
            "egress": [
              {
                "cidr_blocks": [
                  "0.0.0.0/0"
                ],
                "description": "",
                "from_port": 0,
                "ipv6_cidr_blocks": [],
                "prefix_list_ids": [],
                "protocol": "-1",
                "security_groups": [],
                "self": false,
                "to_port": 0
              }
            ],
            "id": "sg-007f768c38c554771",
            "ingress": [
              {
                "cidr_blocks": [],
                "description": "",
                "from_port": 22,
                "ipv6_cidr_blocks": [],
                "prefix_list_ids": [],
                "protocol": "tcp",
                "security_groups": [
                  "sg-0d582161f9f7b9ff9"
                ],
                "self": false,
                "to_port": 22
              },
              {
                "cidr_blocks": [],
                "description": "",
                "from_port": 443,
                "ipv6_cidr_blocks": [],
                "prefix_list_ids": [],
                "protocol": "tcp",
                "security_groups": [
                  "sg-05b75e692ce7ec95b"
                ],
                "self": false,
                "to_port": 443
              },
              {
                "cidr_blocks": [],
                "description": "",
                "from_port": 80,
                "ipv6_cidr_blocks": [],
                "prefix_list_ids": [],
                "protocol": "tcp",
                "security_groups": [
                  "sg-05b75e692ce7ec95b"
                ],
                "self": false,
                "to_port": 80
              },
              {
                "cidr_blocks": [],
                "description": "",
                "from_port": 8,
                "ipv6_cidr_blocks": [],
                "prefix_list_ids": [],
                "protocol": "icmp",
                "security_groups": [
                  "sg-05b75e692ce7ec95b"
                ],
                "self": false,
                "to_port": 0
              }
            ],
            "name": "AppSG",
            "name_prefix": "",
            "owner_id": "764364320071",
            "revoke_rules_on_delete": false,
            "tags": {
              "Name": "AppSG"
            },
            "tags_all": {
              "Name": "AppSG"
            },
            "timeouts": null,
            "vpc_id": "vpc-029243fde226ae0f1"
          },
          "sensitive_attributes": [],
          "private": "eyJlMmJmYjczMC1lY2FhLTExZTYtOGY4OC0zNDM2M2JjN2M0YzAiOnsiY3JlYXRlIjo2MDAwMDAwMDAwMDAsImRlbGV0ZSI6OTAwMDAwMDAwMDAwfSwic2NoZW1hX3ZlcnNpb24iOiIxIn0=",
          "dependencies": [
            "module.network.aws_vpc.main",
            "module.security.aws_security_group.AlbSG",
            "module.security.aws_security_group.BastionSG"
          ]
        }
      ]
    },
    {
      "module": "module.security",
      "mode": "managed",
      "type": "aws_security_group",
      "name": "BastionSG",
      "provider": "provider[\"registry.terraform.io/hashicorp/aws\"].source",
      "instances": [
        {
          "schema_version": 1,
          "attributes": {
            "arn": "arn:aws:ec2:us-east-1:764364320071:security-group/sg-0d582161f9f7b9ff9",
            "description": "Allow ssh",
            "egress": [
              {
                "cidr_blocks": [
                  "0.0.0.0/0"
                ],
                "description": "",
                "from_port": 0,
                "ipv6_cidr_blocks": [],
                "prefix_list_ids": [],
                "protocol": "-1",
                "security_groups": [],
                "self": false,
                "to_port": 0
              }
            ],
            "id": "sg-0d582161f9f7b9ff9",
            "ingress": [
              {
                "cidr_blocks": [
                  "0.0.0.0/0"
                ],
                "description": "",
                "from_port": 22,
                "ipv6_cidr_blocks": [],
                "prefix_list_ids": [],
                "protocol": "tcp",
                "security_groups": [],
                "self": false,
                "to_port": 22
              }
            ],
            "name": "BastionSG",
            "name_prefix": "",
            "owner_id": "764364320071",
            "revoke_rules_on_delete": false,
            "tags": {
              "Name": "BastionSG"
            },
            "tags_all": {
              "Name": "BastionSG"
            },
            "timeouts": null,
            "vpc_id": "vpc-029243fde226ae0f1"
          },
          "sensitive_attributes": [],
          "private": "eyJlMmJmYjczMC1lY2FhLTExZTYtOGY4OC0zNDM2M2JjN2M0YzAiOnsiY3JlYXRlIjo2MDAwMDAwMDAwMDAsImRlbGV0ZSI6OTAwMDAwMDAwMDAwfSwic2NoZW1hX3ZlcnNpb24iOiIxIn0=",
          "dependencies": [
            "module.network.aws_vpc.main"
          ],
          "create_before_destroy": true
        }
      ]
    },
    {
      "module": "module.security",
      "mode": "managed",
      "type": "aws_security_group",
      "name": "EcsSG",
      "provider": "provider[\"registry.terraform.io/hashicorp/aws\"].source",
      "instances": [
        {
          "schema_version": 1,
          "attributes": {
            "arn": "arn:aws:ec2:us-east-1:764364320071:security-group/sg-08bf8881cd7af82d0",
            "description": "Allow traffic from bastion hosts and ALB",
            "egress": [
              {
                "cidr_blocks": [
                  "0.0.0.0/0"
                ],
                "description": "",
                "from_port": 0,
                "ipv6_cidr_blocks": [],
                "prefix_list_ids": [],
                "protocol": "-1",
                "security_groups": [],
                "self": false,
                "to_port": 0
              }
            ],
            "id": "sg-08bf8881cd7af82d0",
            "ingress": [
              {
                "cidr_blocks": [],
                "description": "",
                "from_port": 22,
                "ipv6_cidr_blocks": [],
                "prefix_list_ids": [],
                "protocol": "tcp",
                "security_groups": [
                  "sg-0d582161f9f7b9ff9"
                ],
                "self": false,
                "to_port": 22
              },
              {
                "cidr_blocks": [],
                "description": "",
                "from_port": 32768,
                "ipv6_cidr_blocks": [],
                "prefix_list_ids": [],
                "protocol": "tcp",
                "security_groups": [
                  "sg-05b75e692ce7ec95b"
                ],
                "self": false,
                "to_port": 65535
              },
              {
                "cidr_blocks": [],
                "description": "",
                "from_port": 3306,
                "ipv6_cidr_blocks": [],
                "prefix_list_ids": [],
                "protocol": "tcp",
                "security_groups": [
                  "sg-0fc82b085df003100"
                ],
                "self": false,
                "to_port": 3306
              },
              {
                "cidr_blocks": [],
                "description": "",
                "from_port": 443,
                "ipv6_cidr_blocks": [],
                "prefix_list_ids": [],
                "protocol": "tcp",
                "security_groups": [
                  "sg-05b75e692ce7ec95b"
                ],
                "self": false,
                "to_port": 443
              },
              {
                "cidr_blocks": [],
                "description": "",
                "from_port": 80,
                "ipv6_cidr_blocks": [],
                "prefix_list_ids": [],
                "protocol": "tcp",
                "security_groups": [
                  "sg-05b75e692ce7ec95b"
                ],
                "self": false,
                "to_port": 80
              },
              {
                "cidr_blocks": [],
                "description": "",
                "from_port": 8,
                "ipv6_cidr_blocks": [],
                "prefix_list_ids": [],
                "protocol": "icmp",
                "security_groups": [
                  "sg-05b75e692ce7ec95b"
                ],
                "self": false,
                "to_port": 0
              }
            ],
            "name": "EcsSG",
            "name_prefix": "",
            "owner_id": "764364320071",
            "revoke_rules_on_delete": false,
            "tags": {
              "Name": "EcsSG"
            },
            "tags_all": {
              "Name": "EcsSG"
            },
            "timeouts": null,
            "vpc_id": "vpc-029243fde226ae0f1"
          },
          "sensitive_attributes": [],
          "private": "eyJlMmJmYjczMC1lY2FhLTExZTYtOGY4OC0zNDM2M2JjN2M0YzAiOnsiY3JlYXRlIjo2MDAwMDAwMDAwMDAsImRlbGV0ZSI6OTAwMDAwMDAwMDAwfSwic2NoZW1hX3ZlcnNpb24iOiIxIn0=",
          "dependencies": [
            "module.network.aws_vpc.main",
            "module.security.aws_security_group.AlbSG",
            "module.security.aws_security_group.BastionSG",
            "module.security.aws_security_group.dbSG",
            "module.security.aws_security_group.db_access_sg"
          ],
          "create_before_destroy": true
        }
      ]
    },
    {
      "module": "module.security",
      "mode": "managed",
      "type": "aws_security_group",
      "name": "dbSG",
      "provider": "provider[\"registry.terraform.io/hashicorp/aws\"].source",
      "instances": [
        {
          "schema_version": 1,
          "attributes": {
            "arn": "arn:aws:ec2:us-east-1:764364320071:security-group/sg-0fc82b085df003100",
            "description": "Allow mySQL",
            "egress": [
              {
                "cidr_blocks": [
                  "0.0.0.0/0"
                ],
                "description": "",
                "from_port": 0,
                "ipv6_cidr_blocks": [],
                "prefix_list_ids": [],
                "protocol": "-1",
                "security_groups": [],
                "self": false,
                "to_port": 0
              }
            ],
            "id": "sg-0fc82b085df003100",
            "ingress": [
              {
                "cidr_blocks": [],
                "description": "",
                "from_port": 0,
                "ipv6_cidr_blocks": [],
                "prefix_list_ids": [],
                "protocol": "-1",
                "security_groups": [],
                "self": true,
                "to_port": 0
              },
              {
                "cidr_blocks": [],
                "description": "",
                "from_port": 3306,
                "ipv6_cidr_blocks": [],
                "prefix_list_ids": [],
                "protocol": "tcp",
                "security_groups": [
                  "sg-0aa41d35ccbe89fd7"
                ],
                "self": false,
                "to_port": 3306
              }
            ],
            "name": "dbSG",
            "name_prefix": "",
            "owner_id": "764364320071",
            "revoke_rules_on_delete": false,
            "tags": {
              "Name": "dbSG"
            },
            "tags_all": {
              "Name": "dbSG"
            },
            "timeouts": null,
            "vpc_id": "vpc-029243fde226ae0f1"
          },
          "sensitive_attributes": [],
          "private": "eyJlMmJmYjczMC1lY2FhLTExZTYtOGY4OC0zNDM2M2JjN2M0YzAiOnsiY3JlYXRlIjo2MDAwMDAwMDAwMDAsImRlbGV0ZSI6OTAwMDAwMDAwMDAwfSwic2NoZW1hX3ZlcnNpb24iOiIxIn0=",
          "dependencies": [
            "module.network.aws_vpc.main",
            "module.security.aws_security_group.db_access_sg"
          ],
          "create_before_destroy": true
        }
      ]
    },
    {
      "module": "module.security",
      "mode": "managed",
      "type": "aws_security_group",
      "name": "db_access_sg",
      "provider": "provider[\"registry.terraform.io/hashicorp/aws\"].source",
      "instances": [
        {
          "schema_version": 1,
          "attributes": {
            "arn": "arn:aws:ec2:us-east-1:764364320071:security-group/sg-0aa41d35ccbe89fd7",
            "description": "Allow access to RDS",
            "egress": [],
            "id": "sg-0aa41d35ccbe89fd7",
            "ingress": [],
            "name": "db-access-sg",
            "name_prefix": "",
            "owner_id": "764364320071",
            "revoke_rules_on_delete": false,
            "tags": {
              "Name": "db-access-sg"
            },
            "tags_all": {
              "Name": "db-access-sg"
            },
            "timeouts": null,
            "vpc_id": "vpc-029243fde226ae0f1"
          },
          "sensitive_attributes": [],
          "private": "eyJlMmJmYjczMC1lY2FhLTExZTYtOGY4OC0zNDM2M2JjN2M0YzAiOnsiY3JlYXRlIjo2MDAwMDAwMDAwMDAsImRlbGV0ZSI6OTAwMDAwMDAwMDAwfSwic2NoZW1hX3ZlcnNpb24iOiIxIn0=",
          "dependencies": [
            "module.network.aws_vpc.main"
          ],
          "create_before_destroy": true
        }
      ]
    },
    {
      "module": "module.storage",
      "mode": "managed",
      "type": "aws_s3_bucket",
      "name": "busybee-project-prod-build",
      "provider": "provider[\"registry.terraform.io/hashicorp/aws\"].source",
      "instances": [
        {
          "schema_version": 0,
          "attributes": {
            "acceleration_status": "",
            "acl": "private",
            "arn": "arn:aws:s3:::pydhl-busybee-project-prod-build",
            "bucket": "pydhl-busybee-project-prod-build",
            "bucket_domain_name": "pydhl-busybee-project-prod-build.s3.amazonaws.com",
            "bucket_prefix": null,
            "bucket_regional_domain_name": "pydhl-busybee-project-prod-build.s3.amazonaws.com",
            "cors_rule": [],
            "force_destroy": true,
            "grant": [
              {
                "id": "d24f42e8eafb724997762a944512417743207fbfd036da7736a1cec88063839c",
                "permissions": [
                  "FULL_CONTROL"
                ],
                "type": "CanonicalUser",
                "uri": ""
              }
            ],
            "hosted_zone_id": "Z3AQBSTGFYJSTF",
            "id": "pydhl-busybee-project-prod-build",
            "lifecycle_rule": [],
            "logging": [],
            "object_lock_configuration": [],
            "object_lock_enabled": false,
            "policy": "",
            "region": "us-east-1",
            "replication_configuration": [],
            "request_payer": "BucketOwner",
            "server_side_encryption_configuration": [],
            "tags": null,
            "tags_all": {},
            "timeouts": null,
            "versioning": [
              {
                "enabled": true,
                "mfa_delete": false
              }
            ],
            "website": [],
            "website_domain": null,
            "website_endpoint": null
          },
          "sensitive_attributes": [],
          "private": "eyJlMmJmYjczMC1lY2FhLTExZTYtOGY4OC0zNDM2M2JjN2M0YzAiOnsiY3JlYXRlIjoxMjAwMDAwMDAwMDAwLCJkZWxldGUiOjM2MDAwMDAwMDAwMDAsInJlYWQiOjEyMDAwMDAwMDAwMDAsInVwZGF0ZSI6MTIwMDAwMDAwMDAwMH19",
          "dependencies": [
            "module.storage.random_string.prefix"
          ]
        }
      ]
    },
    {
      "module": "module.storage",
      "mode": "managed",
      "type": "aws_s3_bucket_acl",
      "name": "busybee-project-prod-build",
      "provider": "provider[\"registry.terraform.io/hashicorp/aws\"].source",
      "instances": [
        {
          "schema_version": 0,
          "attributes": {
            "access_control_policy": [
              {
                "grant": [
                  {
                    "grantee": [
                      {
                        "display_name": "pro.mattburns",
                        "email_address": "",
                        "id": "d24f42e8eafb724997762a944512417743207fbfd036da7736a1cec88063839c",
                        "type": "CanonicalUser",
                        "uri": ""
                      }
                    ],
                    "permission": "FULL_CONTROL"
                  }
                ],
                "owner": [
                  {
                    "display_name": "pro.mattburns",
                    "id": "d24f42e8eafb724997762a944512417743207fbfd036da7736a1cec88063839c"
                  }
                ]
              }
            ],
            "acl": "private",
            "bucket": "pydhl-busybee-project-prod-build",
            "expected_bucket_owner": "",
            "id": "pydhl-busybee-project-prod-build,private"
          },
          "sensitive_attributes": [],
          "private": "bnVsbA==",
          "dependencies": [
            "module.storage.aws_s3_bucket.busybee-project-prod-build",
            "module.storage.random_string.prefix"
          ]
        }
      ]
    },
    {
      "module": "module.storage",
      "mode": "managed",
      "type": "aws_s3_bucket_replication_configuration",
      "name": "busybee-project-prod-build",
      "provider": "provider[\"registry.terraform.io/hashicorp/aws\"].source",
      "instances": [
        {
          "schema_version": 0,
          "attributes": {
            "bucket": "pydhl-busybee-project-prod-build",
            "id": "pydhl-busybee-project-prod-build",
            "role": "arn:aws:iam::764364320071:role/s3ReplicationRole",
            "rule": [
              {
                "delete_marker_replication": [],
                "destination": [
                  {
                    "access_control_translation": [],
                    "account": "",
                    "bucket": "arn:aws:s3:::qihxy-busybee-project-prod-build",
                    "encryption_configuration": [
                      {
                        "replica_kms_key_id": "arn:aws:kms:us-west-2:764364320071:key/fab26102-fa9e-4c53-ba5e-3ff08c4424c5"
                      }
                    ],
                    "metrics": [],
                    "replication_time": [],
                    "storage_class": ""
                  }
                ],
                "existing_object_replication": [],
                "filter": [],
                "id": "rule_id",
                "prefix": "",
                "priority": 0,
                "source_selection_criteria": [
                  {
                    "replica_modifications": [],
                    "sse_kms_encrypted_objects": [
                      {
                        "status": "Enabled"
                      }
                    ]
                  }
                ],
                "status": "Enabled"
              }
            ],
            "token": null
          },
          "sensitive_attributes": [],
          "private": "bnVsbA==",
          "dependencies": [
            "module.destStorage.aws_kms_key.dest",
            "module.destStorage.aws_s3_bucket.busybee-destination-bucket",
            "module.destStorage.random_string.prefix",
            "module.security.aws_iam_role.s3ReplicationRole",
            "module.security.data.aws_iam_policy_document.assume_for_replication",
            "module.storage.aws_s3_bucket.busybee-project-prod-build",
            "module.storage.random_string.prefix"
          ]
        }
      ]
    },
    {
      "module": "module.storage",
      "mode": "managed",
      "type": "aws_s3_bucket_server_side_encryption_configuration",
      "name": "busybee-project-prod-build",
      "provider": "provider[\"registry.terraform.io/hashicorp/aws\"].source",
      "instances": [
        {
          "schema_version": 0,
          "attributes": {
            "bucket": "pydhl-busybee-project-prod-build",
            "expected_bucket_owner": "",
            "id": "pydhl-busybee-project-prod-build",
            "rule": [
              {
                "apply_server_side_encryption_by_default": [
                  {
                    "kms_master_key_id": "arn:aws:kms:us-east-1:764364320071:key/024e480b-4061-4c1f-833a-df3b0ef568cb",
                    "sse_algorithm": "aws:kms"
                  }
                ],
                "bucket_key_enabled": null
              }
            ]
          },
          "sensitive_attributes": [],
          "private": "bnVsbA==",
          "dependencies": [
            "module.security.aws_kms_key.source",
            "module.storage.aws_s3_bucket.busybee-project-prod-build",
            "module.storage.aws_s3_bucket_versioning.busybee-project-prod-build",
            "module.storage.random_string.prefix"
          ]
        }
      ]
    },
    {
      "module": "module.storage",
      "mode": "managed",
      "type": "aws_s3_bucket_versioning",
      "name": "busybee-project-prod-build",
      "provider": "provider[\"registry.terraform.io/hashicorp/aws\"].source",
      "instances": [
        {
          "schema_version": 0,
          "attributes": {
            "bucket": "pydhl-busybee-project-prod-build",
            "expected_bucket_owner": "",
            "id": "pydhl-busybee-project-prod-build",
            "mfa": null,
            "versioning_configuration": [
              {
                "mfa_delete": "",
                "status": "Enabled"
              }
            ]
          },
          "sensitive_attributes": [],
          "private": "bnVsbA==",
          "dependencies": [
            "module.storage.aws_s3_bucket.busybee-project-prod-build",
            "module.storage.random_string.prefix"
          ]
        }
      ]
    },
    {
      "module": "module.storage",
      "mode": "managed",
      "type": "random_string",
      "name": "prefix",
      "provider": "provider[\"registry.terraform.io/hashicorp/random\"]",
      "instances": [
        {
          "schema_version": 2,
          "attributes": {
            "id": "PYdHl",
            "keepers": null,
            "length": 5,
            "lower": true,
            "min_lower": 0,
            "min_numeric": 0,
            "min_special": 0,
            "min_upper": 0,
            "number": true,
            "numeric": true,
            "override_special": null,
            "result": "PYdHl",
            "special": false,
            "upper": true
          },
          "sensitive_attributes": []
        }
      ]
    },
    {
      "module": "module.tools",
      "mode": "data",
      "type": "aws_caller_identity",
      "name": "current",
      "provider": "provider[\"registry.terraform.io/hashicorp/aws\"].source",
      "instances": [
        {
          "schema_version": 0,
          "attributes": {
            "account_id": "764364320071",
            "arn": "arn:aws:iam::764364320071:user/matt",
            "id": "764364320071",
            "user_id": "AIDA3D55J5VDYBCJ3LEC4"
          },
          "sensitive_attributes": []
        }
      ]
    },
    {
      "module": "module.tools",
      "mode": "managed",
      "type": "aws_codebuild_project",
      "name": "busybeeProdBuild",
      "provider": "provider[\"registry.terraform.io/hashicorp/aws\"].source",
      "instances": [
        {
          "schema_version": 0,
          "attributes": {
            "arn": "arn:aws:codebuild:us-east-1:764364320071:project/busybeeProdBuild",
            "artifacts": [
              {
                "artifact_identifier": "",
                "bucket_owner_access": "",
                "encryption_disabled": false,
                "location": "",
                "name": "busybeeProdBuild",
                "namespace_type": "",
                "override_artifact_name": false,
                "packaging": "NONE",
                "path": "",
                "type": "CODEPIPELINE"
              }
            ],
            "badge_enabled": false,
            "badge_url": "",
            "build_batch_config": [],
            "build_timeout": 60,
            "cache": [
              {
                "location": "",
                "modes": [],
                "type": "NO_CACHE"
              }
            ],
            "concurrent_build_limit": 0,
            "description": "Build a docker image of the app",
            "encryption_key": "arn:aws:kms:us-east-1:764364320071:alias/aws/s3",
            "environment": [
              {
                "certificate": "",
                "compute_type": "BUILD_GENERAL1_SMALL",
                "environment_variable": [
                  {
                    "name": "AWS_ACCOUNT_ID",
                    "type": "PLAINTEXT",
                    "value": "764364320071"
                  },
                  {
                    "name": "DEPLOY_EXECUTION_ROLE",
                    "type": "PLAINTEXT",
                    "value": "arn:aws:iam::764364320071:role/codeDeployServiceRole"
                  },
                  {
                    "name": "REPOSITORY_URI",
                    "type": "PLAINTEXT",
                    "value": "764364320071.dkr.ecr.us-east-1.amazonaws.com/ecs-busybee-home"
                  },
                  {
                    "name": "TASK_DEFINITION",
                    "type": "PLAINTEXT",
                    "value": "arn:aws:ecs:us-east-1:764364320071:task-definition/busybee-App-Task"
                  },
                  {
                    "name": "FAMILY",
                    "type": "PLAINTEXT",
                    "value": "busybee-App-Task"
                  },
                  {
                    "name": "CONTAINER_NAME",
                    "type": "PLAINTEXT",
                    "value": "ecs-busybee-home"
                  },
                  {
                    "name": "SUBNET_1",
                    "type": "PLAINTEXT",
                    "value": "subnet-0a492dc9f15fb40b2"
                  },
                  {
                    "name": "SUBNET_2",
                    "type": "PLAINTEXT",
                    "value": "subnet-049bbdc9fc34b6fc6"
                  },
                  {
                    "name": "SUBNET_3",
                    "type": "PLAINTEXT",
                    "value": "subnet-0edd9f005b1e3685f"
                  },
                  {
                    "name": "SECURITY_GROUP",
                    "type": "PLAINTEXT",
                    "value": "sg-08bf8881cd7af82d0"
                  }
                ],
                "image": "aws/codebuild/standard:3.0",
                "image_pull_credentials_type": "CODEBUILD",
                "privileged_mode": true,
                "registry_credential": [],
                "type": "LINUX_CONTAINER"
              }
            ],
            "file_system_locations": [],
            "id": "arn:aws:codebuild:us-east-1:764364320071:project/busybeeProdBuild",
            "logs_config": [
              {
                "cloudwatch_logs": [
                  {
                    "group_name": "busybeeProject",
                    "status": "ENABLED",
                    "stream_name": "prod/build"
                  }
                ],
                "s3_logs": [
                  {
                    "bucket_owner_access": "",
                    "encryption_disabled": false,
                    "location": "",
                    "status": "DISABLED"
                  }
                ]
              }
            ],
            "name": "busybeeProdBuild",
            "project_visibility": "PRIVATE",
            "public_project_alias": "",
            "queued_timeout": 480,
            "resource_access_role": "",
            "secondary_artifacts": [],
            "secondary_source_version": [],
            "secondary_sources": [],
            "service_role": "arn:aws:iam::764364320071:role/codeBuildServiceRole",
            "source": [
              {
                "auth": [],
                "build_status_config": [],
                "buildspec": "",
                "git_clone_depth": 0,
                "git_submodules_config": [],
                "insecure_ssl": false,
                "location": "",
                "report_build_status": false,
                "type": "CODEPIPELINE"
              }
            ],
            "source_version": "",
            "tags": {
              "Environment": "Production"
            },
            "tags_all": {
              "Environment": "Production"
            },
            "vpc_config": []
          },
          "sensitive_attributes": [],
          "private": "bnVsbA==",
          "dependencies": [
            "module.containers.aws_ecr_repository.ecs-busybee-home",
            "module.containers.aws_ecs_task_definition.busybee-App-Task",
            "module.network.aws_subnet.appA",
            "module.network.aws_subnet.appB",
            "module.network.aws_subnet.appC",
            "module.network.aws_vpc.main",
            "module.security.aws_iam_role.codeBuildServiceRole",
            "module.security.aws_iam_role.codeDeployServiceRole",
            "module.security.aws_iam_role.ecsServiceRole",
            "module.security.aws_iam_role.ecsTaskRole",
            "module.security.aws_security_group.AlbSG",
            "module.security.aws_security_group.BastionSG",
            "module.security.aws_security_group.EcsSG",
            "module.security.aws_security_group.dbSG",
            "module.security.aws_security_group.db_access_sg",
            "module.security.data.aws_iam_policy_document.assume_by_codebuild",
            "module.security.data.aws_iam_policy_document.assume_by_codedeploy",
            "module.security.data.aws_iam_policy_document.assume_by_ecs",
            "module.tools.data.aws_caller_identity.current"
          ]
        }
      ]
    },
    {
      "module": "module.tools",
      "mode": "managed",
      "type": "aws_codecommit_repository",
      "name": "busybee",
      "provider": "provider[\"registry.terraform.io/hashicorp/aws\"].source",
      "instances": [
        {
          "schema_version": 0,
          "attributes": {
            "arn": "arn:aws:codecommit:us-east-1:764364320071:busybeeAppSource",
            "clone_url_http": "https://git-codecommit.us-east-1.amazonaws.com/v1/repos/busybeeAppSource",
            "clone_url_ssh": "ssh://git-codecommit.us-east-1.amazonaws.com/v1/repos/busybeeAppSource",
            "default_branch": null,
            "description": "This is the Sample App Repository",
            "id": "busybeeAppSource",
            "repository_id": "f3206e0b-ccab-4433-af42-8b1b5a93a2c4",
            "repository_name": "busybeeAppSource",
            "tags": null,
            "tags_all": {}
          },
          "sensitive_attributes": [],
          "private": "bnVsbA=="
        }
      ]
    },
    {
      "module": "module.tools",
      "mode": "managed",
      "type": "aws_codedeploy_app",
      "name": "busybeeApp",
      "provider": "provider[\"registry.terraform.io/hashicorp/aws\"].source",
      "instances": [
        {
          "schema_version": 0,
          "attributes": {
            "application_id": "d6b37a9d-e8bb-441c-87e9-adde26e04463",
            "arn": "arn:aws:codedeploy:us-east-1:764364320071:application:busybeeApp",
            "compute_platform": "ECS",
            "github_account_name": "",
            "id": "d6b37a9d-e8bb-441c-87e9-adde26e04463:busybeeApp",
            "linked_to_github": false,
            "name": "busybeeApp",
            "tags": null,
            "tags_all": {}
          },
          "sensitive_attributes": [],
          "private": "bnVsbA=="
        }
      ]
    },
    {
      "module": "module.tools",
      "mode": "managed",
      "type": "aws_codedeploy_deployment_config",
      "name": "busybeeAppDeploymentConfig",
      "provider": "provider[\"registry.terraform.io/hashicorp/aws\"].source",
      "instances": [
        {
          "schema_version": 0,
          "attributes": {
            "compute_platform": "ECS",
            "deployment_config_id": "fab9baf5-f5cf-46e2-8af6-0b2b5376f4ae",
            "deployment_config_name": "busybeeAppDeploymentConfig",
            "id": "busybeeAppDeploymentConfig",
            "minimum_healthy_hosts": [],
            "traffic_routing_config": [
              {
                "time_based_canary": [],
                "time_based_linear": [],
                "type": "AllAtOnce"
              }
            ]
          },
          "sensitive_attributes": [],
          "private": "bnVsbA=="
        }
      ]
    },
    {
      "module": "module.tools",
      "mode": "managed",
      "type": "aws_codedeploy_deployment_group",
      "name": "busybeeAppDeploymentGroup",
      "provider": "provider[\"registry.terraform.io/hashicorp/aws\"].source",
      "instances": [
        {
          "schema_version": 0,
          "attributes": {
            "alarm_configuration": [],
            "app_name": "busybeeApp",
            "arn": "arn:aws:codedeploy:us-east-1:764364320071:deploymentgroup:busybeeApp/busybeeAppDeploymentGroup",
            "auto_rollback_configuration": [],
            "autoscaling_groups": null,
            "blue_green_deployment_config": [
              {
                "deployment_ready_option": [
                  {
                    "action_on_timeout": "CONTINUE_DEPLOYMENT",
                    "wait_time_in_minutes": 0
                  }
                ],
                "green_fleet_provisioning_option": [],
                "terminate_blue_instances_on_deployment_success": [
                  {
                    "action": "TERMINATE",
                    "termination_wait_time_in_minutes": 5
                  }
                ]
              }
            ],
            "compute_platform": "ECS",
            "deployment_config_name": "busybeeAppDeploymentConfig",
            "deployment_group_id": "97f30c52-e0a3-411c-89dc-3e7d149f14a2",
            "deployment_group_name": "busybeeAppDeploymentGroup",
            "deployment_style": [
              {
                "deployment_option": "WITH_TRAFFIC_CONTROL",
                "deployment_type": "BLUE_GREEN"
              }
            ],
            "ec2_tag_filter": [],
            "ec2_tag_set": [],
            "ecs_service": [
              {
                "cluster_name": "busybee-Cluster",
                "service_name": "busybee-Home-Service"
              }
            ],
            "id": "97f30c52-e0a3-411c-89dc-3e7d149f14a2",
            "load_balancer_info": [
              {
                "elb_info": [],
                "target_group_info": [],
                "target_group_pair_info": [
                  {
                    "prod_traffic_route": [
                      {
                        "listener_arns": [
                          "arn:aws:elasticloadbalancing:us-east-1:764364320071:listener/app/busybee-ALB/bfd7e155cc0fe026/347402ee297c4558"
                        ]
                      }
                    ],
                    "target_group": [
                      {
                        "name": "busybee-TG-green"
                      },
                      {
                        "name": "busybee-TG-blue"
                      }
                    ],
                    "test_traffic_route": []
                  }
                ]
              }
            ],
            "on_premises_instance_tag_filter": [],
            "service_role_arn": "arn:aws:iam::764364320071:role/codeDeployServiceRole",
            "tags": null,
            "tags_all": {},
            "trigger_configuration": []
          },
          "sensitive_attributes": [],
          "private": "bnVsbA==",
          "dependencies": [
            "module.containers.aws_ecs_cluster.busybee-Cluster",
            "module.containers.aws_ecs_service.busybee-Home-Service",
            "module.containers.aws_ecs_task_definition.busybee-App-Task",
            "module.containers.null_resource.alb_exists",
            "module.network.aws_internet_gateway.MyIGW",
            "module.network.aws_lb.busybee-ALB",
            "module.network.aws_lb_listener.busybee-Listener",
            "module.network.aws_lb_target_group.busybee-TG",
            "module.network.aws_subnet.publicA",
            "module.network.aws_subnet.publicB",
            "module.network.aws_subnet.publicC",
            "module.network.aws_vpc.main",
            "module.security.aws_iam_role.codeDeployServiceRole",
            "module.security.aws_iam_role.ecsServiceRole",
            "module.security.aws_iam_role.ecsTaskRole",
            "module.security.aws_security_group.AlbSG",
            "module.security.data.aws_iam_policy_document.assume_by_codedeploy",
            "module.security.data.aws_iam_policy_document.assume_by_ecs",
            "module.tools.aws_codedeploy_app.busybeeApp",
            "module.tools.aws_codedeploy_deployment_config.busybeeAppDeploymentConfig"
          ]
        }
      ]
    },
    {
      "module": "module.tools",
      "mode": "managed",
      "type": "aws_codepipeline",
      "name": "busybeeProdPipeline",
      "provider": "provider[\"registry.terraform.io/hashicorp/aws\"].source",
      "instances": [
        {
          "schema_version": 0,
          "attributes": {
            "arn": "arn:aws:codepipeline:us-east-1:764364320071:busybeeProdPipeline",
            "artifact_store": [
              {
                "encryption_key": [],
                "location": "pydhl-busybee-project-prod-build",
                "region": "",
                "type": "S3"
              }
            ],
            "id": "busybeeProdPipeline",
            "name": "busybeeProdPipeline",
            "role_arn": "arn:aws:iam::764364320071:role/codePipelineServiceRole",
            "stage": [
              {
                "action": [
                  {
                    "category": "Source",
                    "configuration": {
                      "BranchName": "main",
                      "RepositoryName": "busybeeAppSource"
                    },
                    "input_artifacts": null,
                    "name": "Source",
                    "namespace": "",
                    "output_artifacts": [
                      "sourceArtifact"
                    ],
                    "owner": "AWS",
                    "provider": "CodeCommit",
                    "region": "",
                    "role_arn": "",
                    "run_order": 1,
                    "version": "1"
                  }
                ],
                "name": "Source"
              },
              {
                "action": [
                  {
                    "category": "Build",
                    "configuration": {
                      "ProjectName": "busybeeProdBuild"
                    },
                    "input_artifacts": [
                      "sourceArtifact"
                    ],
                    "name": "Build",
                    "namespace": "",
                    "output_artifacts": [
                      "buildArtifact"
                    ],
                    "owner": "AWS",
                    "provider": "CodeBuild",
                    "region": "",
                    "role_arn": "",
                    "run_order": 1,
                    "version": "1"
                  }
                ],
                "name": "Build"
              },
              {
                "action": [
                  {
                    "category": "Deploy",
                    "configuration": {
                      "AppSpecTemplateArtifact": "buildArtifact",
                      "ApplicationName": "busybeeApp",
                      "DeploymentGroupName": "busybeeAppDeploymentGroup",
                      "TaskDefinitionTemplateArtifact": "buildArtifact"
                    },
                    "input_artifacts": [
                      "buildArtifact"
                    ],
                    "name": "Deploy",
                    "namespace": "",
                    "output_artifacts": null,
                    "owner": "AWS",
                    "provider": "CodeDeployToECS",
                    "region": "",
                    "role_arn": "",
                    "run_order": 1,
                    "version": "1"
                  }
                ],
                "name": "Deploy"
              }
            ],
            "tags": null,
            "tags_all": {}
          },
          "sensitive_attributes": [],
          "private": "bnVsbA==",
          "dependencies": [
            "module.containers.aws_ecr_repository.ecs-busybee-home",
            "module.containers.aws_ecs_cluster.busybee-Cluster",
            "module.containers.aws_ecs_service.busybee-Home-Service",
            "module.containers.aws_ecs_task_definition.busybee-App-Task",
            "module.containers.null_resource.alb_exists",
            "module.network.aws_internet_gateway.MyIGW",
            "module.network.aws_lb.busybee-ALB",
            "module.network.aws_lb_listener.busybee-Listener",
            "module.network.aws_lb_target_group.busybee-TG",
            "module.network.aws_subnet.appA",
            "module.network.aws_subnet.appB",
            "module.network.aws_subnet.appC",
            "module.network.aws_subnet.publicA",
            "module.network.aws_subnet.publicB",
            "module.network.aws_subnet.publicC",
            "module.network.aws_vpc.main",
            "module.security.aws_iam_role.codeBuildServiceRole",
            "module.security.aws_iam_role.codeDeployServiceRole",
            "module.security.aws_iam_role.codePipelineServiceRole",
            "module.security.aws_iam_role.ecsServiceRole",
            "module.security.aws_iam_role.ecsTaskRole",
            "module.security.aws_security_group.AlbSG",
            "module.security.aws_security_group.BastionSG",
            "module.security.aws_security_group.EcsSG",
            "module.security.aws_security_group.dbSG",
            "module.security.aws_security_group.db_access_sg",
            "module.security.data.aws_iam_policy_document.assume_by_codebuild",
            "module.security.data.aws_iam_policy_document.assume_by_codedeploy",
            "module.security.data.aws_iam_policy_document.assume_by_ecs",
            "module.security.data.aws_iam_policy_document.assume_by_pipeline",
            "module.storage.aws_s3_bucket.busybee-project-prod-build",
            "module.storage.random_string.prefix",
            "module.tools.aws_codebuild_project.busybeeProdBuild",
            "module.tools.aws_codedeploy_app.busybeeApp",
            "module.tools.aws_codedeploy_deployment_config.busybeeAppDeploymentConfig",
            "module.tools.aws_codedeploy_deployment_group.busybeeAppDeploymentGroup",
            "module.tools.data.aws_caller_identity.current"
          ]
        }
      ]
    }
  ]
}
